<?xml version="1.0" encoding="utf-8"?>
<Project ToolsVersion="4.0" xmlns="http://schemas.microsoft.com/developer/msbuild/2003">
  <ItemGroup>
    <ClCompile Include="TimeSpace.cpp" />
    <ClCompile Include="Level_0.cpp">
      <Filter>Level</Filter>
    </ClCompile>
    <ClCompile Include="..\glad.c">
      <Filter>Misc</Filter>
    </ClCompile>
    <ClCompile Include="..\FreeCamera.cpp">
      <Filter>Script</Filter>
    </ClCompile>
  </ItemGroup>
  <ItemGroup>
    <ClInclude Include="TimeSpace.h" />
    <ClInclude Include="Level_0.h">
      <Filter>Level</Filter>
    </ClInclude>
    <ClInclude Include="..\FreeCamera.h">
      <Filter>Script</Filter>
    </ClInclude>
  </ItemGroup>
  <ItemGroup>
    <Filter Include="Misc">
      <UniqueIdentifier>{fe6ff657-7fee-4798-8b5c-8538ca87fb93}</UniqueIdentifier>
    </Filter>
    <Filter Include="Script">
      <UniqueIdentifier>{0f58bf45-1601-4504-9370-10e9c2585acf}</UniqueIdentifier>
    </Filter>
    <Filter Include="Level">
      <UniqueIdentifier>{a073c428-a431-4123-9a59-710ed9bd015c}</UniqueIdentifier>
    </Filter>
  </ItemGroup>
</Project>