<?xml version="1.0" encoding="utf-8"?>
<Project ToolsVersion="4.0" xmlns="http://schemas.microsoft.com/developer/msbuild/2003">
  <ItemGroup>
    <ClCompile Include="DeferredShadingSpace.cpp" />
    <ClCompile Include="Level_0.cpp">
      <Filter>Level</Filter>
    </ClCompile>
    <ClCompile Include="..\FreeCamera.cpp">
      <Filter>Script</Filter>
    </ClCompile>
  </ItemGroup>
  <ItemGroup>
    <ClInclude Include="DeferredShadingSpace.h" />
    <ClInclude Include="Level_0.h">
      <Filter>Level</Filter>
    </ClInclude>
    <ClInclude Include="..\FreeCamera.h">
      <Filter>Script</Filter>
    </ClInclude>
  </ItemGroup>
  <ItemGroup>
    <Filter Include="Script">
      <UniqueIdentifier>{a9e8a59b-c00d-45a2-9461-68e035e4aaf5}</UniqueIdentifier>
    </Filter>
    <Filter Include="Level">
      <UniqueIdentifier>{acff53f9-08de-40ce-9138-cad69ebde9c3}</UniqueIdentifier>
    </Filter>
  </ItemGroup>
</Project>