<?xml version="1.0" encoding="utf-8"?>
<Project ToolsVersion="4.0" xmlns="http://schemas.microsoft.com/developer/msbuild/2003">
  <ItemGroup>
    <ClCompile Include="FrameBuffersSpace.cpp" />
    <ClCompile Include="level_0.cpp">
      <Filter>Level</Filter>
    </ClCompile>
    <ClCompile Include="..\FreeCamera.cpp">
      <Filter>Script</Filter>
    </ClCompile>
  </ItemGroup>
  <ItemGroup>
    <ClInclude Include="FrameBuffersSpace.h" />
    <ClInclude Include="level_0.h">
      <Filter>Level</Filter>
    </ClInclude>
    <ClInclude Include="..\FreeCamera.h">
      <Filter>Script</Filter>
    </ClInclude>
  </ItemGroup>
  <ItemGroup>
    <Filter Include="Level">
      <UniqueIdentifier>{969bc4a5-ff9e-46ff-864b-42cb09cbe173}</UniqueIdentifier>
    </Filter>
    <Filter Include="Script">
      <UniqueIdentifier>{1e790a98-ceaf-4cd6-9492-ec7a4c6d92d5}</UniqueIdentifier>
    </Filter>
  </ItemGroup>
</Project>