
Microsoft Visual Studio Solution File, Format Version 12.00
# Visual Studio 15
VisualStudioVersion = 15.0.27004.2002
MinimumVisualStudioVersion = 10.0.40219.1
Project("{8BC9CEB8-8B4A-11D0-8D11-00A0C91BC942}") = "EmptyProject", "EmptyProject\EmptyProject.vcxproj", "{35CA1086-DD27-4B39-A50A-33435D8FA18A}"
EndProject
Project("{8BC9CEB8-8B4A-11D0-8D11-00A0C91BC942}") = "AutoEngine", "AutoEngine\AutoEngine.vcxproj", "{9E213679-0D7E-4C49-976D-00E0E36976C5}"
EndProject
Project("{8BC9CEB8-8B4A-11D0-8D11-00A0C91BC942}") = "AutoEditor", "AutoEditor\AutoEditor.vcxproj", "{B12702AD-ABFB-343A-A199-8E24837244A3}"
EndProject
Project("{8BC9CEB8-8B4A-11D0-8D11-00A0C91BC942}") = "Sample_Texture", "SampleProject\Sample_Texture\Sample_Texture.vcxproj", "{67771349-34F0-43D2-BA7F-8D82A814102F}"
EndProject
Project("{2150E333-8FDC-42A3-9474-1A3956D46DE8}") = "Sample", "Sample", "{52E0FA85-2DFC-46E8-9863-59873D7D153F}"
EndProject
Project("{8BC9CEB8-8B4A-11D0-8D11-00A0C91BC942}") = "Sample_AntiAliasing", "SampleProject\Sample_AntiAliasing\Sample_AntiAliasing.vcxproj", "{2211E484-0666-43DC-BBD5-AA8B8EEF76D1}"
EndProject
Project("{8BC9CEB8-8B4A-11D0-8D11-00A0C91BC942}") = "Sample_Bloom", "SampleProject\Sample_Bloom\Sample_Bloom.vcxproj", "{8DAD8F75-B5A1-4E9D-85A8-7A4E71123931}"
EndProject
Project("{8BC9CEB8-8B4A-11D0-8D11-00A0C91BC942}") = "Sample_Debug", "SampleProject\Sample_Debug\Sample_Debug.vcxproj", "{AEACB036-67CA-463E-850C-32FB1B4A2AF0}"
EndProject
Project("{8BC9CEB8-8B4A-11D0-8D11-00A0C91BC942}") = "Sample_DeferredShading", "SampleProject\Sample_DeferredShading\Sample_DeferredShading.vcxproj", "{33EBC4EC-5BE2-4C9D-8AB5-5484EDD7E187}"
EndProject
Project("{8BC9CEB8-8B4A-11D0-8D11-00A0C91BC942}") = "Sample_DepthTest", "SampleProject\Sample_DepthTest\Sample_DepthTest.vcxproj", "{481B99D8-35BF-4D79-95B4-FF2C6C416289}"
EndProject
Project("{8BC9CEB8-8B4A-11D0-8D11-00A0C91BC942}") = "Sample_FrameBuffers", "SampleProject\Sample_FrameBuffers\Sample_FrameBuffers.vcxproj", "{052E8E6D-656E-45B1-9574-ABEC3F749638}"
EndProject
Project("{8BC9CEB8-8B4A-11D0-8D11-00A0C91BC942}") = "Sample_HDR", "SampleProject\Sample_HDR\Sample_HDR.vcxproj", "{4C1E67B6-D1EE-45B2-9ABF-F4F34C87652B}"
EndProject
Project("{8BC9CEB8-8B4A-11D0-8D11-00A0C91BC942}") = "Sample_MassInstantiation", "SampleProject\Sample_MassInstantiation\Sample_MassInstantiation.vcxproj", "{4CA359A1-9887-47C6-BFED-453111455A47}"
EndProject
Project("{8BC9CEB8-8B4A-11D0-8D11-00A0C91BC942}") = "Sample_MoreCamera", "SampleProject\Sample_MoreCamera\Sample_MoreCamera.vcxproj", "{9326E6D5-4E8A-443F-93A9-F50BC0DE2F97}"
EndProject
Project("{8BC9CEB8-8B4A-11D0-8D11-00A0C91BC942}") = "Sample_MultLights", "SampleProject\Sample_MultLights\Sample_MultLights.vcxproj", "{D58EFF8E-3449-45E1-BDF5-A685104745FB}"
EndProject
Project("{8BC9CEB8-8B4A-11D0-8D11-00A0C91BC942}") = "Sample_ParallaxMapping", "SampleProject\Sample_ParallaxMapping\Sample_ParallaxMapping.vcxproj", "{842DCA0E-D3F5-46EC-977A-AD3EB0EF2148}"
EndProject
Project("{8BC9CEB8-8B4A-11D0-8D11-00A0C91BC942}") = "Sample_Shadow", "SampleProject\Sample_Shadow\Sample_Shadow.vcxproj", "{49FB5ABA-A0D4-437C-9DC0-2D289D0580A2}"
EndProject
Project("{8BC9CEB8-8B4A-11D0-8D11-00A0C91BC942}") = "Sample_SkyBox", "SampleProject\Sample_SkyBox\Sample_SkyBox.vcxproj", "{0AAF4D09-78F1-4C27-881E-51F76416BC42}"
EndProject
Project("{8BC9CEB8-8B4A-11D0-8D11-00A0C91BC942}") = "Sample_SSAO", "SampleProject\Sample_SSAO\Sample_SSAO.vcxproj", "{187E9435-BC39-48B8-86F1-D2BD2C94E48D}"
EndProject
Project("{8BC9CEB8-8B4A-11D0-8D11-00A0C91BC942}") = "Sample_StencilTest", "SampleProject\Sample_StencilTest\Sample_StencilTest.vcxproj", "{BC62F3FE-1654-4576-819E-6B71AE2F84F0}"
EndProject
Project("{8BC9CEB8-8B4A-11D0-8D11-00A0C91BC942}") = "Sample_VertexExplode", "SampleProject\Sample_VertexExplode\Sample_VertexExplode.vcxproj", "{188520C2-A5C5-4106-B07D-E77D1C869D28}"
EndProject
Project("{8BC9CEB8-8B4A-11D0-8D11-00A0C91BC942}") = "Sample_PBR", "SampleProject\Sample_PBR\Sample_PBR.vcxproj", "{D2DFA50B-66D7-45BA-A359-6E9700DE58A0}"
EndProject
Project("{8BC9CEB8-8B4A-11D0-8D11-00A0C91BC942}") = "Sample_Time", "SampleProject\Sample_Time\Sample_Time.vcxproj", "{2255A3EF-2621-4C2C-A021-2B43A90C9D23}"
EndProject
Project("{8BC9CEB8-8B4A-11D0-8D11-00A0C91BC942}") = "Sample_Audio", "SampleProject\Sample_Audio\Sample_Audio.vcxproj", "{31807635-4394-4712-8A1A-C1701B8FFCBC}"
EndProject
Project("{8BC9CEB8-8B4A-11D0-8D11-00A0C91BC942}") = "Sample_Physics2D", "SampleProject\Sample_Physics2D\Sample_Physics2D.vcxproj", "{DBC882FB-F9F5-425A-BDD0-392EA6451B5A}"
EndProject
Project("{8BC9CEB8-8B4A-11D0-8D11-00A0C91BC942}") = "Sample_Physics3D", "SampleProject\Sample_Physics3D\Sample_Physics3D.vcxproj", "{300EC26F-5C97-4EAB-B4D9-4DEB0FCE8C38}"
EndProject
Project("{8BC9CEB8-8B4A-11D0-8D11-00A0C91BC942}") = "Sample_UI", "SampleProject\Sample_UI\Sample_UI.vcxproj", "{851B3404-5565-485D-BEA8-2EFFDF85EC3E}"
EndProject
Global
	GlobalSection(SolutionConfigurationPlatforms) = preSolution
		Debug|x64 = Debug|x64
		Debug|x86 = Debug|x86
		Release|x64 = Release|x64
		Release|x86 = Release|x86
	EndGlobalSection
	GlobalSection(ProjectConfigurationPlatforms) = postSolution
		{35CA1086-DD27-4B39-A50A-33435D8FA18A}.Debug|x64.ActiveCfg = Debug|x64
		{35CA1086-DD27-4B39-A50A-33435D8FA18A}.Debug|x64.Build.0 = Debug|x64
		{35CA1086-DD27-4B39-A50A-33435D8FA18A}.Debug|x86.ActiveCfg = Debug|Win32
		{35CA1086-DD27-4B39-A50A-33435D8FA18A}.Debug|x86.Build.0 = Debug|Win32
		{35CA1086-DD27-4B39-A50A-33435D8FA18A}.Release|x64.ActiveCfg = Release|x64
		{35CA1086-DD27-4B39-A50A-33435D8FA18A}.Release|x64.Build.0 = Release|x64
		{35CA1086-DD27-4B39-A50A-33435D8FA18A}.Release|x86.ActiveCfg = Release|Win32
		{35CA1086-DD27-4B39-A50A-33435D8FA18A}.Release|x86.Build.0 = Release|Win32
		{9E213679-0D7E-4C49-976D-00E0E36976C5}.Debug|x64.ActiveCfg = Debug|x64
		{9E213679-0D7E-4C49-976D-00E0E36976C5}.Debug|x64.Build.0 = Debug|x64
		{9E213679-0D7E-4C49-976D-00E0E36976C5}.Debug|x86.ActiveCfg = Debug|Win32
		{9E213679-0D7E-4C49-976D-00E0E36976C5}.Debug|x86.Build.0 = Debug|Win32
		{9E213679-0D7E-4C49-976D-00E0E36976C5}.Release|x64.ActiveCfg = Release|x64
		{9E213679-0D7E-4C49-976D-00E0E36976C5}.Release|x64.Build.0 = Release|x64
		{9E213679-0D7E-4C49-976D-00E0E36976C5}.Release|x86.ActiveCfg = Release|Win32
		{9E213679-0D7E-4C49-976D-00E0E36976C5}.Release|x86.Build.0 = Release|Win32
		{B12702AD-ABFB-343A-A199-8E24837244A3}.Debug|x64.ActiveCfg = Debug|x64
		{B12702AD-ABFB-343A-A199-8E24837244A3}.Debug|x64.Build.0 = Debug|x64
		{B12702AD-ABFB-343A-A199-8E24837244A3}.Debug|x86.ActiveCfg = Debug|x64
		{B12702AD-ABFB-343A-A199-8E24837244A3}.Release|x64.ActiveCfg = Release|x64
		{B12702AD-ABFB-343A-A199-8E24837244A3}.Release|x64.Build.0 = Release|x64
		{B12702AD-ABFB-343A-A199-8E24837244A3}.Release|x86.ActiveCfg = Release|x64
		{67771349-34F0-43D2-BA7F-8D82A814102F}.Debug|x64.ActiveCfg = Debug|x64
		{67771349-34F0-43D2-BA7F-8D82A814102F}.Debug|x64.Build.0 = Debug|x64
		{67771349-34F0-43D2-BA7F-8D82A814102F}.Debug|x86.ActiveCfg = Debug|Win32
		{67771349-34F0-43D2-BA7F-8D82A814102F}.Debug|x86.Build.0 = Debug|Win32
		{67771349-34F0-43D2-BA7F-8D82A814102F}.Release|x64.ActiveCfg = Release|x64
		{67771349-34F0-43D2-BA7F-8D82A814102F}.Release|x64.Build.0 = Release|x64
		{67771349-34F0-43D2-BA7F-8D82A814102F}.Release|x86.ActiveCfg = Release|Win32
		{67771349-34F0-43D2-BA7F-8D82A814102F}.Release|x86.Build.0 = Release|Win32
		{2211E484-0666-43DC-BBD5-AA8B8EEF76D1}.Debug|x64.ActiveCfg = Debug|x64
		{2211E484-0666-43DC-BBD5-AA8B8EEF76D1}.Debug|x64.Build.0 = Debug|x64
		{2211E484-0666-43DC-BBD5-AA8B8EEF76D1}.Debug|x86.ActiveCfg = Debug|Win32
		{2211E484-0666-43DC-BBD5-AA8B8EEF76D1}.Debug|x86.Build.0 = Debug|Win32
		{2211E484-0666-43DC-BBD5-AA8B8EEF76D1}.Release|x64.ActiveCfg = Release|x64
		{2211E484-0666-43DC-BBD5-AA8B8EEF76D1}.Release|x64.Build.0 = Release|x64
		{2211E484-0666-43DC-BBD5-AA8B8EEF76D1}.Release|x86.ActiveCfg = Release|Win32
		{2211E484-0666-43DC-BBD5-AA8B8EEF76D1}.Release|x86.Build.0 = Release|Win32
		{8DAD8F75-B5A1-4E9D-85A8-7A4E71123931}.Debug|x64.ActiveCfg = Debug|x64
		{8DAD8F75-B5A1-4E9D-85A8-7A4E71123931}.Debug|x64.Build.0 = Debug|x64
		{8DAD8F75-B5A1-4E9D-85A8-7A4E71123931}.Debug|x86.ActiveCfg = Debug|Win32
		{8DAD8F75-B5A1-4E9D-85A8-7A4E71123931}.Debug|x86.Build.0 = Debug|Win32
		{8DAD8F75-B5A1-4E9D-85A8-7A4E71123931}.Release|x64.ActiveCfg = Release|x64
		{8DAD8F75-B5A1-4E9D-85A8-7A4E71123931}.Release|x64.Build.0 = Release|x64
		{8DAD8F75-B5A1-4E9D-85A8-7A4E71123931}.Release|x86.ActiveCfg = Release|Win32
		{8DAD8F75-B5A1-4E9D-85A8-7A4E71123931}.Release|x86.Build.0 = Release|Win32
		{AEACB036-67CA-463E-850C-32FB1B4A2AF0}.Debug|x64.ActiveCfg = Debug|x64
		{AEACB036-67CA-463E-850C-32FB1B4A2AF0}.Debug|x64.Build.0 = Debug|x64
		{AEACB036-67CA-463E-850C-32FB1B4A2AF0}.Debug|x86.ActiveCfg = Debug|Win32
		{AEACB036-67CA-463E-850C-32FB1B4A2AF0}.Debug|x86.Build.0 = Debug|Win32
		{AEACB036-67CA-463E-850C-32FB1B4A2AF0}.Release|x64.ActiveCfg = Release|x64
		{AEACB036-67CA-463E-850C-32FB1B4A2AF0}.Release|x64.Build.0 = Release|x64
		{AEACB036-67CA-463E-850C-32FB1B4A2AF0}.Release|x86.ActiveCfg = Release|Win32
		{AEACB036-67CA-463E-850C-32FB1B4A2AF0}.Release|x86.Build.0 = Release|Win32
		{33EBC4EC-5BE2-4C9D-8AB5-5484EDD7E187}.Debug|x64.ActiveCfg = Debug|x64
		{33EBC4EC-5BE2-4C9D-8AB5-5484EDD7E187}.Debug|x64.Build.0 = Debug|x64
		{33EBC4EC-5BE2-4C9D-8AB5-5484EDD7E187}.Debug|x86.ActiveCfg = Debug|Win32
		{33EBC4EC-5BE2-4C9D-8AB5-5484EDD7E187}.Debug|x86.Build.0 = Debug|Win32
		{33EBC4EC-5BE2-4C9D-8AB5-5484EDD7E187}.Release|x64.ActiveCfg = Release|x64
		{33EBC4EC-5BE2-4C9D-8AB5-5484EDD7E187}.Release|x64.Build.0 = Release|x64
		{33EBC4EC-5BE2-4C9D-8AB5-5484EDD7E187}.Release|x86.ActiveCfg = Release|Win32
		{33EBC4EC-5BE2-4C9D-8AB5-5484EDD7E187}.Release|x86.Build.0 = Release|Win32
		{481B99D8-35BF-4D79-95B4-FF2C6C416289}.Debug|x64.ActiveCfg = Debug|x64
		{481B99D8-35BF-4D79-95B4-FF2C6C416289}.Debug|x64.Build.0 = Debug|x64
		{481B99D8-35BF-4D79-95B4-FF2C6C416289}.Debug|x86.ActiveCfg = Debug|Win32
		{481B99D8-35BF-4D79-95B4-FF2C6C416289}.Debug|x86.Build.0 = Debug|Win32
		{481B99D8-35BF-4D79-95B4-FF2C6C416289}.Release|x64.ActiveCfg = Release|x64
		{481B99D8-35BF-4D79-95B4-FF2C6C416289}.Release|x64.Build.0 = Release|x64
		{481B99D8-35BF-4D79-95B4-FF2C6C416289}.Release|x86.ActiveCfg = Release|Win32
		{481B99D8-35BF-4D79-95B4-FF2C6C416289}.Release|x86.Build.0 = Release|Win32
		{052E8E6D-656E-45B1-9574-ABEC3F749638}.Debug|x64.ActiveCfg = Debug|x64
		{052E8E6D-656E-45B1-9574-ABEC3F749638}.Debug|x64.Build.0 = Debug|x64
		{052E8E6D-656E-45B1-9574-ABEC3F749638}.Debug|x86.ActiveCfg = Debug|Win32
		{052E8E6D-656E-45B1-9574-ABEC3F749638}.Debug|x86.Build.0 = Debug|Win32
		{052E8E6D-656E-45B1-9574-ABEC3F749638}.Release|x64.ActiveCfg = Release|x64
		{052E8E6D-656E-45B1-9574-ABEC3F749638}.Release|x64.Build.0 = Release|x64
		{052E8E6D-656E-45B1-9574-ABEC3F749638}.Release|x86.ActiveCfg = Release|Win32
		{052E8E6D-656E-45B1-9574-ABEC3F749638}.Release|x86.Build.0 = Release|Win32
		{4C1E67B6-D1EE-45B2-9ABF-F4F34C87652B}.Debug|x64.ActiveCfg = Debug|x64
		{4C1E67B6-D1EE-45B2-9ABF-F4F34C87652B}.Debug|x64.Build.0 = Debug|x64
		{4C1E67B6-D1EE-45B2-9ABF-F4F34C87652B}.Debug|x86.ActiveCfg = Debug|Win32
		{4C1E67B6-D1EE-45B2-9ABF-F4F34C87652B}.Debug|x86.Build.0 = Debug|Win32
		{4C1E67B6-D1EE-45B2-9ABF-F4F34C87652B}.Release|x64.ActiveCfg = Release|x64
		{4C1E67B6-D1EE-45B2-9ABF-F4F34C87652B}.Release|x64.Build.0 = Release|x64
		{4C1E67B6-D1EE-45B2-9ABF-F4F34C87652B}.Release|x86.ActiveCfg = Release|Win32
		{4C1E67B6-D1EE-45B2-9ABF-F4F34C87652B}.Release|x86.Build.0 = Release|Win32
		{4CA359A1-9887-47C6-BFED-453111455A47}.Debug|x64.ActiveCfg = Debug|x64
		{4CA359A1-9887-47C6-BFED-453111455A47}.Debug|x64.Build.0 = Debug|x64
		{4CA359A1-9887-47C6-BFED-453111455A47}.Debug|x86.ActiveCfg = Debug|Win32
		{4CA359A1-9887-47C6-BFED-453111455A47}.Debug|x86.Build.0 = Debug|Win32
		{4CA359A1-9887-47C6-BFED-453111455A47}.Release|x64.ActiveCfg = Release|x64
		{4CA359A1-9887-47C6-BFED-453111455A47}.Release|x64.Build.0 = Release|x64
		{4CA359A1-9887-47C6-BFED-453111455A47}.Release|x86.ActiveCfg = Release|Win32
		{4CA359A1-9887-47C6-BFED-453111455A47}.Release|x86.Build.0 = Release|Win32
		{9326E6D5-4E8A-443F-93A9-F50BC0DE2F97}.Debug|x64.ActiveCfg = Debug|x64
		{9326E6D5-4E8A-443F-93A9-F50BC0DE2F97}.Debug|x64.Build.0 = Debug|x64
		{9326E6D5-4E8A-443F-93A9-F50BC0DE2F97}.Debug|x86.ActiveCfg = Debug|Win32
		{9326E6D5-4E8A-443F-93A9-F50BC0DE2F97}.Debug|x86.Build.0 = Debug|Win32
		{9326E6D5-4E8A-443F-93A9-F50BC0DE2F97}.Release|x64.ActiveCfg = Release|x64
		{9326E6D5-4E8A-443F-93A9-F50BC0DE2F97}.Release|x64.Build.0 = Release|x64
		{9326E6D5-4E8A-443F-93A9-F50BC0DE2F97}.Release|x86.ActiveCfg = Release|Win32
		{9326E6D5-4E8A-443F-93A9-F50BC0DE2F97}.Release|x86.Build.0 = Release|Win32
		{D58EFF8E-3449-45E1-BDF5-A685104745FB}.Debug|x64.ActiveCfg = Debug|x64
		{D58EFF8E-3449-45E1-BDF5-A685104745FB}.Debug|x64.Build.0 = Debug|x64
		{D58EFF8E-3449-45E1-BDF5-A685104745FB}.Debug|x86.ActiveCfg = Debug|Win32
		{D58EFF8E-3449-45E1-BDF5-A685104745FB}.Debug|x86.Build.0 = Debug|Win32
		{D58EFF8E-3449-45E1-BDF5-A685104745FB}.Release|x64.ActiveCfg = Release|x64
		{D58EFF8E-3449-45E1-BDF5-A685104745FB}.Release|x64.Build.0 = Release|x64
		{D58EFF8E-3449-45E1-BDF5-A685104745FB}.Release|x86.ActiveCfg = Release|Win32
		{D58EFF8E-3449-45E1-BDF5-A685104745FB}.Release|x86.Build.0 = Release|Win32
		{842DCA0E-D3F5-46EC-977A-AD3EB0EF2148}.Debug|x64.ActiveCfg = Debug|x64
		{842DCA0E-D3F5-46EC-977A-AD3EB0EF2148}.Debug|x64.Build.0 = Debug|x64
		{842DCA0E-D3F5-46EC-977A-AD3EB0EF2148}.Debug|x86.ActiveCfg = Debug|Win32
		{842DCA0E-D3F5-46EC-977A-AD3EB0EF2148}.Debug|x86.Build.0 = Debug|Win32
		{842DCA0E-D3F5-46EC-977A-AD3EB0EF2148}.Release|x64.ActiveCfg = Release|x64
		{842DCA0E-D3F5-46EC-977A-AD3EB0EF2148}.Release|x64.Build.0 = Release|x64
		{842DCA0E-D3F5-46EC-977A-AD3EB0EF2148}.Release|x86.ActiveCfg = Release|Win32
		{842DCA0E-D3F5-46EC-977A-AD3EB0EF2148}.Release|x86.Build.0 = Release|Win32
		{49FB5ABA-A0D4-437C-9DC0-2D289D0580A2}.Debug|x64.ActiveCfg = Debug|x64
		{49FB5ABA-A0D4-437C-9DC0-2D289D0580A2}.Debug|x64.Build.0 = Debug|x64
		{49FB5ABA-A0D4-437C-9DC0-2D289D0580A2}.Debug|x86.ActiveCfg = Debug|Win32
		{49FB5ABA-A0D4-437C-9DC0-2D289D0580A2}.Debug|x86.Build.0 = Debug|Win32
		{49FB5ABA-A0D4-437C-9DC0-2D289D0580A2}.Release|x64.ActiveCfg = Release|x64
		{49FB5ABA-A0D4-437C-9DC0-2D289D0580A2}.Release|x64.Build.0 = Release|x64
		{49FB5ABA-A0D4-437C-9DC0-2D289D0580A2}.Release|x86.ActiveCfg = Release|Win32
		{49FB5ABA-A0D4-437C-9DC0-2D289D0580A2}.Release|x86.Build.0 = Release|Win32
		{0AAF4D09-78F1-4C27-881E-51F76416BC42}.Debug|x64.ActiveCfg = Debug|x64
		{0AAF4D09-78F1-4C27-881E-51F76416BC42}.Debug|x64.Build.0 = Debug|x64
		{0AAF4D09-78F1-4C27-881E-51F76416BC42}.Debug|x86.ActiveCfg = Debug|Win32
		{0AAF4D09-78F1-4C27-881E-51F76416BC42}.Debug|x86.Build.0 = Debug|Win32
		{0AAF4D09-78F1-4C27-881E-51F76416BC42}.Release|x64.ActiveCfg = Release|x64
		{0AAF4D09-78F1-4C27-881E-51F76416BC42}.Release|x64.Build.0 = Release|x64
		{0AAF4D09-78F1-4C27-881E-51F76416BC42}.Release|x86.ActiveCfg = Release|Win32
		{0AAF4D09-78F1-4C27-881E-51F76416BC42}.Release|x86.Build.0 = Release|Win32
		{187E9435-BC39-48B8-86F1-D2BD2C94E48D}.Debug|x64.ActiveCfg = Debug|x64
		{187E9435-BC39-48B8-86F1-D2BD2C94E48D}.Debug|x64.Build.0 = Debug|x64
		{187E9435-BC39-48B8-86F1-D2BD2C94E48D}.Debug|x86.ActiveCfg = Debug|Win32
		{187E9435-BC39-48B8-86F1-D2BD2C94E48D}.Debug|x86.Build.0 = Debug|Win32
		{187E9435-BC39-48B8-86F1-D2BD2C94E48D}.Release|x64.ActiveCfg = Release|x64
		{187E9435-BC39-48B8-86F1-D2BD2C94E48D}.Release|x64.Build.0 = Release|x64
		{187E9435-BC39-48B8-86F1-D2BD2C94E48D}.Release|x86.ActiveCfg = Release|Win32
		{187E9435-BC39-48B8-86F1-D2BD2C94E48D}.Release|x86.Build.0 = Release|Win32
		{BC62F3FE-1654-4576-819E-6B71AE2F84F0}.Debug|x64.ActiveCfg = Debug|x64
		{BC62F3FE-1654-4576-819E-6B71AE2F84F0}.Debug|x64.Build.0 = Debug|x64
		{BC62F3FE-1654-4576-819E-6B71AE2F84F0}.Debug|x86.ActiveCfg = Debug|Win32
		{BC62F3FE-1654-4576-819E-6B71AE2F84F0}.Debug|x86.Build.0 = Debug|Win32
		{BC62F3FE-1654-4576-819E-6B71AE2F84F0}.Release|x64.ActiveCfg = Release|x64
		{BC62F3FE-1654-4576-819E-6B71AE2F84F0}.Release|x64.Build.0 = Release|x64
		{BC62F3FE-1654-4576-819E-6B71AE2F84F0}.Release|x86.ActiveCfg = Release|Win32
		{BC62F3FE-1654-4576-819E-6B71AE2F84F0}.Release|x86.Build.0 = Release|Win32
		{188520C2-A5C5-4106-B07D-E77D1C869D28}.Debug|x64.ActiveCfg = Debug|x64
		{188520C2-A5C5-4106-B07D-E77D1C869D28}.Debug|x64.Build.0 = Debug|x64
		{188520C2-A5C5-4106-B07D-E77D1C869D28}.Debug|x86.ActiveCfg = Debug|Win32
		{188520C2-A5C5-4106-B07D-E77D1C869D28}.Debug|x86.Build.0 = Debug|Win32
		{188520C2-A5C5-4106-B07D-E77D1C869D28}.Release|x64.ActiveCfg = Release|x64
		{188520C2-A5C5-4106-B07D-E77D1C869D28}.Release|x64.Build.0 = Release|x64
		{188520C2-A5C5-4106-B07D-E77D1C869D28}.Release|x86.ActiveCfg = Release|Win32
		{188520C2-A5C5-4106-B07D-E77D1C869D28}.Release|x86.Build.0 = Release|Win32
		{D2DFA50B-66D7-45BA-A359-6E9700DE58A0}.Debug|x64.ActiveCfg = Debug|x64
		{D2DFA50B-66D7-45BA-A359-6E9700DE58A0}.Debug|x64.Build.0 = Debug|x64
		{D2DFA50B-66D7-45BA-A359-6E9700DE58A0}.Debug|x86.ActiveCfg = Debug|Win32
		{D2DFA50B-66D7-45BA-A359-6E9700DE58A0}.Debug|x86.Build.0 = Debug|Win32
		{D2DFA50B-66D7-45BA-A359-6E9700DE58A0}.Release|x64.ActiveCfg = Release|x64
		{D2DFA50B-66D7-45BA-A359-6E9700DE58A0}.Release|x64.Build.0 = Release|x64
		{D2DFA50B-66D7-45BA-A359-6E9700DE58A0}.Release|x86.ActiveCfg = Release|Win32
		{D2DFA50B-66D7-45BA-A359-6E9700DE58A0}.Release|x86.Build.0 = Release|Win32
		{2255A3EF-2621-4C2C-A021-2B43A90C9D23}.Debug|x64.ActiveCfg = Debug|x64
		{2255A3EF-2621-4C2C-A021-2B43A90C9D23}.Debug|x64.Build.0 = Debug|x64
		{2255A3EF-2621-4C2C-A021-2B43A90C9D23}.Debug|x86.ActiveCfg = Debug|Win32
		{2255A3EF-2621-4C2C-A021-2B43A90C9D23}.Debug|x86.Build.0 = Debug|Win32
		{2255A3EF-2621-4C2C-A021-2B43A90C9D23}.Release|x64.ActiveCfg = Release|x64
		{2255A3EF-2621-4C2C-A021-2B43A90C9D23}.Release|x64.Build.0 = Release|x64
		{2255A3EF-2621-4C2C-A021-2B43A90C9D23}.Release|x86.ActiveCfg = Release|Win32
		{2255A3EF-2621-4C2C-A021-2B43A90C9D23}.Release|x86.Build.0 = Release|Win32
		{31807635-4394-4712-8A1A-C1701B8FFCBC}.Debug|x64.ActiveCfg = Debug|x64
		{31807635-4394-4712-8A1A-C1701B8FFCBC}.Debug|x64.Build.0 = Debug|x64
		{31807635-4394-4712-8A1A-C1701B8FFCBC}.Debug|x86.ActiveCfg = Debug|Win32
		{31807635-4394-4712-8A1A-C1701B8FFCBC}.Debug|x86.Build.0 = Debug|Win32
		{31807635-4394-4712-8A1A-C1701B8FFCBC}.Release|x64.ActiveCfg = Release|x64
		{31807635-4394-4712-8A1A-C1701B8FFCBC}.Release|x64.Build.0 = Release|x64
		{31807635-4394-4712-8A1A-C1701B8FFCBC}.Release|x86.ActiveCfg = Release|Win32
		{31807635-4394-4712-8A1A-C1701B8FFCBC}.Release|x86.Build.0 = Release|Win32
		{DBC882FB-F9F5-425A-BDD0-392EA6451B5A}.Debug|x64.ActiveCfg = Debug|x64
		{DBC882FB-F9F5-425A-BDD0-392EA6451B5A}.Debug|x64.Build.0 = Debug|x64
		{DBC882FB-F9F5-425A-BDD0-392EA6451B5A}.Debug|x86.ActiveCfg = Debug|Win32
		{DBC882FB-F9F5-425A-BDD0-392EA6451B5A}.Debug|x86.Build.0 = Debug|Win32
		{DBC882FB-F9F5-425A-BDD0-392EA6451B5A}.Release|x64.ActiveCfg = Release|x64
		{DBC882FB-F9F5-425A-BDD0-392EA6451B5A}.Release|x64.Build.0 = Release|x64
		{DBC882FB-F9F5-425A-BDD0-392EA6451B5A}.Release|x86.ActiveCfg = Release|Win32
		{DBC882FB-F9F5-425A-BDD0-392EA6451B5A}.Release|x86.Build.0 = Release|Win32
		{300EC26F-5C97-4EAB-B4D9-4DEB0FCE8C38}.Debug|x64.ActiveCfg = Debug|x64
		{300EC26F-5C97-4EAB-B4D9-4DEB0FCE8C38}.Debug|x64.Build.0 = Debug|x64
		{300EC26F-5C97-4EAB-B4D9-4DEB0FCE8C38}.Debug|x86.ActiveCfg = Debug|Win32
		{300EC26F-5C97-4EAB-B4D9-4DEB0FCE8C38}.Debug|x86.Build.0 = Debug|Win32
		{300EC26F-5C97-4EAB-B4D9-4DEB0FCE8C38}.Release|x64.ActiveCfg = Release|x64
		{300EC26F-5C97-4EAB-B4D9-4DEB0FCE8C38}.Release|x64.Build.0 = Release|x64
		{300EC26F-5C97-4EAB-B4D9-4DEB0FCE8C38}.Release|x86.ActiveCfg = Release|Win32
		{300EC26F-5C97-4EAB-B4D9-4DEB0FCE8C38}.Release|x86.Build.0 = Release|Win32
		{851B3404-5565-485D-BEA8-2EFFDF85EC3E}.Debug|x64.ActiveCfg = Debug|x64
		{851B3404-5565-485D-BEA8-2EFFDF85EC3E}.Debug|x64.Build.0 = Debug|x64
		{851B3404-5565-485D-BEA8-2EFFDF85EC3E}.Debug|x86.ActiveCfg = Debug|Win32
		{851B3404-5565-485D-BEA8-2EFFDF85EC3E}.Debug|x86.Build.0 = Debug|Win32
		{851B3404-5565-485D-BEA8-2EFFDF85EC3E}.Release|x64.ActiveCfg = Release|x64
		{851B3404-5565-485D-BEA8-2EFFDF85EC3E}.Release|x64.Build.0 = Release|x64
		{851B3404-5565-485D-BEA8-2EFFDF85EC3E}.Release|x86.ActiveCfg = Release|Win32
		{851B3404-5565-485D-BEA8-2EFFDF85EC3E}.Release|x86.Build.0 = Release|Win32
	EndGlobalSection
	GlobalSection(SolutionProperties) = preSolution
		HideSolutionNode = FALSE
	EndGlobalSection
	GlobalSection(NestedProjects) = preSolution
		{67771349-34F0-43D2-BA7F-8D82A814102F} = {52E0FA85-2DFC-46E8-9863-59873D7D153F}
		{2211E484-0666-43DC-BBD5-AA8B8EEF76D1} = {52E0FA85-2DFC-46E8-9863-59873D7D153F}
		{8DAD8F75-B5A1-4E9D-85A8-7A4E71123931} = {52E0FA85-2DFC-46E8-9863-59873D7D153F}
		{AEACB036-67CA-463E-850C-32FB1B4A2AF0} = {52E0FA85-2DFC-46E8-9863-59873D7D153F}
		{33EBC4EC-5BE2-4C9D-8AB5-5484EDD7E187} = {52E0FA85-2DFC-46E8-9863-59873D7D153F}
		{481B99D8-35BF-4D79-95B4-FF2C6C416289} = {52E0FA85-2DFC-46E8-9863-59873D7D153F}
		{052E8E6D-656E-45B1-9574-ABEC3F749638} = {52E0FA85-2DFC-46E8-9863-59873D7D153F}
		{4C1E67B6-D1EE-45B2-9ABF-F4F34C87652B} = {52E0FA85-2DFC-46E8-9863-59873D7D153F}
		{4CA359A1-9887-47C6-BFED-453111455A47} = {52E0FA85-2DFC-46E8-9863-59873D7D153F}
		{9326E6D5-4E8A-443F-93A9-F50BC0DE2F97} = {52E0FA85-2DFC-46E8-9863-59873D7D153F}
		{D58EFF8E-3449-45E1-BDF5-A685104745FB} = {52E0FA85-2DFC-46E8-9863-59873D7D153F}
		{842DCA0E-D3F5-46EC-977A-AD3EB0EF2148} = {52E0FA85-2DFC-46E8-9863-59873D7D153F}
		{49FB5ABA-A0D4-437C-9DC0-2D289D0580A2} = {52E0FA85-2DFC-46E8-9863-59873D7D153F}
		{0AAF4D09-78F1-4C27-881E-51F76416BC42} = {52E0FA85-2DFC-46E8-9863-59873D7D153F}
		{187E9435-BC39-48B8-86F1-D2BD2C94E48D} = {52E0FA85-2DFC-46E8-9863-59873D7D153F}
		{BC62F3FE-1654-4576-819E-6B71AE2F84F0} = {52E0FA85-2DFC-46E8-9863-59873D7D153F}
		{188520C2-A5C5-4106-B07D-E77D1C869D28} = {52E0FA85-2DFC-46E8-9863-59873D7D153F}
		{D2DFA50B-66D7-45BA-A359-6E9700DE58A0} = {52E0FA85-2DFC-46E8-9863-59873D7D153F}
		{2255A3EF-2621-4C2C-A021-2B43A90C9D23} = {52E0FA85-2DFC-46E8-9863-59873D7D153F}
		{31807635-4394-4712-8A1A-C1701B8FFCBC} = {52E0FA85-2DFC-46E8-9863-59873D7D153F}
		{DBC882FB-F9F5-425A-BDD0-392EA6451B5A} = {52E0FA85-2DFC-46E8-9863-59873D7D153F}
		{300EC26F-5C97-4EAB-B4D9-4DEB0FCE8C38} = {52E0FA85-2DFC-46E8-9863-59873D7D153F}
		{851B3404-5565-485D-BEA8-2EFFDF85EC3E} = {52E0FA85-2DFC-46E8-9863-59873D7D153F}
	EndGlobalSection
	GlobalSection(ExtensibilityGlobals) = postSolution
		SolutionGuid = {29098642-ACEA-4447-8AAA-5DDC9AF78570}
	EndGlobalSection
EndGlobal
