
Microsoft Visual Studio Solution File, Format Version 12.00
# Visual Studio 15
VisualStudioVersion = 15.0.27004.2002
MinimumVisualStudioVersion = 10.0.40219.1
Project("{8BC9CEB8-8B4A-11D0-8D11-00A0C91BC942}") = "EmptyProject", "EmptyProject\EmptyProject.vcxproj", "{35CA1086-DD27-4B39-A50A-33435D8FA18A}"
EndProject
Project("{8BC9CEB8-8B4A-11D0-8D11-00A0C91BC942}") = "AutoEngine", "AutoEngine\AutoEngine.vcxproj", "{9E213679-0D7E-4C49-976D-00E0E36976C5}"
EndProject
Project("{8BC9CEB8-8B4A-11D0-8D11-00A0C91BC942}") = "AutoEditor", "AutoEditor\AutoEditor.vcxproj", "{B12702AD-ABFB-343A-A199-8E24837244A3}"
EndProject
Project("{8BC9CEB8-8B4A-11D0-8D11-00A0C91BC942}") = "Sample_Texture", "SampleProject\Sample_Texture\Sample_Texture.vcxproj", "{67771349-34F0-43D2-BA7F-8D82A814102F}"
EndProject
Project("{2150E333-8FDC-42A3-9474-1A3956D46DE8}") = "Sample", "Sample", "{52E0FA85-2DFC-46E8-9863-59873D7D153F}"
EndProject
Project("{8BC9CEB8-8B4A-11D0-8D11-00A0C91BC942}") = "Sample_AntiAliasing", "SampleProject\Sample_AntiAliasing\Sample_AntiAliasing.vcxproj", "{2211E484-0666-43DC-BBD5-AA8B8EEF76D1}"
EndProject
Project("{8BC9CEB8-8B4A-11D0-8D11-00A0C91BC942}") = "Sample_Bloom", "SampleProject\Sample_Bloom\Sample_Bloom.vcxproj", "{8DAD8F75-B5A1-4E9D-85A8-7A4E71123931}"
EndProject
Project("{8BC9CEB8-8B4A-11D0-8D11-00A0C91BC942}") = "Sample_Debug", "SampleProject\Sample_Debug\Sample_Debug.vcxproj", "{AEACB036-67CA-463E-850C-32FB1B4A2AF0}"
EndProject
Project("{8BC9CEB8-8B4A-11D0-8D11-00A0C91BC942}") = "Sample_DeferredShading", "SampleProject\Sample_DeferredShading\Sample_DeferredShading.vcxproj", "{33EBC4EC-5BE2-4C9D-8AB5-5484EDD7E187}"
EndProject
Project("{8BC9CEB8-8B4A-11D0-8D11-00A0C91BC942}") = "Sample_DepthTest", "SampleProject\Sample_DepthTest\Sample_DepthTest.vcxproj", "{481B99D8-35BF-4D79-95B4-FF2C6C416289}"
EndProject
Project("{8BC9CEB8-8B4A-11D0-8D11-00A0C91BC942}") = "Sample_HDR", "SampleProject\Sample_HDR\Sample_HDR.vcxproj", "{4C1E67B6-D1EE-45B2-9ABF-F4F34C87652B}"
EndProject
Project("{8BC9CEB8-8B4A-11D0-8D11-00A0C91BC942}") = "Sample_MassInstantiation", "SampleProject\Sample_MassInstantiation\Sample_MassInstantiation.vcxproj", "{4CA359A1-9887-47C6-BFED-453111455A47}"
EndProject
Project("{8BC9CEB8-8B4A-11D0-8D11-00A0C91BC942}") = "Sample_MoreCamera", "SampleProject\Sample_MoreCamera\Sample_MoreCamera.vcxproj", "{9326E6D5-4E8A-443F-93A9-F50BC0DE2F97}"
EndProject
Project("{8BC9CEB8-8B4A-11D0-8D11-00A0C91BC942}") = "Sample_MultLights", "SampleProject\Sample_MultLights\Sample_MultLights.vcxproj", "{D58EFF8E-3449-45E1-BDF5-A685104745FB}"
EndProject
Project("{8BC9CEB8-8B4A-11D0-8D11-00A0C91BC942}") = "Sample_ParallaxMapping", "SampleProject\Sample_ParallaxMapping\Sample_ParallaxMapping.vcxproj", "{842DCA0E-D3F5-46EC-977A-AD3EB0EF2148}"
EndProject
Project("{8BC9CEB8-8B4A-11D0-8D11-00A0C91BC942}") = "Sample_Shadow", "SampleProject\Sample_Shadow\Sample_Shadow.vcxproj", "{49FB5ABA-A0D4-437C-9DC0-2D289D0580A2}"
EndProject
Project("{8BC9CEB8-8B4A-11D0-8D11-00A0C91BC942}") = "Sample_SkyBox", "SampleProject\Sample_SkyBox\Sample_SkyBox.vcxproj", "{0AAF4D09-78F1-4C27-881E-51F76416BC42}"
EndProject
Project("{8BC9CEB8-8B4A-11D0-8D11-00A0C91BC942}") = "Sample_SSAO", "SampleProject\Sample_SSAO\Sample_SSAO.vcxproj", "{187E9435-BC39-48B8-86F1-D2BD2C94E48D}"
EndProject
Project("{8BC9CEB8-8B4A-11D0-8D11-00A0C91BC942}") = "Sample_StencilTest", "SampleProject\Sample_StencilTest\Sample_StencilTest.vcxproj", "{BC62F3FE-1654-4576-819E-6B71AE2F84F0}"
EndProject
Project("{8BC9CEB8-8B4A-11D0-8D11-00A0C91BC942}") = "Sample_VertexExplode", "SampleProject\Sample_VertexExplode\Sample_VertexExplode.vcxproj", "{188520C2-A5C5-4106-B07D-E77D1C869D28}"
EndProject
Project("{8BC9CEB8-8B4A-11D0-8D11-00A0C91BC942}") = "Sample_PBR", "SampleProject\Sample_PBR\Sample_PBR.vcxproj", "{D2DFA50B-66D7-45BA-A359-6E9700DE58A0}"
EndProject
Project("{8BC9CEB8-8B4A-11D0-8D11-00A0C91BC942}") = "Sample_Time", "SampleProject\Sample_Time\Sample_Time.vcxproj", "{2255A3EF-2621-4C2C-A021-2B43A90C9D23}"
EndProject
Project("{8BC9CEB8-8B4A-11D0-8D11-00A0C91BC942}") = "Sample_Audio", "SampleProject\Sample_Audio\Sample_Audio.vcxproj", "{31807635-4394-4712-8A1A-C1701B8FFCBC}"
EndProject
Project("{8BC9CEB8-8B4A-11D0-8D11-00A0C91BC942}") = "Sample_Physics2D", "SampleProject\Sample_Physics2D\Sample_Physics2D.vcxproj", "{DBC882FB-F9F5-425A-BDD0-392EA6451B5A}"
EndProject
Project("{8BC9CEB8-8B4A-11D0-8D11-00A0C91BC942}") = "Sample_Physics3D", "SampleProject\Sample_Physics3D\Sample_Physics3D.vcxproj", "{300EC26F-5C97-4EAB-B4D9-4DEB0FCE8C38}"
EndProject
Project("{8BC9CEB8-8B4A-11D0-8D11-00A0C91BC942}") = "Sample_UI", "SampleProject\Sample_UI\Sample_UI.vcxproj", "{851B3404-5565-485D-BEA8-2EFFDF85EC3E}"
EndProject
Project("{8BC9CEB8-8B4A-11D0-8D11-00A0C91BC942}") = "Sample_FileSystem", "SampleProject\Sample_FileSystem\Sample_FileSystem.vcxproj", "{2E0E43D0-64DB-40CE-8A30-087D9C195569}"
EndProject
Project("{2150E333-8FDC-42A3-9474-1A3956D46DE8}") = "ThridParty", "ThridParty", "{010AEB3B-E09C-420B-954F-1AE5446AC373}"
EndProject
Project("{8BC9CEB8-8B4A-11D0-8D11-00A0C91BC942}") = "LZ4", "AutoEngine\ThirdParty\LZ4\LZ4.vcxproj", "{2C24EF44-86D3-44D8-AD82-CD53037C0335}"
EndProject
Project("{8BC9CEB8-8B4A-11D0-8D11-00A0C91BC942}") = "Boost", "AutoEngine\ThirdParty\Boost\Boost.vcxproj", "{B2C2A033-D8DC-4338-94EA-048AE8626931}"
EndProject
Project("{8BC9CEB8-8B4A-11D0-8D11-00A0C91BC942}") = "Box2D", "AutoEngine\ThirdParty\Box2D\Box2D.vcxproj", "{E739918F-A0A6-4A71-9D22-339F254B7215}"
EndProject
Project("{8BC9CEB8-8B4A-11D0-8D11-00A0C91BC942}") = "Bullet", "AutoEngine\ThirdParty\Bullet\Bullet.vcxproj", "{790BE5D5-89A3-43BA-BE02-678B070C170F}"
EndProject
Project("{8BC9CEB8-8B4A-11D0-8D11-00A0C91BC942}") = "glad", "AutoEngine\ThirdParty\glad\glad.vcxproj", "{467A0594-1737-4199-BDAC-BDBCDA3FA24D}"
EndProject
Project("{8BC9CEB8-8B4A-11D0-8D11-00A0C91BC942}") = "KhSTL", "AutoEngine\ThirdParty\KhSTL\KhSTL.vcxproj", "{2D70113C-1FA0-4E63-993B-FBEED6D6133F}"
EndProject
Project("{8BC9CEB8-8B4A-11D0-8D11-00A0C91BC942}") = "glm", "AutoEngine\ThirdParty\glm\glm.vcxproj", "{02DD4B1A-39BB-48C3-AFB3-5A2812E69108}"
EndProject
Project("{8BC9CEB8-8B4A-11D0-8D11-00A0C91BC942}") = "zlib", "AutoEngine\ThirdParty\Assimp\contrib\zlib\zlib.vcxproj", "{5FCE8974-FC00-3DFF-8423-165B5E4970C6}"
EndProject
Project("{8BC9CEB8-8B4A-11D0-8D11-00A0C91BC942}") = "zlibstatic", "AutoEngine\ThirdParty\Assimp\contrib\zlib\zlibstatic.vcxproj", "{CE868C11-1A93-3F5A-A4E8-9E44DEA106CE}"
EndProject
Project("{8BC9CEB8-8B4A-11D0-8D11-00A0C91BC942}") = "assimp", "AutoEngine\ThirdParty\Assimp\code\assimp.vcxproj", "{A1150568-8320-3DBA-BB95-58CCB87DD563}"
EndProject
Project("{2150E333-8FDC-42A3-9474-1A3956D46DE8}") = "Assimp", "Assimp", "{F0EE976E-A2EA-4B31-9841-29E28717DCAB}"
EndProject
Project("{8BC9CEB8-8B4A-11D0-8D11-00A0C91BC942}") = "IrrXML", "AutoEngine\ThirdParty\Assimp\contrib\irrXML\IrrXML.vcxproj", "{AD149EDA-0C4B-3B12-B467-3B600B5B8A65}"
EndProject
Project("{8BC9CEB8-8B4A-11D0-8D11-00A0C91BC942}") = "STB", "AutoEngine\ThirdParty\STB\STB.vcxproj", "{F890B443-9CC2-4EBF-B59F-0828190B552F}"
EndProject
Project("{2150E333-8FDC-42A3-9474-1A3956D46DE8}") = "SDL", "SDL", "{812921A2-FA06-438C-8D7C-8D018440AAA9}"
EndProject
Project("{2150E333-8FDC-42A3-9474-1A3956D46DE8}") = "OpenAL", "OpenAL", "{D371252A-279A-4BD6-A9C1-C6E8CE544343}"
EndProject
Project("{8BC9CEB8-8B4A-11D0-8D11-00A0C91BC942}") = "OpenAL", "AutoEngine\ThirdParty\OpenAL\build\OpenAL.vcxproj", "{D7EA7E25-AE3D-3354-B34C-75BFCD39C4C6}"
EndProject
Project("{8BC9CEB8-8B4A-11D0-8D11-00A0C91BC942}") = "common", "AutoEngine\ThirdParty\OpenAL\build\common.vcxproj", "{7D2F401D-7AA0-37FD-A633-74E862D2284F}"
EndProject
Project("{8BC9CEB8-8B4A-11D0-8D11-00A0C91BC942}") = "native-tools", "AutoEngine\ThirdParty\OpenAL\build\native-tools.vcxproj", "{461EE012-50ED-3CB1-83AA-412309540784}"
EndProject
Project("{8BC9CEB8-8B4A-11D0-8D11-00A0C91BC942}") = "ZERO_CHECK", "AutoEngine\ThirdParty\OpenAL\build\ZERO_CHECK.vcxproj", "{94309597-D99E-39B5-B17B-495DBFB5E60C}"
EndProject
Project("{8BC9CEB8-8B4A-11D0-8D11-00A0C91BC942}") = "SDL2", "AutoEngine\ThirdParty\SDL\Build\SDL2.vcxproj", "{3F931D7F-6CCC-37E1-9112-DDCD1A43640A}"
EndProject
Project("{8BC9CEB8-8B4A-11D0-8D11-00A0C91BC942}") = "SDL2main", "AutoEngine\ThirdParty\SDL\Build\SDL2main.vcxproj", "{73824CFF-F908-3094-A67F-2D0012D5460F}"
EndProject
Project("{2150E333-8FDC-42A3-9474-1A3956D46DE8}") = "_Temp", "_Temp", "{1A97C8E3-CFED-45CC-9E67-5AEF414BAC67}"
EndProject
Project("{8BC9CEB8-8B4A-11D0-8D11-00A0C91BC942}") = "freetype", "AutoEngine\ThirdParty\FreeType2\build\freetype.vcxproj", "{056E59A9-5170-3885-99B9-E3E27C33134F}"
EndProject
Project("{8BC9CEB8-8B4A-11D0-8D11-00A0C91BC942}") = "Sample_FrameBuffers", "SampleProject\Sample_FrameBuffers\Sample_FrameBuffers.vcxproj", "{F619200B-FE1E-4CC9-8D0A-3A10AA42AD90}"
EndProject
Project("{8BC9CEB8-8B4A-11D0-8D11-00A0C91BC942}") = "Sample_Model", "SampleProject\Sample_Model\Sample_Model.vcxproj", "{2618F31F-D8CE-464C-99CA-46DE12FA7F82}"
EndProject
Project("{8BC9CEB8-8B4A-11D0-8D11-00A0C91BC942}") = "Sample_Texture2D", "SampleProject\Sample_Texture2D\Sample_Texture2D.vcxproj", "{042C8493-BBDE-4021-9865-E9DB86E14D37}"
EndProject
Project("{2150E333-8FDC-42A3-9474-1A3956D46DE8}") = "_Error", "_Error", "{047F672F-0E89-41EC-AAD2-FD783AB30AE6}"
EndProject
Global
	GlobalSection(SolutionConfigurationPlatforms) = preSolution
		Debug|x64 = Debug|x64
		Debug|x86 = Debug|x86
		MinSizeRel|x64 = MinSizeRel|x64
		MinSizeRel|x86 = MinSizeRel|x86
		Release|x64 = Release|x64
		Release|x86 = Release|x86
		RelWithDebInfo|x64 = RelWithDebInfo|x64
		RelWithDebInfo|x86 = RelWithDebInfo|x86
	EndGlobalSection
	GlobalSection(ProjectConfigurationPlatforms) = postSolution
		{35CA1086-DD27-4B39-A50A-33435D8FA18A}.Debug|x64.ActiveCfg = Debug|x64
		{35CA1086-DD27-4B39-A50A-33435D8FA18A}.Debug|x64.Build.0 = Debug|x64
		{35CA1086-DD27-4B39-A50A-33435D8FA18A}.Debug|x86.ActiveCfg = Debug|Win32
		{35CA1086-DD27-4B39-A50A-33435D8FA18A}.Debug|x86.Build.0 = Debug|Win32
		{35CA1086-DD27-4B39-A50A-33435D8FA18A}.MinSizeRel|x64.ActiveCfg = Release|x64
		{35CA1086-DD27-4B39-A50A-33435D8FA18A}.MinSizeRel|x64.Build.0 = Release|x64
		{35CA1086-DD27-4B39-A50A-33435D8FA18A}.MinSizeRel|x86.ActiveCfg = Release|Win32
		{35CA1086-DD27-4B39-A50A-33435D8FA18A}.MinSizeRel|x86.Build.0 = Release|Win32
		{35CA1086-DD27-4B39-A50A-33435D8FA18A}.Release|x64.ActiveCfg = Release|x64
		{35CA1086-DD27-4B39-A50A-33435D8FA18A}.Release|x64.Build.0 = Release|x64
		{35CA1086-DD27-4B39-A50A-33435D8FA18A}.Release|x86.ActiveCfg = Release|Win32
		{35CA1086-DD27-4B39-A50A-33435D8FA18A}.Release|x86.Build.0 = Release|Win32
		{35CA1086-DD27-4B39-A50A-33435D8FA18A}.RelWithDebInfo|x64.ActiveCfg = Release|x64
		{35CA1086-DD27-4B39-A50A-33435D8FA18A}.RelWithDebInfo|x64.Build.0 = Release|x64
		{35CA1086-DD27-4B39-A50A-33435D8FA18A}.RelWithDebInfo|x86.ActiveCfg = Release|Win32
		{35CA1086-DD27-4B39-A50A-33435D8FA18A}.RelWithDebInfo|x86.Build.0 = Release|Win32
		{9E213679-0D7E-4C49-976D-00E0E36976C5}.Debug|x64.ActiveCfg = Debug|x64
		{9E213679-0D7E-4C49-976D-00E0E36976C5}.Debug|x64.Build.0 = Debug|x64
		{9E213679-0D7E-4C49-976D-00E0E36976C5}.Debug|x86.ActiveCfg = Debug|Win32
		{9E213679-0D7E-4C49-976D-00E0E36976C5}.Debug|x86.Build.0 = Debug|Win32
		{9E213679-0D7E-4C49-976D-00E0E36976C5}.MinSizeRel|x64.ActiveCfg = Release|x64
		{9E213679-0D7E-4C49-976D-00E0E36976C5}.MinSizeRel|x64.Build.0 = Release|x64
		{9E213679-0D7E-4C49-976D-00E0E36976C5}.MinSizeRel|x86.ActiveCfg = Release|Win32
		{9E213679-0D7E-4C49-976D-00E0E36976C5}.MinSizeRel|x86.Build.0 = Release|Win32
		{9E213679-0D7E-4C49-976D-00E0E36976C5}.Release|x64.ActiveCfg = Release|x64
		{9E213679-0D7E-4C49-976D-00E0E36976C5}.Release|x64.Build.0 = Release|x64
		{9E213679-0D7E-4C49-976D-00E0E36976C5}.Release|x86.ActiveCfg = Release|Win32
		{9E213679-0D7E-4C49-976D-00E0E36976C5}.Release|x86.Build.0 = Release|Win32
		{9E213679-0D7E-4C49-976D-00E0E36976C5}.RelWithDebInfo|x64.ActiveCfg = Release|x64
		{9E213679-0D7E-4C49-976D-00E0E36976C5}.RelWithDebInfo|x64.Build.0 = Release|x64
		{9E213679-0D7E-4C49-976D-00E0E36976C5}.RelWithDebInfo|x86.ActiveCfg = Release|Win32
		{9E213679-0D7E-4C49-976D-00E0E36976C5}.RelWithDebInfo|x86.Build.0 = Release|Win32
		{B12702AD-ABFB-343A-A199-8E24837244A3}.Debug|x64.ActiveCfg = Debug|x64
		{B12702AD-ABFB-343A-A199-8E24837244A3}.Debug|x64.Build.0 = Debug|x64
		{B12702AD-ABFB-343A-A199-8E24837244A3}.Debug|x86.ActiveCfg = Debug|x64
		{B12702AD-ABFB-343A-A199-8E24837244A3}.MinSizeRel|x64.ActiveCfg = Release|x64
		{B12702AD-ABFB-343A-A199-8E24837244A3}.MinSizeRel|x64.Build.0 = Release|x64
		{B12702AD-ABFB-343A-A199-8E24837244A3}.MinSizeRel|x86.ActiveCfg = Release|x64
		{B12702AD-ABFB-343A-A199-8E24837244A3}.MinSizeRel|x86.Build.0 = Release|x64
		{B12702AD-ABFB-343A-A199-8E24837244A3}.Release|x64.ActiveCfg = Release|x64
		{B12702AD-ABFB-343A-A199-8E24837244A3}.Release|x64.Build.0 = Release|x64
		{B12702AD-ABFB-343A-A199-8E24837244A3}.Release|x86.ActiveCfg = Release|x64
		{B12702AD-ABFB-343A-A199-8E24837244A3}.RelWithDebInfo|x64.ActiveCfg = Release|x64
		{B12702AD-ABFB-343A-A199-8E24837244A3}.RelWithDebInfo|x64.Build.0 = Release|x64
		{B12702AD-ABFB-343A-A199-8E24837244A3}.RelWithDebInfo|x86.ActiveCfg = Release|x64
		{B12702AD-ABFB-343A-A199-8E24837244A3}.RelWithDebInfo|x86.Build.0 = Release|x64
		{67771349-34F0-43D2-BA7F-8D82A814102F}.Debug|x64.ActiveCfg = Debug|x64
		{67771349-34F0-43D2-BA7F-8D82A814102F}.Debug|x64.Build.0 = Debug|x64
		{67771349-34F0-43D2-BA7F-8D82A814102F}.Debug|x86.ActiveCfg = Debug|Win32
		{67771349-34F0-43D2-BA7F-8D82A814102F}.Debug|x86.Build.0 = Debug|Win32
		{67771349-34F0-43D2-BA7F-8D82A814102F}.MinSizeRel|x64.ActiveCfg = Release|x64
		{67771349-34F0-43D2-BA7F-8D82A814102F}.MinSizeRel|x64.Build.0 = Release|x64
		{67771349-34F0-43D2-BA7F-8D82A814102F}.MinSizeRel|x86.ActiveCfg = Release|Win32
		{67771349-34F0-43D2-BA7F-8D82A814102F}.MinSizeRel|x86.Build.0 = Release|Win32
		{67771349-34F0-43D2-BA7F-8D82A814102F}.Release|x64.ActiveCfg = Release|x64
		{67771349-34F0-43D2-BA7F-8D82A814102F}.Release|x64.Build.0 = Release|x64
		{67771349-34F0-43D2-BA7F-8D82A814102F}.Release|x86.ActiveCfg = Release|Win32
		{67771349-34F0-43D2-BA7F-8D82A814102F}.Release|x86.Build.0 = Release|Win32
		{67771349-34F0-43D2-BA7F-8D82A814102F}.RelWithDebInfo|x64.ActiveCfg = Release|x64
		{67771349-34F0-43D2-BA7F-8D82A814102F}.RelWithDebInfo|x64.Build.0 = Release|x64
		{67771349-34F0-43D2-BA7F-8D82A814102F}.RelWithDebInfo|x86.ActiveCfg = Release|Win32
		{67771349-34F0-43D2-BA7F-8D82A814102F}.RelWithDebInfo|x86.Build.0 = Release|Win32
		{2211E484-0666-43DC-BBD5-AA8B8EEF76D1}.Debug|x64.ActiveCfg = Debug|x64
		{2211E484-0666-43DC-BBD5-AA8B8EEF76D1}.Debug|x64.Build.0 = Debug|x64
		{2211E484-0666-43DC-BBD5-AA8B8EEF76D1}.Debug|x86.ActiveCfg = Debug|Win32
		{2211E484-0666-43DC-BBD5-AA8B8EEF76D1}.Debug|x86.Build.0 = Debug|Win32
		{2211E484-0666-43DC-BBD5-AA8B8EEF76D1}.MinSizeRel|x64.ActiveCfg = Release|x64
		{2211E484-0666-43DC-BBD5-AA8B8EEF76D1}.MinSizeRel|x64.Build.0 = Release|x64
		{2211E484-0666-43DC-BBD5-AA8B8EEF76D1}.MinSizeRel|x86.ActiveCfg = Release|Win32
		{2211E484-0666-43DC-BBD5-AA8B8EEF76D1}.MinSizeRel|x86.Build.0 = Release|Win32
		{2211E484-0666-43DC-BBD5-AA8B8EEF76D1}.Release|x64.ActiveCfg = Release|x64
		{2211E484-0666-43DC-BBD5-AA8B8EEF76D1}.Release|x64.Build.0 = Release|x64
		{2211E484-0666-43DC-BBD5-AA8B8EEF76D1}.Release|x86.ActiveCfg = Release|Win32
		{2211E484-0666-43DC-BBD5-AA8B8EEF76D1}.Release|x86.Build.0 = Release|Win32
		{2211E484-0666-43DC-BBD5-AA8B8EEF76D1}.RelWithDebInfo|x64.ActiveCfg = Release|x64
		{2211E484-0666-43DC-BBD5-AA8B8EEF76D1}.RelWithDebInfo|x64.Build.0 = Release|x64
		{2211E484-0666-43DC-BBD5-AA8B8EEF76D1}.RelWithDebInfo|x86.ActiveCfg = Release|Win32
		{2211E484-0666-43DC-BBD5-AA8B8EEF76D1}.RelWithDebInfo|x86.Build.0 = Release|Win32
		{8DAD8F75-B5A1-4E9D-85A8-7A4E71123931}.Debug|x64.ActiveCfg = Debug|x64
		{8DAD8F75-B5A1-4E9D-85A8-7A4E71123931}.Debug|x64.Build.0 = Debug|x64
		{8DAD8F75-B5A1-4E9D-85A8-7A4E71123931}.Debug|x86.ActiveCfg = Debug|Win32
		{8DAD8F75-B5A1-4E9D-85A8-7A4E71123931}.Debug|x86.Build.0 = Debug|Win32
		{8DAD8F75-B5A1-4E9D-85A8-7A4E71123931}.MinSizeRel|x64.ActiveCfg = Release|x64
		{8DAD8F75-B5A1-4E9D-85A8-7A4E71123931}.MinSizeRel|x64.Build.0 = Release|x64
		{8DAD8F75-B5A1-4E9D-85A8-7A4E71123931}.MinSizeRel|x86.ActiveCfg = Release|Win32
		{8DAD8F75-B5A1-4E9D-85A8-7A4E71123931}.MinSizeRel|x86.Build.0 = Release|Win32
		{8DAD8F75-B5A1-4E9D-85A8-7A4E71123931}.Release|x64.ActiveCfg = Release|x64
		{8DAD8F75-B5A1-4E9D-85A8-7A4E71123931}.Release|x64.Build.0 = Release|x64
		{8DAD8F75-B5A1-4E9D-85A8-7A4E71123931}.Release|x86.ActiveCfg = Release|Win32
		{8DAD8F75-B5A1-4E9D-85A8-7A4E71123931}.Release|x86.Build.0 = Release|Win32
		{8DAD8F75-B5A1-4E9D-85A8-7A4E71123931}.RelWithDebInfo|x64.ActiveCfg = Release|x64
		{8DAD8F75-B5A1-4E9D-85A8-7A4E71123931}.RelWithDebInfo|x64.Build.0 = Release|x64
		{8DAD8F75-B5A1-4E9D-85A8-7A4E71123931}.RelWithDebInfo|x86.ActiveCfg = Release|Win32
		{8DAD8F75-B5A1-4E9D-85A8-7A4E71123931}.RelWithDebInfo|x86.Build.0 = Release|Win32
		{AEACB036-67CA-463E-850C-32FB1B4A2AF0}.Debug|x64.ActiveCfg = Debug|x64
		{AEACB036-67CA-463E-850C-32FB1B4A2AF0}.Debug|x64.Build.0 = Debug|x64
		{AEACB036-67CA-463E-850C-32FB1B4A2AF0}.Debug|x86.ActiveCfg = Debug|Win32
		{AEACB036-67CA-463E-850C-32FB1B4A2AF0}.Debug|x86.Build.0 = Debug|Win32
		{AEACB036-67CA-463E-850C-32FB1B4A2AF0}.MinSizeRel|x64.ActiveCfg = Release|x64
		{AEACB036-67CA-463E-850C-32FB1B4A2AF0}.MinSizeRel|x64.Build.0 = Release|x64
		{AEACB036-67CA-463E-850C-32FB1B4A2AF0}.MinSizeRel|x86.ActiveCfg = Release|Win32
		{AEACB036-67CA-463E-850C-32FB1B4A2AF0}.MinSizeRel|x86.Build.0 = Release|Win32
		{AEACB036-67CA-463E-850C-32FB1B4A2AF0}.Release|x64.ActiveCfg = Release|x64
		{AEACB036-67CA-463E-850C-32FB1B4A2AF0}.Release|x64.Build.0 = Release|x64
		{AEACB036-67CA-463E-850C-32FB1B4A2AF0}.Release|x86.ActiveCfg = Release|Win32
		{AEACB036-67CA-463E-850C-32FB1B4A2AF0}.Release|x86.Build.0 = Release|Win32
		{AEACB036-67CA-463E-850C-32FB1B4A2AF0}.RelWithDebInfo|x64.ActiveCfg = Release|x64
		{AEACB036-67CA-463E-850C-32FB1B4A2AF0}.RelWithDebInfo|x64.Build.0 = Release|x64
		{AEACB036-67CA-463E-850C-32FB1B4A2AF0}.RelWithDebInfo|x86.ActiveCfg = Release|Win32
		{AEACB036-67CA-463E-850C-32FB1B4A2AF0}.RelWithDebInfo|x86.Build.0 = Release|Win32
		{33EBC4EC-5BE2-4C9D-8AB5-5484EDD7E187}.Debug|x64.ActiveCfg = Debug|x64
		{33EBC4EC-5BE2-4C9D-8AB5-5484EDD7E187}.Debug|x64.Build.0 = Debug|x64
		{33EBC4EC-5BE2-4C9D-8AB5-5484EDD7E187}.Debug|x86.ActiveCfg = Debug|Win32
		{33EBC4EC-5BE2-4C9D-8AB5-5484EDD7E187}.Debug|x86.Build.0 = Debug|Win32
		{33EBC4EC-5BE2-4C9D-8AB5-5484EDD7E187}.MinSizeRel|x64.ActiveCfg = Release|x64
		{33EBC4EC-5BE2-4C9D-8AB5-5484EDD7E187}.MinSizeRel|x64.Build.0 = Release|x64
		{33EBC4EC-5BE2-4C9D-8AB5-5484EDD7E187}.MinSizeRel|x86.ActiveCfg = Release|Win32
		{33EBC4EC-5BE2-4C9D-8AB5-5484EDD7E187}.MinSizeRel|x86.Build.0 = Release|Win32
		{33EBC4EC-5BE2-4C9D-8AB5-5484EDD7E187}.Release|x64.ActiveCfg = Release|x64
		{33EBC4EC-5BE2-4C9D-8AB5-5484EDD7E187}.Release|x64.Build.0 = Release|x64
		{33EBC4EC-5BE2-4C9D-8AB5-5484EDD7E187}.Release|x86.ActiveCfg = Release|Win32
		{33EBC4EC-5BE2-4C9D-8AB5-5484EDD7E187}.Release|x86.Build.0 = Release|Win32
		{33EBC4EC-5BE2-4C9D-8AB5-5484EDD7E187}.RelWithDebInfo|x64.ActiveCfg = Release|x64
		{33EBC4EC-5BE2-4C9D-8AB5-5484EDD7E187}.RelWithDebInfo|x64.Build.0 = Release|x64
		{33EBC4EC-5BE2-4C9D-8AB5-5484EDD7E187}.RelWithDebInfo|x86.ActiveCfg = Release|Win32
		{33EBC4EC-5BE2-4C9D-8AB5-5484EDD7E187}.RelWithDebInfo|x86.Build.0 = Release|Win32
		{481B99D8-35BF-4D79-95B4-FF2C6C416289}.Debug|x64.ActiveCfg = Debug|x64
		{481B99D8-35BF-4D79-95B4-FF2C6C416289}.Debug|x64.Build.0 = Debug|x64
		{481B99D8-35BF-4D79-95B4-FF2C6C416289}.Debug|x86.ActiveCfg = Debug|Win32
		{481B99D8-35BF-4D79-95B4-FF2C6C416289}.Debug|x86.Build.0 = Debug|Win32
		{481B99D8-35BF-4D79-95B4-FF2C6C416289}.MinSizeRel|x64.ActiveCfg = Release|x64
		{481B99D8-35BF-4D79-95B4-FF2C6C416289}.MinSizeRel|x64.Build.0 = Release|x64
		{481B99D8-35BF-4D79-95B4-FF2C6C416289}.MinSizeRel|x86.ActiveCfg = Release|Win32
		{481B99D8-35BF-4D79-95B4-FF2C6C416289}.MinSizeRel|x86.Build.0 = Release|Win32
		{481B99D8-35BF-4D79-95B4-FF2C6C416289}.Release|x64.ActiveCfg = Release|x64
		{481B99D8-35BF-4D79-95B4-FF2C6C416289}.Release|x64.Build.0 = Release|x64
		{481B99D8-35BF-4D79-95B4-FF2C6C416289}.Release|x86.ActiveCfg = Release|Win32
		{481B99D8-35BF-4D79-95B4-FF2C6C416289}.Release|x86.Build.0 = Release|Win32
		{481B99D8-35BF-4D79-95B4-FF2C6C416289}.RelWithDebInfo|x64.ActiveCfg = Release|x64
		{481B99D8-35BF-4D79-95B4-FF2C6C416289}.RelWithDebInfo|x64.Build.0 = Release|x64
		{481B99D8-35BF-4D79-95B4-FF2C6C416289}.RelWithDebInfo|x86.ActiveCfg = Release|Win32
		{481B99D8-35BF-4D79-95B4-FF2C6C416289}.RelWithDebInfo|x86.Build.0 = Release|Win32
		{4C1E67B6-D1EE-45B2-9ABF-F4F34C87652B}.Debug|x64.ActiveCfg = Debug|x64
		{4C1E67B6-D1EE-45B2-9ABF-F4F34C87652B}.Debug|x64.Build.0 = Debug|x64
		{4C1E67B6-D1EE-45B2-9ABF-F4F34C87652B}.Debug|x86.ActiveCfg = Debug|Win32
		{4C1E67B6-D1EE-45B2-9ABF-F4F34C87652B}.Debug|x86.Build.0 = Debug|Win32
		{4C1E67B6-D1EE-45B2-9ABF-F4F34C87652B}.MinSizeRel|x64.ActiveCfg = Release|x64
		{4C1E67B6-D1EE-45B2-9ABF-F4F34C87652B}.MinSizeRel|x64.Build.0 = Release|x64
		{4C1E67B6-D1EE-45B2-9ABF-F4F34C87652B}.MinSizeRel|x86.ActiveCfg = Release|Win32
		{4C1E67B6-D1EE-45B2-9ABF-F4F34C87652B}.MinSizeRel|x86.Build.0 = Release|Win32
		{4C1E67B6-D1EE-45B2-9ABF-F4F34C87652B}.Release|x64.ActiveCfg = Release|x64
		{4C1E67B6-D1EE-45B2-9ABF-F4F34C87652B}.Release|x64.Build.0 = Release|x64
		{4C1E67B6-D1EE-45B2-9ABF-F4F34C87652B}.Release|x86.ActiveCfg = Release|Win32
		{4C1E67B6-D1EE-45B2-9ABF-F4F34C87652B}.Release|x86.Build.0 = Release|Win32
		{4C1E67B6-D1EE-45B2-9ABF-F4F34C87652B}.RelWithDebInfo|x64.ActiveCfg = Release|x64
		{4C1E67B6-D1EE-45B2-9ABF-F4F34C87652B}.RelWithDebInfo|x64.Build.0 = Release|x64
		{4C1E67B6-D1EE-45B2-9ABF-F4F34C87652B}.RelWithDebInfo|x86.ActiveCfg = Release|Win32
		{4C1E67B6-D1EE-45B2-9ABF-F4F34C87652B}.RelWithDebInfo|x86.Build.0 = Release|Win32
		{4CA359A1-9887-47C6-BFED-453111455A47}.Debug|x64.ActiveCfg = Debug|x64
		{4CA359A1-9887-47C6-BFED-453111455A47}.Debug|x64.Build.0 = Debug|x64
		{4CA359A1-9887-47C6-BFED-453111455A47}.Debug|x86.ActiveCfg = Debug|Win32
		{4CA359A1-9887-47C6-BFED-453111455A47}.Debug|x86.Build.0 = Debug|Win32
		{4CA359A1-9887-47C6-BFED-453111455A47}.MinSizeRel|x64.ActiveCfg = Release|x64
		{4CA359A1-9887-47C6-BFED-453111455A47}.MinSizeRel|x64.Build.0 = Release|x64
		{4CA359A1-9887-47C6-BFED-453111455A47}.MinSizeRel|x86.ActiveCfg = Release|Win32
		{4CA359A1-9887-47C6-BFED-453111455A47}.MinSizeRel|x86.Build.0 = Release|Win32
		{4CA359A1-9887-47C6-BFED-453111455A47}.Release|x64.ActiveCfg = Release|x64
		{4CA359A1-9887-47C6-BFED-453111455A47}.Release|x64.Build.0 = Release|x64
		{4CA359A1-9887-47C6-BFED-453111455A47}.Release|x86.ActiveCfg = Release|Win32
		{4CA359A1-9887-47C6-BFED-453111455A47}.Release|x86.Build.0 = Release|Win32
		{4CA359A1-9887-47C6-BFED-453111455A47}.RelWithDebInfo|x64.ActiveCfg = Release|x64
		{4CA359A1-9887-47C6-BFED-453111455A47}.RelWithDebInfo|x64.Build.0 = Release|x64
		{4CA359A1-9887-47C6-BFED-453111455A47}.RelWithDebInfo|x86.ActiveCfg = Release|Win32
		{4CA359A1-9887-47C6-BFED-453111455A47}.RelWithDebInfo|x86.Build.0 = Release|Win32
		{9326E6D5-4E8A-443F-93A9-F50BC0DE2F97}.Debug|x64.ActiveCfg = Debug|x64
		{9326E6D5-4E8A-443F-93A9-F50BC0DE2F97}.Debug|x64.Build.0 = Debug|x64
		{9326E6D5-4E8A-443F-93A9-F50BC0DE2F97}.Debug|x86.ActiveCfg = Debug|Win32
		{9326E6D5-4E8A-443F-93A9-F50BC0DE2F97}.Debug|x86.Build.0 = Debug|Win32
		{9326E6D5-4E8A-443F-93A9-F50BC0DE2F97}.MinSizeRel|x64.ActiveCfg = Release|x64
		{9326E6D5-4E8A-443F-93A9-F50BC0DE2F97}.MinSizeRel|x64.Build.0 = Release|x64
		{9326E6D5-4E8A-443F-93A9-F50BC0DE2F97}.MinSizeRel|x86.ActiveCfg = Release|Win32
		{9326E6D5-4E8A-443F-93A9-F50BC0DE2F97}.MinSizeRel|x86.Build.0 = Release|Win32
		{9326E6D5-4E8A-443F-93A9-F50BC0DE2F97}.Release|x64.ActiveCfg = Release|x64
		{9326E6D5-4E8A-443F-93A9-F50BC0DE2F97}.Release|x64.Build.0 = Release|x64
		{9326E6D5-4E8A-443F-93A9-F50BC0DE2F97}.Release|x86.ActiveCfg = Release|Win32
		{9326E6D5-4E8A-443F-93A9-F50BC0DE2F97}.Release|x86.Build.0 = Release|Win32
		{9326E6D5-4E8A-443F-93A9-F50BC0DE2F97}.RelWithDebInfo|x64.ActiveCfg = Release|x64
		{9326E6D5-4E8A-443F-93A9-F50BC0DE2F97}.RelWithDebInfo|x64.Build.0 = Release|x64
		{9326E6D5-4E8A-443F-93A9-F50BC0DE2F97}.RelWithDebInfo|x86.ActiveCfg = Release|Win32
		{9326E6D5-4E8A-443F-93A9-F50BC0DE2F97}.RelWithDebInfo|x86.Build.0 = Release|Win32
		{D58EFF8E-3449-45E1-BDF5-A685104745FB}.Debug|x64.ActiveCfg = Debug|x64
		{D58EFF8E-3449-45E1-BDF5-A685104745FB}.Debug|x64.Build.0 = Debug|x64
		{D58EFF8E-3449-45E1-BDF5-A685104745FB}.Debug|x86.ActiveCfg = Debug|Win32
		{D58EFF8E-3449-45E1-BDF5-A685104745FB}.Debug|x86.Build.0 = Debug|Win32
		{D58EFF8E-3449-45E1-BDF5-A685104745FB}.MinSizeRel|x64.ActiveCfg = Release|x64
		{D58EFF8E-3449-45E1-BDF5-A685104745FB}.MinSizeRel|x64.Build.0 = Release|x64
		{D58EFF8E-3449-45E1-BDF5-A685104745FB}.MinSizeRel|x86.ActiveCfg = Release|Win32
		{D58EFF8E-3449-45E1-BDF5-A685104745FB}.MinSizeRel|x86.Build.0 = Release|Win32
		{D58EFF8E-3449-45E1-BDF5-A685104745FB}.Release|x64.ActiveCfg = Release|x64
		{D58EFF8E-3449-45E1-BDF5-A685104745FB}.Release|x64.Build.0 = Release|x64
		{D58EFF8E-3449-45E1-BDF5-A685104745FB}.Release|x86.ActiveCfg = Release|Win32
		{D58EFF8E-3449-45E1-BDF5-A685104745FB}.Release|x86.Build.0 = Release|Win32
		{D58EFF8E-3449-45E1-BDF5-A685104745FB}.RelWithDebInfo|x64.ActiveCfg = Release|x64
		{D58EFF8E-3449-45E1-BDF5-A685104745FB}.RelWithDebInfo|x64.Build.0 = Release|x64
		{D58EFF8E-3449-45E1-BDF5-A685104745FB}.RelWithDebInfo|x86.ActiveCfg = Release|Win32
		{D58EFF8E-3449-45E1-BDF5-A685104745FB}.RelWithDebInfo|x86.Build.0 = Release|Win32
		{842DCA0E-D3F5-46EC-977A-AD3EB0EF2148}.Debug|x64.ActiveCfg = Debug|x64
		{842DCA0E-D3F5-46EC-977A-AD3EB0EF2148}.Debug|x64.Build.0 = Debug|x64
		{842DCA0E-D3F5-46EC-977A-AD3EB0EF2148}.Debug|x86.ActiveCfg = Debug|Win32
		{842DCA0E-D3F5-46EC-977A-AD3EB0EF2148}.Debug|x86.Build.0 = Debug|Win32
		{842DCA0E-D3F5-46EC-977A-AD3EB0EF2148}.MinSizeRel|x64.ActiveCfg = Release|x64
		{842DCA0E-D3F5-46EC-977A-AD3EB0EF2148}.MinSizeRel|x64.Build.0 = Release|x64
		{842DCA0E-D3F5-46EC-977A-AD3EB0EF2148}.MinSizeRel|x86.ActiveCfg = Release|Win32
		{842DCA0E-D3F5-46EC-977A-AD3EB0EF2148}.MinSizeRel|x86.Build.0 = Release|Win32
		{842DCA0E-D3F5-46EC-977A-AD3EB0EF2148}.Release|x64.ActiveCfg = Release|x64
		{842DCA0E-D3F5-46EC-977A-AD3EB0EF2148}.Release|x64.Build.0 = Release|x64
		{842DCA0E-D3F5-46EC-977A-AD3EB0EF2148}.Release|x86.ActiveCfg = Release|Win32
		{842DCA0E-D3F5-46EC-977A-AD3EB0EF2148}.Release|x86.Build.0 = Release|Win32
		{842DCA0E-D3F5-46EC-977A-AD3EB0EF2148}.RelWithDebInfo|x64.ActiveCfg = Release|x64
		{842DCA0E-D3F5-46EC-977A-AD3EB0EF2148}.RelWithDebInfo|x64.Build.0 = Release|x64
		{842DCA0E-D3F5-46EC-977A-AD3EB0EF2148}.RelWithDebInfo|x86.ActiveCfg = Release|Win32
		{842DCA0E-D3F5-46EC-977A-AD3EB0EF2148}.RelWithDebInfo|x86.Build.0 = Release|Win32
		{49FB5ABA-A0D4-437C-9DC0-2D289D0580A2}.Debug|x64.ActiveCfg = Debug|x64
		{49FB5ABA-A0D4-437C-9DC0-2D289D0580A2}.Debug|x64.Build.0 = Debug|x64
		{49FB5ABA-A0D4-437C-9DC0-2D289D0580A2}.Debug|x86.ActiveCfg = Debug|Win32
		{49FB5ABA-A0D4-437C-9DC0-2D289D0580A2}.Debug|x86.Build.0 = Debug|Win32
		{49FB5ABA-A0D4-437C-9DC0-2D289D0580A2}.MinSizeRel|x64.ActiveCfg = Release|x64
		{49FB5ABA-A0D4-437C-9DC0-2D289D0580A2}.MinSizeRel|x64.Build.0 = Release|x64
		{49FB5ABA-A0D4-437C-9DC0-2D289D0580A2}.MinSizeRel|x86.ActiveCfg = Release|Win32
		{49FB5ABA-A0D4-437C-9DC0-2D289D0580A2}.MinSizeRel|x86.Build.0 = Release|Win32
		{49FB5ABA-A0D4-437C-9DC0-2D289D0580A2}.Release|x64.ActiveCfg = Release|x64
		{49FB5ABA-A0D4-437C-9DC0-2D289D0580A2}.Release|x64.Build.0 = Release|x64
		{49FB5ABA-A0D4-437C-9DC0-2D289D0580A2}.Release|x86.ActiveCfg = Release|Win32
		{49FB5ABA-A0D4-437C-9DC0-2D289D0580A2}.Release|x86.Build.0 = Release|Win32
		{49FB5ABA-A0D4-437C-9DC0-2D289D0580A2}.RelWithDebInfo|x64.ActiveCfg = Release|x64
		{49FB5ABA-A0D4-437C-9DC0-2D289D0580A2}.RelWithDebInfo|x64.Build.0 = Release|x64
		{49FB5ABA-A0D4-437C-9DC0-2D289D0580A2}.RelWithDebInfo|x86.ActiveCfg = Release|Win32
		{49FB5ABA-A0D4-437C-9DC0-2D289D0580A2}.RelWithDebInfo|x86.Build.0 = Release|Win32
		{0AAF4D09-78F1-4C27-881E-51F76416BC42}.Debug|x64.ActiveCfg = Debug|x64
		{0AAF4D09-78F1-4C27-881E-51F76416BC42}.Debug|x64.Build.0 = Debug|x64
		{0AAF4D09-78F1-4C27-881E-51F76416BC42}.Debug|x86.ActiveCfg = Debug|Win32
		{0AAF4D09-78F1-4C27-881E-51F76416BC42}.Debug|x86.Build.0 = Debug|Win32
		{0AAF4D09-78F1-4C27-881E-51F76416BC42}.MinSizeRel|x64.ActiveCfg = Release|x64
		{0AAF4D09-78F1-4C27-881E-51F76416BC42}.MinSizeRel|x64.Build.0 = Release|x64
		{0AAF4D09-78F1-4C27-881E-51F76416BC42}.MinSizeRel|x86.ActiveCfg = Release|Win32
		{0AAF4D09-78F1-4C27-881E-51F76416BC42}.MinSizeRel|x86.Build.0 = Release|Win32
		{0AAF4D09-78F1-4C27-881E-51F76416BC42}.Release|x64.ActiveCfg = Release|x64
		{0AAF4D09-78F1-4C27-881E-51F76416BC42}.Release|x64.Build.0 = Release|x64
		{0AAF4D09-78F1-4C27-881E-51F76416BC42}.Release|x86.ActiveCfg = Release|Win32
		{0AAF4D09-78F1-4C27-881E-51F76416BC42}.Release|x86.Build.0 = Release|Win32
		{0AAF4D09-78F1-4C27-881E-51F76416BC42}.RelWithDebInfo|x64.ActiveCfg = Release|x64
		{0AAF4D09-78F1-4C27-881E-51F76416BC42}.RelWithDebInfo|x64.Build.0 = Release|x64
		{0AAF4D09-78F1-4C27-881E-51F76416BC42}.RelWithDebInfo|x86.ActiveCfg = Release|Win32
		{0AAF4D09-78F1-4C27-881E-51F76416BC42}.RelWithDebInfo|x86.Build.0 = Release|Win32
		{187E9435-BC39-48B8-86F1-D2BD2C94E48D}.Debug|x64.ActiveCfg = Debug|x64
		{187E9435-BC39-48B8-86F1-D2BD2C94E48D}.Debug|x64.Build.0 = Debug|x64
		{187E9435-BC39-48B8-86F1-D2BD2C94E48D}.Debug|x86.ActiveCfg = Debug|Win32
		{187E9435-BC39-48B8-86F1-D2BD2C94E48D}.Debug|x86.Build.0 = Debug|Win32
		{187E9435-BC39-48B8-86F1-D2BD2C94E48D}.MinSizeRel|x64.ActiveCfg = Release|x64
		{187E9435-BC39-48B8-86F1-D2BD2C94E48D}.MinSizeRel|x64.Build.0 = Release|x64
		{187E9435-BC39-48B8-86F1-D2BD2C94E48D}.MinSizeRel|x86.ActiveCfg = Release|Win32
		{187E9435-BC39-48B8-86F1-D2BD2C94E48D}.MinSizeRel|x86.Build.0 = Release|Win32
		{187E9435-BC39-48B8-86F1-D2BD2C94E48D}.Release|x64.ActiveCfg = Release|x64
		{187E9435-BC39-48B8-86F1-D2BD2C94E48D}.Release|x64.Build.0 = Release|x64
		{187E9435-BC39-48B8-86F1-D2BD2C94E48D}.Release|x86.ActiveCfg = Release|Win32
		{187E9435-BC39-48B8-86F1-D2BD2C94E48D}.Release|x86.Build.0 = Release|Win32
		{187E9435-BC39-48B8-86F1-D2BD2C94E48D}.RelWithDebInfo|x64.ActiveCfg = Release|x64
		{187E9435-BC39-48B8-86F1-D2BD2C94E48D}.RelWithDebInfo|x64.Build.0 = Release|x64
		{187E9435-BC39-48B8-86F1-D2BD2C94E48D}.RelWithDebInfo|x86.ActiveCfg = Release|Win32
		{187E9435-BC39-48B8-86F1-D2BD2C94E48D}.RelWithDebInfo|x86.Build.0 = Release|Win32
		{BC62F3FE-1654-4576-819E-6B71AE2F84F0}.Debug|x64.ActiveCfg = Debug|x64
		{BC62F3FE-1654-4576-819E-6B71AE2F84F0}.Debug|x64.Build.0 = Debug|x64
		{BC62F3FE-1654-4576-819E-6B71AE2F84F0}.Debug|x86.ActiveCfg = Debug|Win32
		{BC62F3FE-1654-4576-819E-6B71AE2F84F0}.Debug|x86.Build.0 = Debug|Win32
		{BC62F3FE-1654-4576-819E-6B71AE2F84F0}.MinSizeRel|x64.ActiveCfg = Release|x64
		{BC62F3FE-1654-4576-819E-6B71AE2F84F0}.MinSizeRel|x64.Build.0 = Release|x64
		{BC62F3FE-1654-4576-819E-6B71AE2F84F0}.MinSizeRel|x86.ActiveCfg = Release|Win32
		{BC62F3FE-1654-4576-819E-6B71AE2F84F0}.MinSizeRel|x86.Build.0 = Release|Win32
		{BC62F3FE-1654-4576-819E-6B71AE2F84F0}.Release|x64.ActiveCfg = Release|x64
		{BC62F3FE-1654-4576-819E-6B71AE2F84F0}.Release|x64.Build.0 = Release|x64
		{BC62F3FE-1654-4576-819E-6B71AE2F84F0}.Release|x86.ActiveCfg = Release|Win32
		{BC62F3FE-1654-4576-819E-6B71AE2F84F0}.Release|x86.Build.0 = Release|Win32
		{BC62F3FE-1654-4576-819E-6B71AE2F84F0}.RelWithDebInfo|x64.ActiveCfg = Release|x64
		{BC62F3FE-1654-4576-819E-6B71AE2F84F0}.RelWithDebInfo|x64.Build.0 = Release|x64
		{BC62F3FE-1654-4576-819E-6B71AE2F84F0}.RelWithDebInfo|x86.ActiveCfg = Release|Win32
		{BC62F3FE-1654-4576-819E-6B71AE2F84F0}.RelWithDebInfo|x86.Build.0 = Release|Win32
		{188520C2-A5C5-4106-B07D-E77D1C869D28}.Debug|x64.ActiveCfg = Debug|x64
		{188520C2-A5C5-4106-B07D-E77D1C869D28}.Debug|x64.Build.0 = Debug|x64
		{188520C2-A5C5-4106-B07D-E77D1C869D28}.Debug|x86.ActiveCfg = Debug|Win32
		{188520C2-A5C5-4106-B07D-E77D1C869D28}.Debug|x86.Build.0 = Debug|Win32
		{188520C2-A5C5-4106-B07D-E77D1C869D28}.MinSizeRel|x64.ActiveCfg = Release|x64
		{188520C2-A5C5-4106-B07D-E77D1C869D28}.MinSizeRel|x64.Build.0 = Release|x64
		{188520C2-A5C5-4106-B07D-E77D1C869D28}.MinSizeRel|x86.ActiveCfg = Release|Win32
		{188520C2-A5C5-4106-B07D-E77D1C869D28}.MinSizeRel|x86.Build.0 = Release|Win32
		{188520C2-A5C5-4106-B07D-E77D1C869D28}.Release|x64.ActiveCfg = Release|x64
		{188520C2-A5C5-4106-B07D-E77D1C869D28}.Release|x64.Build.0 = Release|x64
		{188520C2-A5C5-4106-B07D-E77D1C869D28}.Release|x86.ActiveCfg = Release|Win32
		{188520C2-A5C5-4106-B07D-E77D1C869D28}.Release|x86.Build.0 = Release|Win32
		{188520C2-A5C5-4106-B07D-E77D1C869D28}.RelWithDebInfo|x64.ActiveCfg = Release|x64
		{188520C2-A5C5-4106-B07D-E77D1C869D28}.RelWithDebInfo|x64.Build.0 = Release|x64
		{188520C2-A5C5-4106-B07D-E77D1C869D28}.RelWithDebInfo|x86.ActiveCfg = Release|Win32
		{188520C2-A5C5-4106-B07D-E77D1C869D28}.RelWithDebInfo|x86.Build.0 = Release|Win32
		{D2DFA50B-66D7-45BA-A359-6E9700DE58A0}.Debug|x64.ActiveCfg = Debug|x64
		{D2DFA50B-66D7-45BA-A359-6E9700DE58A0}.Debug|x64.Build.0 = Debug|x64
		{D2DFA50B-66D7-45BA-A359-6E9700DE58A0}.Debug|x86.ActiveCfg = Debug|Win32
		{D2DFA50B-66D7-45BA-A359-6E9700DE58A0}.Debug|x86.Build.0 = Debug|Win32
		{D2DFA50B-66D7-45BA-A359-6E9700DE58A0}.MinSizeRel|x64.ActiveCfg = Release|x64
		{D2DFA50B-66D7-45BA-A359-6E9700DE58A0}.MinSizeRel|x64.Build.0 = Release|x64
		{D2DFA50B-66D7-45BA-A359-6E9700DE58A0}.MinSizeRel|x86.ActiveCfg = Release|Win32
		{D2DFA50B-66D7-45BA-A359-6E9700DE58A0}.MinSizeRel|x86.Build.0 = Release|Win32
		{D2DFA50B-66D7-45BA-A359-6E9700DE58A0}.Release|x64.ActiveCfg = Release|x64
		{D2DFA50B-66D7-45BA-A359-6E9700DE58A0}.Release|x64.Build.0 = Release|x64
		{D2DFA50B-66D7-45BA-A359-6E9700DE58A0}.Release|x86.ActiveCfg = Release|Win32
		{D2DFA50B-66D7-45BA-A359-6E9700DE58A0}.Release|x86.Build.0 = Release|Win32
		{D2DFA50B-66D7-45BA-A359-6E9700DE58A0}.RelWithDebInfo|x64.ActiveCfg = Release|x64
		{D2DFA50B-66D7-45BA-A359-6E9700DE58A0}.RelWithDebInfo|x64.Build.0 = Release|x64
		{D2DFA50B-66D7-45BA-A359-6E9700DE58A0}.RelWithDebInfo|x86.ActiveCfg = Release|Win32
		{D2DFA50B-66D7-45BA-A359-6E9700DE58A0}.RelWithDebInfo|x86.Build.0 = Release|Win32
		{2255A3EF-2621-4C2C-A021-2B43A90C9D23}.Debug|x64.ActiveCfg = Debug|x64
		{2255A3EF-2621-4C2C-A021-2B43A90C9D23}.Debug|x64.Build.0 = Debug|x64
		{2255A3EF-2621-4C2C-A021-2B43A90C9D23}.Debug|x86.ActiveCfg = Debug|Win32
		{2255A3EF-2621-4C2C-A021-2B43A90C9D23}.Debug|x86.Build.0 = Debug|Win32
		{2255A3EF-2621-4C2C-A021-2B43A90C9D23}.MinSizeRel|x64.ActiveCfg = Release|x64
		{2255A3EF-2621-4C2C-A021-2B43A90C9D23}.MinSizeRel|x64.Build.0 = Release|x64
		{2255A3EF-2621-4C2C-A021-2B43A90C9D23}.MinSizeRel|x86.ActiveCfg = Release|Win32
		{2255A3EF-2621-4C2C-A021-2B43A90C9D23}.MinSizeRel|x86.Build.0 = Release|Win32
		{2255A3EF-2621-4C2C-A021-2B43A90C9D23}.Release|x64.ActiveCfg = Release|x64
		{2255A3EF-2621-4C2C-A021-2B43A90C9D23}.Release|x64.Build.0 = Release|x64
		{2255A3EF-2621-4C2C-A021-2B43A90C9D23}.Release|x86.ActiveCfg = Release|Win32
		{2255A3EF-2621-4C2C-A021-2B43A90C9D23}.Release|x86.Build.0 = Release|Win32
		{2255A3EF-2621-4C2C-A021-2B43A90C9D23}.RelWithDebInfo|x64.ActiveCfg = Release|x64
		{2255A3EF-2621-4C2C-A021-2B43A90C9D23}.RelWithDebInfo|x64.Build.0 = Release|x64
		{2255A3EF-2621-4C2C-A021-2B43A90C9D23}.RelWithDebInfo|x86.ActiveCfg = Release|Win32
		{2255A3EF-2621-4C2C-A021-2B43A90C9D23}.RelWithDebInfo|x86.Build.0 = Release|Win32
		{31807635-4394-4712-8A1A-C1701B8FFCBC}.Debug|x64.ActiveCfg = Debug|x64
		{31807635-4394-4712-8A1A-C1701B8FFCBC}.Debug|x64.Build.0 = Debug|x64
		{31807635-4394-4712-8A1A-C1701B8FFCBC}.Debug|x86.ActiveCfg = Debug|Win32
		{31807635-4394-4712-8A1A-C1701B8FFCBC}.Debug|x86.Build.0 = Debug|Win32
		{31807635-4394-4712-8A1A-C1701B8FFCBC}.MinSizeRel|x64.ActiveCfg = Release|x64
		{31807635-4394-4712-8A1A-C1701B8FFCBC}.MinSizeRel|x64.Build.0 = Release|x64
		{31807635-4394-4712-8A1A-C1701B8FFCBC}.MinSizeRel|x86.ActiveCfg = Release|Win32
		{31807635-4394-4712-8A1A-C1701B8FFCBC}.MinSizeRel|x86.Build.0 = Release|Win32
		{31807635-4394-4712-8A1A-C1701B8FFCBC}.Release|x64.ActiveCfg = Release|x64
		{31807635-4394-4712-8A1A-C1701B8FFCBC}.Release|x64.Build.0 = Release|x64
		{31807635-4394-4712-8A1A-C1701B8FFCBC}.Release|x86.ActiveCfg = Release|Win32
		{31807635-4394-4712-8A1A-C1701B8FFCBC}.Release|x86.Build.0 = Release|Win32
		{31807635-4394-4712-8A1A-C1701B8FFCBC}.RelWithDebInfo|x64.ActiveCfg = Release|x64
		{31807635-4394-4712-8A1A-C1701B8FFCBC}.RelWithDebInfo|x64.Build.0 = Release|x64
		{31807635-4394-4712-8A1A-C1701B8FFCBC}.RelWithDebInfo|x86.ActiveCfg = Release|Win32
		{31807635-4394-4712-8A1A-C1701B8FFCBC}.RelWithDebInfo|x86.Build.0 = Release|Win32
		{DBC882FB-F9F5-425A-BDD0-392EA6451B5A}.Debug|x64.ActiveCfg = Debug|x64
		{DBC882FB-F9F5-425A-BDD0-392EA6451B5A}.Debug|x64.Build.0 = Debug|x64
		{DBC882FB-F9F5-425A-BDD0-392EA6451B5A}.Debug|x86.ActiveCfg = Debug|Win32
		{DBC882FB-F9F5-425A-BDD0-392EA6451B5A}.Debug|x86.Build.0 = Debug|Win32
		{DBC882FB-F9F5-425A-BDD0-392EA6451B5A}.MinSizeRel|x64.ActiveCfg = Release|x64
		{DBC882FB-F9F5-425A-BDD0-392EA6451B5A}.MinSizeRel|x64.Build.0 = Release|x64
		{DBC882FB-F9F5-425A-BDD0-392EA6451B5A}.MinSizeRel|x86.ActiveCfg = Release|Win32
		{DBC882FB-F9F5-425A-BDD0-392EA6451B5A}.MinSizeRel|x86.Build.0 = Release|Win32
		{DBC882FB-F9F5-425A-BDD0-392EA6451B5A}.Release|x64.ActiveCfg = Release|x64
		{DBC882FB-F9F5-425A-BDD0-392EA6451B5A}.Release|x64.Build.0 = Release|x64
		{DBC882FB-F9F5-425A-BDD0-392EA6451B5A}.Release|x86.ActiveCfg = Release|Win32
		{DBC882FB-F9F5-425A-BDD0-392EA6451B5A}.Release|x86.Build.0 = Release|Win32
		{DBC882FB-F9F5-425A-BDD0-392EA6451B5A}.RelWithDebInfo|x64.ActiveCfg = Release|x64
		{DBC882FB-F9F5-425A-BDD0-392EA6451B5A}.RelWithDebInfo|x64.Build.0 = Release|x64
		{DBC882FB-F9F5-425A-BDD0-392EA6451B5A}.RelWithDebInfo|x86.ActiveCfg = Release|Win32
		{DBC882FB-F9F5-425A-BDD0-392EA6451B5A}.RelWithDebInfo|x86.Build.0 = Release|Win32
		{300EC26F-5C97-4EAB-B4D9-4DEB0FCE8C38}.Debug|x64.ActiveCfg = Debug|x64
		{300EC26F-5C97-4EAB-B4D9-4DEB0FCE8C38}.Debug|x64.Build.0 = Debug|x64
		{300EC26F-5C97-4EAB-B4D9-4DEB0FCE8C38}.Debug|x86.ActiveCfg = Debug|Win32
		{300EC26F-5C97-4EAB-B4D9-4DEB0FCE8C38}.Debug|x86.Build.0 = Debug|Win32
		{300EC26F-5C97-4EAB-B4D9-4DEB0FCE8C38}.MinSizeRel|x64.ActiveCfg = Release|x64
		{300EC26F-5C97-4EAB-B4D9-4DEB0FCE8C38}.MinSizeRel|x64.Build.0 = Release|x64
		{300EC26F-5C97-4EAB-B4D9-4DEB0FCE8C38}.MinSizeRel|x86.ActiveCfg = Release|Win32
		{300EC26F-5C97-4EAB-B4D9-4DEB0FCE8C38}.MinSizeRel|x86.Build.0 = Release|Win32
		{300EC26F-5C97-4EAB-B4D9-4DEB0FCE8C38}.Release|x64.ActiveCfg = Release|x64
		{300EC26F-5C97-4EAB-B4D9-4DEB0FCE8C38}.Release|x64.Build.0 = Release|x64
		{300EC26F-5C97-4EAB-B4D9-4DEB0FCE8C38}.Release|x86.ActiveCfg = Release|Win32
		{300EC26F-5C97-4EAB-B4D9-4DEB0FCE8C38}.Release|x86.Build.0 = Release|Win32
		{300EC26F-5C97-4EAB-B4D9-4DEB0FCE8C38}.RelWithDebInfo|x64.ActiveCfg = Release|x64
		{300EC26F-5C97-4EAB-B4D9-4DEB0FCE8C38}.RelWithDebInfo|x64.Build.0 = Release|x64
		{300EC26F-5C97-4EAB-B4D9-4DEB0FCE8C38}.RelWithDebInfo|x86.ActiveCfg = Release|Win32
		{300EC26F-5C97-4EAB-B4D9-4DEB0FCE8C38}.RelWithDebInfo|x86.Build.0 = Release|Win32
		{851B3404-5565-485D-BEA8-2EFFDF85EC3E}.Debug|x64.ActiveCfg = Debug|x64
		{851B3404-5565-485D-BEA8-2EFFDF85EC3E}.Debug|x64.Build.0 = Debug|x64
		{851B3404-5565-485D-BEA8-2EFFDF85EC3E}.Debug|x86.ActiveCfg = Debug|Win32
		{851B3404-5565-485D-BEA8-2EFFDF85EC3E}.Debug|x86.Build.0 = Debug|Win32
		{851B3404-5565-485D-BEA8-2EFFDF85EC3E}.MinSizeRel|x64.ActiveCfg = Release|x64
		{851B3404-5565-485D-BEA8-2EFFDF85EC3E}.MinSizeRel|x64.Build.0 = Release|x64
		{851B3404-5565-485D-BEA8-2EFFDF85EC3E}.MinSizeRel|x86.ActiveCfg = Release|Win32
		{851B3404-5565-485D-BEA8-2EFFDF85EC3E}.MinSizeRel|x86.Build.0 = Release|Win32
		{851B3404-5565-485D-BEA8-2EFFDF85EC3E}.Release|x64.ActiveCfg = Release|x64
		{851B3404-5565-485D-BEA8-2EFFDF85EC3E}.Release|x64.Build.0 = Release|x64
		{851B3404-5565-485D-BEA8-2EFFDF85EC3E}.Release|x86.ActiveCfg = Release|Win32
		{851B3404-5565-485D-BEA8-2EFFDF85EC3E}.Release|x86.Build.0 = Release|Win32
		{851B3404-5565-485D-BEA8-2EFFDF85EC3E}.RelWithDebInfo|x64.ActiveCfg = Release|x64
		{851B3404-5565-485D-BEA8-2EFFDF85EC3E}.RelWithDebInfo|x64.Build.0 = Release|x64
		{851B3404-5565-485D-BEA8-2EFFDF85EC3E}.RelWithDebInfo|x86.ActiveCfg = Release|Win32
		{851B3404-5565-485D-BEA8-2EFFDF85EC3E}.RelWithDebInfo|x86.Build.0 = Release|Win32
		{2E0E43D0-64DB-40CE-8A30-087D9C195569}.Debug|x64.ActiveCfg = Debug|x64
		{2E0E43D0-64DB-40CE-8A30-087D9C195569}.Debug|x64.Build.0 = Debug|x64
		{2E0E43D0-64DB-40CE-8A30-087D9C195569}.Debug|x86.ActiveCfg = Debug|Win32
		{2E0E43D0-64DB-40CE-8A30-087D9C195569}.Debug|x86.Build.0 = Debug|Win32
		{2E0E43D0-64DB-40CE-8A30-087D9C195569}.MinSizeRel|x64.ActiveCfg = Release|x64
		{2E0E43D0-64DB-40CE-8A30-087D9C195569}.MinSizeRel|x64.Build.0 = Release|x64
		{2E0E43D0-64DB-40CE-8A30-087D9C195569}.MinSizeRel|x86.ActiveCfg = Release|Win32
		{2E0E43D0-64DB-40CE-8A30-087D9C195569}.MinSizeRel|x86.Build.0 = Release|Win32
		{2E0E43D0-64DB-40CE-8A30-087D9C195569}.Release|x64.ActiveCfg = Release|x64
		{2E0E43D0-64DB-40CE-8A30-087D9C195569}.Release|x64.Build.0 = Release|x64
		{2E0E43D0-64DB-40CE-8A30-087D9C195569}.Release|x86.ActiveCfg = Release|Win32
		{2E0E43D0-64DB-40CE-8A30-087D9C195569}.Release|x86.Build.0 = Release|Win32
		{2E0E43D0-64DB-40CE-8A30-087D9C195569}.RelWithDebInfo|x64.ActiveCfg = Release|x64
		{2E0E43D0-64DB-40CE-8A30-087D9C195569}.RelWithDebInfo|x64.Build.0 = Release|x64
		{2E0E43D0-64DB-40CE-8A30-087D9C195569}.RelWithDebInfo|x86.ActiveCfg = Release|Win32
		{2E0E43D0-64DB-40CE-8A30-087D9C195569}.RelWithDebInfo|x86.Build.0 = Release|Win32
		{2C24EF44-86D3-44D8-AD82-CD53037C0335}.Debug|x64.ActiveCfg = Debug|x64
		{2C24EF44-86D3-44D8-AD82-CD53037C0335}.Debug|x64.Build.0 = Debug|x64
		{2C24EF44-86D3-44D8-AD82-CD53037C0335}.Debug|x86.ActiveCfg = Debug|Win32
		{2C24EF44-86D3-44D8-AD82-CD53037C0335}.Debug|x86.Build.0 = Debug|Win32
		{2C24EF44-86D3-44D8-AD82-CD53037C0335}.MinSizeRel|x64.ActiveCfg = Release|x64
		{2C24EF44-86D3-44D8-AD82-CD53037C0335}.MinSizeRel|x64.Build.0 = Release|x64
		{2C24EF44-86D3-44D8-AD82-CD53037C0335}.MinSizeRel|x86.ActiveCfg = Release|Win32
		{2C24EF44-86D3-44D8-AD82-CD53037C0335}.MinSizeRel|x86.Build.0 = Release|Win32
		{2C24EF44-86D3-44D8-AD82-CD53037C0335}.Release|x64.ActiveCfg = Release|x64
		{2C24EF44-86D3-44D8-AD82-CD53037C0335}.Release|x64.Build.0 = Release|x64
		{2C24EF44-86D3-44D8-AD82-CD53037C0335}.Release|x86.ActiveCfg = Release|Win32
		{2C24EF44-86D3-44D8-AD82-CD53037C0335}.Release|x86.Build.0 = Release|Win32
		{2C24EF44-86D3-44D8-AD82-CD53037C0335}.RelWithDebInfo|x64.ActiveCfg = Release|x64
		{2C24EF44-86D3-44D8-AD82-CD53037C0335}.RelWithDebInfo|x64.Build.0 = Release|x64
		{2C24EF44-86D3-44D8-AD82-CD53037C0335}.RelWithDebInfo|x86.ActiveCfg = Release|Win32
		{2C24EF44-86D3-44D8-AD82-CD53037C0335}.RelWithDebInfo|x86.Build.0 = Release|Win32
		{B2C2A033-D8DC-4338-94EA-048AE8626931}.Debug|x64.ActiveCfg = Debug|x64
		{B2C2A033-D8DC-4338-94EA-048AE8626931}.Debug|x64.Build.0 = Debug|x64
		{B2C2A033-D8DC-4338-94EA-048AE8626931}.Debug|x86.ActiveCfg = Debug|Win32
		{B2C2A033-D8DC-4338-94EA-048AE8626931}.Debug|x86.Build.0 = Debug|Win32
		{B2C2A033-D8DC-4338-94EA-048AE8626931}.MinSizeRel|x64.ActiveCfg = Release|x64
		{B2C2A033-D8DC-4338-94EA-048AE8626931}.MinSizeRel|x64.Build.0 = Release|x64
		{B2C2A033-D8DC-4338-94EA-048AE8626931}.MinSizeRel|x86.ActiveCfg = Release|Win32
		{B2C2A033-D8DC-4338-94EA-048AE8626931}.MinSizeRel|x86.Build.0 = Release|Win32
		{B2C2A033-D8DC-4338-94EA-048AE8626931}.Release|x64.ActiveCfg = Release|x64
		{B2C2A033-D8DC-4338-94EA-048AE8626931}.Release|x64.Build.0 = Release|x64
		{B2C2A033-D8DC-4338-94EA-048AE8626931}.Release|x86.ActiveCfg = Release|Win32
		{B2C2A033-D8DC-4338-94EA-048AE8626931}.Release|x86.Build.0 = Release|Win32
		{B2C2A033-D8DC-4338-94EA-048AE8626931}.RelWithDebInfo|x64.ActiveCfg = Release|x64
		{B2C2A033-D8DC-4338-94EA-048AE8626931}.RelWithDebInfo|x64.Build.0 = Release|x64
		{B2C2A033-D8DC-4338-94EA-048AE8626931}.RelWithDebInfo|x86.ActiveCfg = Release|Win32
		{B2C2A033-D8DC-4338-94EA-048AE8626931}.RelWithDebInfo|x86.Build.0 = Release|Win32
		{E739918F-A0A6-4A71-9D22-339F254B7215}.Debug|x64.ActiveCfg = Debug|x64
		{E739918F-A0A6-4A71-9D22-339F254B7215}.Debug|x64.Build.0 = Debug|x64
		{E739918F-A0A6-4A71-9D22-339F254B7215}.Debug|x86.ActiveCfg = Debug|Win32
		{E739918F-A0A6-4A71-9D22-339F254B7215}.Debug|x86.Build.0 = Debug|Win32
		{E739918F-A0A6-4A71-9D22-339F254B7215}.MinSizeRel|x64.ActiveCfg = Release|x64
		{E739918F-A0A6-4A71-9D22-339F254B7215}.MinSizeRel|x64.Build.0 = Release|x64
		{E739918F-A0A6-4A71-9D22-339F254B7215}.MinSizeRel|x86.ActiveCfg = Release|Win32
		{E739918F-A0A6-4A71-9D22-339F254B7215}.MinSizeRel|x86.Build.0 = Release|Win32
		{E739918F-A0A6-4A71-9D22-339F254B7215}.Release|x64.ActiveCfg = Release|x64
		{E739918F-A0A6-4A71-9D22-339F254B7215}.Release|x64.Build.0 = Release|x64
		{E739918F-A0A6-4A71-9D22-339F254B7215}.Release|x86.ActiveCfg = Release|Win32
		{E739918F-A0A6-4A71-9D22-339F254B7215}.Release|x86.Build.0 = Release|Win32
		{E739918F-A0A6-4A71-9D22-339F254B7215}.RelWithDebInfo|x64.ActiveCfg = Release|x64
		{E739918F-A0A6-4A71-9D22-339F254B7215}.RelWithDebInfo|x64.Build.0 = Release|x64
		{E739918F-A0A6-4A71-9D22-339F254B7215}.RelWithDebInfo|x86.ActiveCfg = Release|Win32
		{E739918F-A0A6-4A71-9D22-339F254B7215}.RelWithDebInfo|x86.Build.0 = Release|Win32
		{790BE5D5-89A3-43BA-BE02-678B070C170F}.Debug|x64.ActiveCfg = Debug|x64
		{790BE5D5-89A3-43BA-BE02-678B070C170F}.Debug|x64.Build.0 = Debug|x64
		{790BE5D5-89A3-43BA-BE02-678B070C170F}.Debug|x86.ActiveCfg = Debug|Win32
		{790BE5D5-89A3-43BA-BE02-678B070C170F}.Debug|x86.Build.0 = Debug|Win32
		{790BE5D5-89A3-43BA-BE02-678B070C170F}.MinSizeRel|x64.ActiveCfg = Release|x64
		{790BE5D5-89A3-43BA-BE02-678B070C170F}.MinSizeRel|x64.Build.0 = Release|x64
		{790BE5D5-89A3-43BA-BE02-678B070C170F}.MinSizeRel|x86.ActiveCfg = Release|Win32
		{790BE5D5-89A3-43BA-BE02-678B070C170F}.MinSizeRel|x86.Build.0 = Release|Win32
		{790BE5D5-89A3-43BA-BE02-678B070C170F}.Release|x64.ActiveCfg = Release|x64
		{790BE5D5-89A3-43BA-BE02-678B070C170F}.Release|x64.Build.0 = Release|x64
		{790BE5D5-89A3-43BA-BE02-678B070C170F}.Release|x86.ActiveCfg = Release|Win32
		{790BE5D5-89A3-43BA-BE02-678B070C170F}.Release|x86.Build.0 = Release|Win32
		{790BE5D5-89A3-43BA-BE02-678B070C170F}.RelWithDebInfo|x64.ActiveCfg = Release|x64
		{790BE5D5-89A3-43BA-BE02-678B070C170F}.RelWithDebInfo|x64.Build.0 = Release|x64
		{790BE5D5-89A3-43BA-BE02-678B070C170F}.RelWithDebInfo|x86.ActiveCfg = Release|Win32
		{790BE5D5-89A3-43BA-BE02-678B070C170F}.RelWithDebInfo|x86.Build.0 = Release|Win32
		{467A0594-1737-4199-BDAC-BDBCDA3FA24D}.Debug|x64.ActiveCfg = Debug|x64
		{467A0594-1737-4199-BDAC-BDBCDA3FA24D}.Debug|x64.Build.0 = Debug|x64
		{467A0594-1737-4199-BDAC-BDBCDA3FA24D}.Debug|x86.ActiveCfg = Debug|Win32
		{467A0594-1737-4199-BDAC-BDBCDA3FA24D}.Debug|x86.Build.0 = Debug|Win32
		{467A0594-1737-4199-BDAC-BDBCDA3FA24D}.MinSizeRel|x64.ActiveCfg = Release|x64
		{467A0594-1737-4199-BDAC-BDBCDA3FA24D}.MinSizeRel|x64.Build.0 = Release|x64
		{467A0594-1737-4199-BDAC-BDBCDA3FA24D}.MinSizeRel|x86.ActiveCfg = Release|Win32
		{467A0594-1737-4199-BDAC-BDBCDA3FA24D}.MinSizeRel|x86.Build.0 = Release|Win32
		{467A0594-1737-4199-BDAC-BDBCDA3FA24D}.Release|x64.ActiveCfg = Release|x64
		{467A0594-1737-4199-BDAC-BDBCDA3FA24D}.Release|x64.Build.0 = Release|x64
		{467A0594-1737-4199-BDAC-BDBCDA3FA24D}.Release|x86.ActiveCfg = Release|Win32
		{467A0594-1737-4199-BDAC-BDBCDA3FA24D}.Release|x86.Build.0 = Release|Win32
		{467A0594-1737-4199-BDAC-BDBCDA3FA24D}.RelWithDebInfo|x64.ActiveCfg = Release|x64
		{467A0594-1737-4199-BDAC-BDBCDA3FA24D}.RelWithDebInfo|x64.Build.0 = Release|x64
		{467A0594-1737-4199-BDAC-BDBCDA3FA24D}.RelWithDebInfo|x86.ActiveCfg = Release|Win32
		{467A0594-1737-4199-BDAC-BDBCDA3FA24D}.RelWithDebInfo|x86.Build.0 = Release|Win32
		{2D70113C-1FA0-4E63-993B-FBEED6D6133F}.Debug|x64.ActiveCfg = Debug|x64
		{2D70113C-1FA0-4E63-993B-FBEED6D6133F}.Debug|x64.Build.0 = Debug|x64
		{2D70113C-1FA0-4E63-993B-FBEED6D6133F}.Debug|x86.ActiveCfg = Debug|Win32
		{2D70113C-1FA0-4E63-993B-FBEED6D6133F}.Debug|x86.Build.0 = Debug|Win32
		{2D70113C-1FA0-4E63-993B-FBEED6D6133F}.MinSizeRel|x64.ActiveCfg = Release|x64
		{2D70113C-1FA0-4E63-993B-FBEED6D6133F}.MinSizeRel|x64.Build.0 = Release|x64
		{2D70113C-1FA0-4E63-993B-FBEED6D6133F}.MinSizeRel|x86.ActiveCfg = Release|Win32
		{2D70113C-1FA0-4E63-993B-FBEED6D6133F}.MinSizeRel|x86.Build.0 = Release|Win32
		{2D70113C-1FA0-4E63-993B-FBEED6D6133F}.Release|x64.ActiveCfg = Release|x64
		{2D70113C-1FA0-4E63-993B-FBEED6D6133F}.Release|x64.Build.0 = Release|x64
		{2D70113C-1FA0-4E63-993B-FBEED6D6133F}.Release|x86.ActiveCfg = Release|Win32
		{2D70113C-1FA0-4E63-993B-FBEED6D6133F}.Release|x86.Build.0 = Release|Win32
		{2D70113C-1FA0-4E63-993B-FBEED6D6133F}.RelWithDebInfo|x64.ActiveCfg = Release|x64
		{2D70113C-1FA0-4E63-993B-FBEED6D6133F}.RelWithDebInfo|x64.Build.0 = Release|x64
		{2D70113C-1FA0-4E63-993B-FBEED6D6133F}.RelWithDebInfo|x86.ActiveCfg = Release|Win32
		{2D70113C-1FA0-4E63-993B-FBEED6D6133F}.RelWithDebInfo|x86.Build.0 = Release|Win32
		{02DD4B1A-39BB-48C3-AFB3-5A2812E69108}.Debug|x64.ActiveCfg = Debug|x64
		{02DD4B1A-39BB-48C3-AFB3-5A2812E69108}.Debug|x64.Build.0 = Debug|x64
		{02DD4B1A-39BB-48C3-AFB3-5A2812E69108}.Debug|x86.ActiveCfg = Debug|Win32
		{02DD4B1A-39BB-48C3-AFB3-5A2812E69108}.Debug|x86.Build.0 = Debug|Win32
		{02DD4B1A-39BB-48C3-AFB3-5A2812E69108}.MinSizeRel|x64.ActiveCfg = Release|x64
		{02DD4B1A-39BB-48C3-AFB3-5A2812E69108}.MinSizeRel|x64.Build.0 = Release|x64
		{02DD4B1A-39BB-48C3-AFB3-5A2812E69108}.MinSizeRel|x86.ActiveCfg = Release|Win32
		{02DD4B1A-39BB-48C3-AFB3-5A2812E69108}.MinSizeRel|x86.Build.0 = Release|Win32
		{02DD4B1A-39BB-48C3-AFB3-5A2812E69108}.Release|x64.ActiveCfg = Release|x64
		{02DD4B1A-39BB-48C3-AFB3-5A2812E69108}.Release|x64.Build.0 = Release|x64
		{02DD4B1A-39BB-48C3-AFB3-5A2812E69108}.Release|x86.ActiveCfg = Release|Win32
		{02DD4B1A-39BB-48C3-AFB3-5A2812E69108}.Release|x86.Build.0 = Release|Win32
		{02DD4B1A-39BB-48C3-AFB3-5A2812E69108}.RelWithDebInfo|x64.ActiveCfg = Release|x64
		{02DD4B1A-39BB-48C3-AFB3-5A2812E69108}.RelWithDebInfo|x64.Build.0 = Release|x64
		{02DD4B1A-39BB-48C3-AFB3-5A2812E69108}.RelWithDebInfo|x86.ActiveCfg = Release|Win32
		{02DD4B1A-39BB-48C3-AFB3-5A2812E69108}.RelWithDebInfo|x86.Build.0 = Release|Win32
		{5FCE8974-FC00-3DFF-8423-165B5E4970C6}.Debug|x64.ActiveCfg = Debug|x64
		{5FCE8974-FC00-3DFF-8423-165B5E4970C6}.Debug|x64.Build.0 = Debug|x64
		{5FCE8974-FC00-3DFF-8423-165B5E4970C6}.Debug|x86.ActiveCfg = Debug|x64
		{5FCE8974-FC00-3DFF-8423-165B5E4970C6}.MinSizeRel|x64.ActiveCfg = MinSizeRel|x64
		{5FCE8974-FC00-3DFF-8423-165B5E4970C6}.MinSizeRel|x64.Build.0 = MinSizeRel|x64
		{5FCE8974-FC00-3DFF-8423-165B5E4970C6}.MinSizeRel|x86.ActiveCfg = MinSizeRel|x64
		{5FCE8974-FC00-3DFF-8423-165B5E4970C6}.Release|x64.ActiveCfg = Release|x64
		{5FCE8974-FC00-3DFF-8423-165B5E4970C6}.Release|x64.Build.0 = Release|x64
		{5FCE8974-FC00-3DFF-8423-165B5E4970C6}.Release|x86.ActiveCfg = Release|x64
		{5FCE8974-FC00-3DFF-8423-165B5E4970C6}.RelWithDebInfo|x64.ActiveCfg = RelWithDebInfo|x64
		{5FCE8974-FC00-3DFF-8423-165B5E4970C6}.RelWithDebInfo|x64.Build.0 = RelWithDebInfo|x64
		{5FCE8974-FC00-3DFF-8423-165B5E4970C6}.RelWithDebInfo|x86.ActiveCfg = RelWithDebInfo|x64
		{CE868C11-1A93-3F5A-A4E8-9E44DEA106CE}.Debug|x64.ActiveCfg = Debug|x64
		{CE868C11-1A93-3F5A-A4E8-9E44DEA106CE}.Debug|x64.Build.0 = Debug|x64
		{CE868C11-1A93-3F5A-A4E8-9E44DEA106CE}.Debug|x86.ActiveCfg = Debug|x64
		{CE868C11-1A93-3F5A-A4E8-9E44DEA106CE}.MinSizeRel|x64.ActiveCfg = MinSizeRel|x64
		{CE868C11-1A93-3F5A-A4E8-9E44DEA106CE}.MinSizeRel|x64.Build.0 = MinSizeRel|x64
		{CE868C11-1A93-3F5A-A4E8-9E44DEA106CE}.MinSizeRel|x86.ActiveCfg = MinSizeRel|x64
		{CE868C11-1A93-3F5A-A4E8-9E44DEA106CE}.Release|x64.ActiveCfg = Release|x64
		{CE868C11-1A93-3F5A-A4E8-9E44DEA106CE}.Release|x64.Build.0 = Release|x64
		{CE868C11-1A93-3F5A-A4E8-9E44DEA106CE}.Release|x86.ActiveCfg = Release|x64
		{CE868C11-1A93-3F5A-A4E8-9E44DEA106CE}.RelWithDebInfo|x64.ActiveCfg = RelWithDebInfo|x64
		{CE868C11-1A93-3F5A-A4E8-9E44DEA106CE}.RelWithDebInfo|x64.Build.0 = RelWithDebInfo|x64
		{CE868C11-1A93-3F5A-A4E8-9E44DEA106CE}.RelWithDebInfo|x86.ActiveCfg = RelWithDebInfo|x64
		{A1150568-8320-3DBA-BB95-58CCB87DD563}.Debug|x64.ActiveCfg = Debug|x64
		{A1150568-8320-3DBA-BB95-58CCB87DD563}.Debug|x64.Build.0 = Debug|x64
		{A1150568-8320-3DBA-BB95-58CCB87DD563}.Debug|x86.ActiveCfg = Debug|x64
		{A1150568-8320-3DBA-BB95-58CCB87DD563}.MinSizeRel|x64.ActiveCfg = MinSizeRel|x64
		{A1150568-8320-3DBA-BB95-58CCB87DD563}.MinSizeRel|x64.Build.0 = MinSizeRel|x64
		{A1150568-8320-3DBA-BB95-58CCB87DD563}.MinSizeRel|x86.ActiveCfg = MinSizeRel|x64
		{A1150568-8320-3DBA-BB95-58CCB87DD563}.Release|x64.ActiveCfg = Release|x64
		{A1150568-8320-3DBA-BB95-58CCB87DD563}.Release|x64.Build.0 = Release|x64
		{A1150568-8320-3DBA-BB95-58CCB87DD563}.Release|x86.ActiveCfg = Release|x64
		{A1150568-8320-3DBA-BB95-58CCB87DD563}.RelWithDebInfo|x64.ActiveCfg = RelWithDebInfo|x64
		{A1150568-8320-3DBA-BB95-58CCB87DD563}.RelWithDebInfo|x64.Build.0 = RelWithDebInfo|x64
		{A1150568-8320-3DBA-BB95-58CCB87DD563}.RelWithDebInfo|x86.ActiveCfg = RelWithDebInfo|x64
		{AD149EDA-0C4B-3B12-B467-3B600B5B8A65}.Debug|x64.ActiveCfg = Debug|x64
		{AD149EDA-0C4B-3B12-B467-3B600B5B8A65}.Debug|x64.Build.0 = Debug|x64
		{AD149EDA-0C4B-3B12-B467-3B600B5B8A65}.Debug|x86.ActiveCfg = Debug|x64
		{AD149EDA-0C4B-3B12-B467-3B600B5B8A65}.MinSizeRel|x64.ActiveCfg = MinSizeRel|x64
		{AD149EDA-0C4B-3B12-B467-3B600B5B8A65}.MinSizeRel|x64.Build.0 = MinSizeRel|x64
		{AD149EDA-0C4B-3B12-B467-3B600B5B8A65}.MinSizeRel|x86.ActiveCfg = MinSizeRel|x64
		{AD149EDA-0C4B-3B12-B467-3B600B5B8A65}.Release|x64.ActiveCfg = Release|x64
		{AD149EDA-0C4B-3B12-B467-3B600B5B8A65}.Release|x64.Build.0 = Release|x64
		{AD149EDA-0C4B-3B12-B467-3B600B5B8A65}.Release|x86.ActiveCfg = Release|x64
		{AD149EDA-0C4B-3B12-B467-3B600B5B8A65}.RelWithDebInfo|x64.ActiveCfg = RelWithDebInfo|x64
		{AD149EDA-0C4B-3B12-B467-3B600B5B8A65}.RelWithDebInfo|x64.Build.0 = RelWithDebInfo|x64
		{AD149EDA-0C4B-3B12-B467-3B600B5B8A65}.RelWithDebInfo|x86.ActiveCfg = RelWithDebInfo|x64
		{F890B443-9CC2-4EBF-B59F-0828190B552F}.Debug|x64.ActiveCfg = Debug|x64
		{F890B443-9CC2-4EBF-B59F-0828190B552F}.Debug|x64.Build.0 = Debug|x64
		{F890B443-9CC2-4EBF-B59F-0828190B552F}.Debug|x86.ActiveCfg = Debug|Win32
		{F890B443-9CC2-4EBF-B59F-0828190B552F}.Debug|x86.Build.0 = Debug|Win32
		{F890B443-9CC2-4EBF-B59F-0828190B552F}.MinSizeRel|x64.ActiveCfg = Release|x64
		{F890B443-9CC2-4EBF-B59F-0828190B552F}.MinSizeRel|x64.Build.0 = Release|x64
		{F890B443-9CC2-4EBF-B59F-0828190B552F}.MinSizeRel|x86.ActiveCfg = Release|Win32
		{F890B443-9CC2-4EBF-B59F-0828190B552F}.MinSizeRel|x86.Build.0 = Release|Win32
		{F890B443-9CC2-4EBF-B59F-0828190B552F}.Release|x64.ActiveCfg = Release|x64
		{F890B443-9CC2-4EBF-B59F-0828190B552F}.Release|x64.Build.0 = Release|x64
		{F890B443-9CC2-4EBF-B59F-0828190B552F}.Release|x86.ActiveCfg = Release|Win32
		{F890B443-9CC2-4EBF-B59F-0828190B552F}.Release|x86.Build.0 = Release|Win32
		{F890B443-9CC2-4EBF-B59F-0828190B552F}.RelWithDebInfo|x64.ActiveCfg = Release|x64
		{F890B443-9CC2-4EBF-B59F-0828190B552F}.RelWithDebInfo|x64.Build.0 = Release|x64
		{F890B443-9CC2-4EBF-B59F-0828190B552F}.RelWithDebInfo|x86.ActiveCfg = Release|Win32
		{F890B443-9CC2-4EBF-B59F-0828190B552F}.RelWithDebInfo|x86.Build.0 = Release|Win32
		{D7EA7E25-AE3D-3354-B34C-75BFCD39C4C6}.Debug|x64.ActiveCfg = Debug|x64
		{D7EA7E25-AE3D-3354-B34C-75BFCD39C4C6}.Debug|x64.Build.0 = Debug|x64
		{D7EA7E25-AE3D-3354-B34C-75BFCD39C4C6}.Debug|x86.ActiveCfg = Debug|x64
		{D7EA7E25-AE3D-3354-B34C-75BFCD39C4C6}.MinSizeRel|x64.ActiveCfg = MinSizeRel|x64
		{D7EA7E25-AE3D-3354-B34C-75BFCD39C4C6}.MinSizeRel|x64.Build.0 = MinSizeRel|x64
		{D7EA7E25-AE3D-3354-B34C-75BFCD39C4C6}.MinSizeRel|x86.ActiveCfg = MinSizeRel|x64
		{D7EA7E25-AE3D-3354-B34C-75BFCD39C4C6}.Release|x64.ActiveCfg = Release|x64
		{D7EA7E25-AE3D-3354-B34C-75BFCD39C4C6}.Release|x64.Build.0 = Release|x64
		{D7EA7E25-AE3D-3354-B34C-75BFCD39C4C6}.Release|x86.ActiveCfg = Release|x64
		{D7EA7E25-AE3D-3354-B34C-75BFCD39C4C6}.RelWithDebInfo|x64.ActiveCfg = RelWithDebInfo|x64
		{D7EA7E25-AE3D-3354-B34C-75BFCD39C4C6}.RelWithDebInfo|x64.Build.0 = RelWithDebInfo|x64
		{D7EA7E25-AE3D-3354-B34C-75BFCD39C4C6}.RelWithDebInfo|x86.ActiveCfg = RelWithDebInfo|x64
		{7D2F401D-7AA0-37FD-A633-74E862D2284F}.Debug|x64.ActiveCfg = Debug|x64
		{7D2F401D-7AA0-37FD-A633-74E862D2284F}.Debug|x64.Build.0 = Debug|x64
		{7D2F401D-7AA0-37FD-A633-74E862D2284F}.Debug|x86.ActiveCfg = Debug|x64
		{7D2F401D-7AA0-37FD-A633-74E862D2284F}.MinSizeRel|x64.ActiveCfg = MinSizeRel|x64
		{7D2F401D-7AA0-37FD-A633-74E862D2284F}.MinSizeRel|x64.Build.0 = MinSizeRel|x64
		{7D2F401D-7AA0-37FD-A633-74E862D2284F}.MinSizeRel|x86.ActiveCfg = MinSizeRel|x64
		{7D2F401D-7AA0-37FD-A633-74E862D2284F}.Release|x64.ActiveCfg = Release|x64
		{7D2F401D-7AA0-37FD-A633-74E862D2284F}.Release|x64.Build.0 = Release|x64
		{7D2F401D-7AA0-37FD-A633-74E862D2284F}.Release|x86.ActiveCfg = Release|x64
		{7D2F401D-7AA0-37FD-A633-74E862D2284F}.RelWithDebInfo|x64.ActiveCfg = RelWithDebInfo|x64
		{7D2F401D-7AA0-37FD-A633-74E862D2284F}.RelWithDebInfo|x64.Build.0 = RelWithDebInfo|x64
		{7D2F401D-7AA0-37FD-A633-74E862D2284F}.RelWithDebInfo|x86.ActiveCfg = RelWithDebInfo|x64
		{461EE012-50ED-3CB1-83AA-412309540784}.Debug|x64.ActiveCfg = Debug|x64
		{461EE012-50ED-3CB1-83AA-412309540784}.Debug|x64.Build.0 = Debug|x64
		{461EE012-50ED-3CB1-83AA-412309540784}.Debug|x86.ActiveCfg = Debug|x64
		{461EE012-50ED-3CB1-83AA-412309540784}.MinSizeRel|x64.ActiveCfg = MinSizeRel|x64
		{461EE012-50ED-3CB1-83AA-412309540784}.MinSizeRel|x64.Build.0 = MinSizeRel|x64
		{461EE012-50ED-3CB1-83AA-412309540784}.MinSizeRel|x86.ActiveCfg = MinSizeRel|x64
		{461EE012-50ED-3CB1-83AA-412309540784}.Release|x64.ActiveCfg = Release|x64
		{461EE012-50ED-3CB1-83AA-412309540784}.Release|x64.Build.0 = Release|x64
		{461EE012-50ED-3CB1-83AA-412309540784}.Release|x86.ActiveCfg = Release|x64
		{461EE012-50ED-3CB1-83AA-412309540784}.RelWithDebInfo|x64.ActiveCfg = RelWithDebInfo|x64
		{461EE012-50ED-3CB1-83AA-412309540784}.RelWithDebInfo|x64.Build.0 = RelWithDebInfo|x64
		{461EE012-50ED-3CB1-83AA-412309540784}.RelWithDebInfo|x86.ActiveCfg = RelWithDebInfo|x64
		{94309597-D99E-39B5-B17B-495DBFB5E60C}.Debug|x64.ActiveCfg = Debug|x64
		{94309597-D99E-39B5-B17B-495DBFB5E60C}.Debug|x64.Build.0 = Debug|x64
		{94309597-D99E-39B5-B17B-495DBFB5E60C}.Debug|x86.ActiveCfg = Debug|x64
		{94309597-D99E-39B5-B17B-495DBFB5E60C}.MinSizeRel|x64.ActiveCfg = MinSizeRel|x64
		{94309597-D99E-39B5-B17B-495DBFB5E60C}.MinSizeRel|x64.Build.0 = MinSizeRel|x64
		{94309597-D99E-39B5-B17B-495DBFB5E60C}.MinSizeRel|x86.ActiveCfg = MinSizeRel|x64
		{94309597-D99E-39B5-B17B-495DBFB5E60C}.Release|x64.ActiveCfg = Release|x64
		{94309597-D99E-39B5-B17B-495DBFB5E60C}.Release|x64.Build.0 = Release|x64
		{94309597-D99E-39B5-B17B-495DBFB5E60C}.Release|x86.ActiveCfg = Release|x64
		{94309597-D99E-39B5-B17B-495DBFB5E60C}.RelWithDebInfo|x64.ActiveCfg = RelWithDebInfo|x64
		{94309597-D99E-39B5-B17B-495DBFB5E60C}.RelWithDebInfo|x64.Build.0 = RelWithDebInfo|x64
		{94309597-D99E-39B5-B17B-495DBFB5E60C}.RelWithDebInfo|x86.ActiveCfg = RelWithDebInfo|x64
		{3F931D7F-6CCC-37E1-9112-DDCD1A43640A}.Debug|x64.ActiveCfg = Debug|x64
		{3F931D7F-6CCC-37E1-9112-DDCD1A43640A}.Debug|x64.Build.0 = Debug|x64
		{3F931D7F-6CCC-37E1-9112-DDCD1A43640A}.Debug|x86.ActiveCfg = Debug|x64
		{3F931D7F-6CCC-37E1-9112-DDCD1A43640A}.MinSizeRel|x64.ActiveCfg = MinSizeRel|x64
		{3F931D7F-6CCC-37E1-9112-DDCD1A43640A}.MinSizeRel|x64.Build.0 = MinSizeRel|x64
		{3F931D7F-6CCC-37E1-9112-DDCD1A43640A}.MinSizeRel|x86.ActiveCfg = MinSizeRel|x64
		{3F931D7F-6CCC-37E1-9112-DDCD1A43640A}.Release|x64.ActiveCfg = Release|x64
		{3F931D7F-6CCC-37E1-9112-DDCD1A43640A}.Release|x64.Build.0 = Release|x64
		{3F931D7F-6CCC-37E1-9112-DDCD1A43640A}.Release|x86.ActiveCfg = Release|x64
		{3F931D7F-6CCC-37E1-9112-DDCD1A43640A}.RelWithDebInfo|x64.ActiveCfg = RelWithDebInfo|x64
		{3F931D7F-6CCC-37E1-9112-DDCD1A43640A}.RelWithDebInfo|x64.Build.0 = RelWithDebInfo|x64
		{3F931D7F-6CCC-37E1-9112-DDCD1A43640A}.RelWithDebInfo|x86.ActiveCfg = RelWithDebInfo|x64
		{73824CFF-F908-3094-A67F-2D0012D5460F}.Debug|x64.ActiveCfg = Debug|x64
		{73824CFF-F908-3094-A67F-2D0012D5460F}.Debug|x64.Build.0 = Debug|x64
		{73824CFF-F908-3094-A67F-2D0012D5460F}.Debug|x86.ActiveCfg = Debug|x64
		{73824CFF-F908-3094-A67F-2D0012D5460F}.MinSizeRel|x64.ActiveCfg = MinSizeRel|x64
		{73824CFF-F908-3094-A67F-2D0012D5460F}.MinSizeRel|x64.Build.0 = MinSizeRel|x64
		{73824CFF-F908-3094-A67F-2D0012D5460F}.MinSizeRel|x86.ActiveCfg = MinSizeRel|x64
		{73824CFF-F908-3094-A67F-2D0012D5460F}.Release|x64.ActiveCfg = Release|x64
		{73824CFF-F908-3094-A67F-2D0012D5460F}.Release|x64.Build.0 = Release|x64
		{73824CFF-F908-3094-A67F-2D0012D5460F}.Release|x86.ActiveCfg = Release|x64
		{73824CFF-F908-3094-A67F-2D0012D5460F}.RelWithDebInfo|x64.ActiveCfg = RelWithDebInfo|x64
		{73824CFF-F908-3094-A67F-2D0012D5460F}.RelWithDebInfo|x64.Build.0 = RelWithDebInfo|x64
		{73824CFF-F908-3094-A67F-2D0012D5460F}.RelWithDebInfo|x86.ActiveCfg = RelWithDebInfo|x64
		{056E59A9-5170-3885-99B9-E3E27C33134F}.Debug|x64.ActiveCfg = Debug|x64
		{056E59A9-5170-3885-99B9-E3E27C33134F}.Debug|x64.Build.0 = Debug|x64
		{056E59A9-5170-3885-99B9-E3E27C33134F}.Debug|x86.ActiveCfg = Debug|x64
		{056E59A9-5170-3885-99B9-E3E27C33134F}.MinSizeRel|x64.ActiveCfg = MinSizeRel|x64
		{056E59A9-5170-3885-99B9-E3E27C33134F}.MinSizeRel|x64.Build.0 = MinSizeRel|x64
		{056E59A9-5170-3885-99B9-E3E27C33134F}.MinSizeRel|x86.ActiveCfg = MinSizeRel|x64
		{056E59A9-5170-3885-99B9-E3E27C33134F}.Release|x64.ActiveCfg = Release|x64
		{056E59A9-5170-3885-99B9-E3E27C33134F}.Release|x64.Build.0 = Release|x64
		{056E59A9-5170-3885-99B9-E3E27C33134F}.Release|x86.ActiveCfg = Release|x64
		{056E59A9-5170-3885-99B9-E3E27C33134F}.RelWithDebInfo|x64.ActiveCfg = RelWithDebInfo|x64
		{056E59A9-5170-3885-99B9-E3E27C33134F}.RelWithDebInfo|x64.Build.0 = RelWithDebInfo|x64
		{056E59A9-5170-3885-99B9-E3E27C33134F}.RelWithDebInfo|x86.ActiveCfg = RelWithDebInfo|x64
		{F619200B-FE1E-4CC9-8D0A-3A10AA42AD90}.Debug|x64.ActiveCfg = Debug|x64
		{F619200B-FE1E-4CC9-8D0A-3A10AA42AD90}.Debug|x64.Build.0 = Debug|x64
		{F619200B-FE1E-4CC9-8D0A-3A10AA42AD90}.Debug|x86.ActiveCfg = Debug|Win32
		{F619200B-FE1E-4CC9-8D0A-3A10AA42AD90}.Debug|x86.Build.0 = Debug|Win32
		{F619200B-FE1E-4CC9-8D0A-3A10AA42AD90}.MinSizeRel|x64.ActiveCfg = Release|x64
		{F619200B-FE1E-4CC9-8D0A-3A10AA42AD90}.MinSizeRel|x64.Build.0 = Release|x64
		{F619200B-FE1E-4CC9-8D0A-3A10AA42AD90}.MinSizeRel|x86.ActiveCfg = Release|Win32
		{F619200B-FE1E-4CC9-8D0A-3A10AA42AD90}.MinSizeRel|x86.Build.0 = Release|Win32
		{F619200B-FE1E-4CC9-8D0A-3A10AA42AD90}.Release|x64.ActiveCfg = Release|x64
		{F619200B-FE1E-4CC9-8D0A-3A10AA42AD90}.Release|x64.Build.0 = Release|x64
		{F619200B-FE1E-4CC9-8D0A-3A10AA42AD90}.Release|x86.ActiveCfg = Release|Win32
		{F619200B-FE1E-4CC9-8D0A-3A10AA42AD90}.Release|x86.Build.0 = Release|Win32
		{F619200B-FE1E-4CC9-8D0A-3A10AA42AD90}.RelWithDebInfo|x64.ActiveCfg = Release|x64
		{F619200B-FE1E-4CC9-8D0A-3A10AA42AD90}.RelWithDebInfo|x64.Build.0 = Release|x64
		{F619200B-FE1E-4CC9-8D0A-3A10AA42AD90}.RelWithDebInfo|x86.ActiveCfg = Release|Win32
		{F619200B-FE1E-4CC9-8D0A-3A10AA42AD90}.RelWithDebInfo|x86.Build.0 = Release|Win32
		{2618F31F-D8CE-464C-99CA-46DE12FA7F82}.Debug|x64.ActiveCfg = Debug|x64
		{2618F31F-D8CE-464C-99CA-46DE12FA7F82}.Debug|x64.Build.0 = Debug|x64
		{2618F31F-D8CE-464C-99CA-46DE12FA7F82}.Debug|x86.ActiveCfg = Debug|Win32
		{2618F31F-D8CE-464C-99CA-46DE12FA7F82}.Debug|x86.Build.0 = Debug|Win32
		{2618F31F-D8CE-464C-99CA-46DE12FA7F82}.MinSizeRel|x64.ActiveCfg = Release|x64
		{2618F31F-D8CE-464C-99CA-46DE12FA7F82}.MinSizeRel|x64.Build.0 = Release|x64
		{2618F31F-D8CE-464C-99CA-46DE12FA7F82}.MinSizeRel|x86.ActiveCfg = Release|Win32
		{2618F31F-D8CE-464C-99CA-46DE12FA7F82}.MinSizeRel|x86.Build.0 = Release|Win32
		{2618F31F-D8CE-464C-99CA-46DE12FA7F82}.Release|x64.ActiveCfg = Release|x64
		{2618F31F-D8CE-464C-99CA-46DE12FA7F82}.Release|x64.Build.0 = Release|x64
		{2618F31F-D8CE-464C-99CA-46DE12FA7F82}.Release|x86.ActiveCfg = Release|Win32
		{2618F31F-D8CE-464C-99CA-46DE12FA7F82}.Release|x86.Build.0 = Release|Win32
		{2618F31F-D8CE-464C-99CA-46DE12FA7F82}.RelWithDebInfo|x64.ActiveCfg = Release|x64
		{2618F31F-D8CE-464C-99CA-46DE12FA7F82}.RelWithDebInfo|x64.Build.0 = Release|x64
		{2618F31F-D8CE-464C-99CA-46DE12FA7F82}.RelWithDebInfo|x86.ActiveCfg = Release|Win32
		{2618F31F-D8CE-464C-99CA-46DE12FA7F82}.RelWithDebInfo|x86.Build.0 = Release|Win32
		{042C8493-BBDE-4021-9865-E9DB86E14D37}.Debug|x64.ActiveCfg = Debug|x64
		{042C8493-BBDE-4021-9865-E9DB86E14D37}.Debug|x64.Build.0 = Debug|x64
		{042C8493-BBDE-4021-9865-E9DB86E14D37}.Debug|x86.ActiveCfg = Debug|Win32
		{042C8493-BBDE-4021-9865-E9DB86E14D37}.Debug|x86.Build.0 = Debug|Win32
		{042C8493-BBDE-4021-9865-E9DB86E14D37}.MinSizeRel|x64.ActiveCfg = Release|x64
		{042C8493-BBDE-4021-9865-E9DB86E14D37}.MinSizeRel|x64.Build.0 = Release|x64
		{042C8493-BBDE-4021-9865-E9DB86E14D37}.MinSizeRel|x86.ActiveCfg = Release|Win32
		{042C8493-BBDE-4021-9865-E9DB86E14D37}.MinSizeRel|x86.Build.0 = Release|Win32
		{042C8493-BBDE-4021-9865-E9DB86E14D37}.Release|x64.ActiveCfg = Release|x64
		{042C8493-BBDE-4021-9865-E9DB86E14D37}.Release|x64.Build.0 = Release|x64
		{042C8493-BBDE-4021-9865-E9DB86E14D37}.Release|x86.ActiveCfg = Release|Win32
		{042C8493-BBDE-4021-9865-E9DB86E14D37}.Release|x86.Build.0 = Release|Win32
		{042C8493-BBDE-4021-9865-E9DB86E14D37}.RelWithDebInfo|x64.ActiveCfg = Release|x64
		{042C8493-BBDE-4021-9865-E9DB86E14D37}.RelWithDebInfo|x64.Build.0 = Release|x64
		{042C8493-BBDE-4021-9865-E9DB86E14D37}.RelWithDebInfo|x86.ActiveCfg = Release|Win32
		{042C8493-BBDE-4021-9865-E9DB86E14D37}.RelWithDebInfo|x86.Build.0 = Release|Win32
	EndGlobalSection
	GlobalSection(SolutionProperties) = preSolution
		HideSolutionNode = FALSE
	EndGlobalSection
	GlobalSection(NestedProjects) = preSolution
		{67771349-34F0-43D2-BA7F-8D82A814102F} = {52E0FA85-2DFC-46E8-9863-59873D7D153F}
		{2211E484-0666-43DC-BBD5-AA8B8EEF76D1} = {047F672F-0E89-41EC-AAD2-FD783AB30AE6}
		{8DAD8F75-B5A1-4E9D-85A8-7A4E71123931} = {1A97C8E3-CFED-45CC-9E67-5AEF414BAC67}
		{AEACB036-67CA-463E-850C-32FB1B4A2AF0} = {52E0FA85-2DFC-46E8-9863-59873D7D153F}
		{33EBC4EC-5BE2-4C9D-8AB5-5484EDD7E187} = {1A97C8E3-CFED-45CC-9E67-5AEF414BAC67}
		{481B99D8-35BF-4D79-95B4-FF2C6C416289} = {52E0FA85-2DFC-46E8-9863-59873D7D153F}
		{4C1E67B6-D1EE-45B2-9ABF-F4F34C87652B} = {047F672F-0E89-41EC-AAD2-FD783AB30AE6}
		{4CA359A1-9887-47C6-BFED-453111455A47} = {1A97C8E3-CFED-45CC-9E67-5AEF414BAC67}
		{9326E6D5-4E8A-443F-93A9-F50BC0DE2F97} = {52E0FA85-2DFC-46E8-9863-59873D7D153F}
		{D58EFF8E-3449-45E1-BDF5-A685104745FB} = {1A97C8E3-CFED-45CC-9E67-5AEF414BAC67}
		{842DCA0E-D3F5-46EC-977A-AD3EB0EF2148} = {1A97C8E3-CFED-45CC-9E67-5AEF414BAC67}
		{49FB5ABA-A0D4-437C-9DC0-2D289D0580A2} = {1A97C8E3-CFED-45CC-9E67-5AEF414BAC67}
		{0AAF4D09-78F1-4C27-881E-51F76416BC42} = {1A97C8E3-CFED-45CC-9E67-5AEF414BAC67}
		{187E9435-BC39-48B8-86F1-D2BD2C94E48D} = {1A97C8E3-CFED-45CC-9E67-5AEF414BAC67}
		{BC62F3FE-1654-4576-819E-6B71AE2F84F0} = {1A97C8E3-CFED-45CC-9E67-5AEF414BAC67}
		{188520C2-A5C5-4106-B07D-E77D1C869D28} = {1A97C8E3-CFED-45CC-9E67-5AEF414BAC67}
		{D2DFA50B-66D7-45BA-A359-6E9700DE58A0} = {1A97C8E3-CFED-45CC-9E67-5AEF414BAC67}
		{2255A3EF-2621-4C2C-A021-2B43A90C9D23} = {52E0FA85-2DFC-46E8-9863-59873D7D153F}
		{31807635-4394-4712-8A1A-C1701B8FFCBC} = {52E0FA85-2DFC-46E8-9863-59873D7D153F}
		{DBC882FB-F9F5-425A-BDD0-392EA6451B5A} = {047F672F-0E89-41EC-AAD2-FD783AB30AE6}
		{300EC26F-5C97-4EAB-B4D9-4DEB0FCE8C38} = {047F672F-0E89-41EC-AAD2-FD783AB30AE6}
		{851B3404-5565-485D-BEA8-2EFFDF85EC3E} = {52E0FA85-2DFC-46E8-9863-59873D7D153F}
		{2E0E43D0-64DB-40CE-8A30-087D9C195569} = {52E0FA85-2DFC-46E8-9863-59873D7D153F}
		{2C24EF44-86D3-44D8-AD82-CD53037C0335} = {010AEB3B-E09C-420B-954F-1AE5446AC373}
		{B2C2A033-D8DC-4338-94EA-048AE8626931} = {010AEB3B-E09C-420B-954F-1AE5446AC373}
		{E739918F-A0A6-4A71-9D22-339F254B7215} = {010AEB3B-E09C-420B-954F-1AE5446AC373}
		{790BE5D5-89A3-43BA-BE02-678B070C170F} = {010AEB3B-E09C-420B-954F-1AE5446AC373}
		{467A0594-1737-4199-BDAC-BDBCDA3FA24D} = {010AEB3B-E09C-420B-954F-1AE5446AC373}
		{2D70113C-1FA0-4E63-993B-FBEED6D6133F} = {010AEB3B-E09C-420B-954F-1AE5446AC373}
		{02DD4B1A-39BB-48C3-AFB3-5A2812E69108} = {010AEB3B-E09C-420B-954F-1AE5446AC373}
		{5FCE8974-FC00-3DFF-8423-165B5E4970C6} = {F0EE976E-A2EA-4B31-9841-29E28717DCAB}
		{CE868C11-1A93-3F5A-A4E8-9E44DEA106CE} = {F0EE976E-A2EA-4B31-9841-29E28717DCAB}
		{A1150568-8320-3DBA-BB95-58CCB87DD563} = {F0EE976E-A2EA-4B31-9841-29E28717DCAB}
		{F0EE976E-A2EA-4B31-9841-29E28717DCAB} = {010AEB3B-E09C-420B-954F-1AE5446AC373}
		{AD149EDA-0C4B-3B12-B467-3B600B5B8A65} = {F0EE976E-A2EA-4B31-9841-29E28717DCAB}
		{F890B443-9CC2-4EBF-B59F-0828190B552F} = {010AEB3B-E09C-420B-954F-1AE5446AC373}
		{812921A2-FA06-438C-8D7C-8D018440AAA9} = {010AEB3B-E09C-420B-954F-1AE5446AC373}
		{D371252A-279A-4BD6-A9C1-C6E8CE544343} = {010AEB3B-E09C-420B-954F-1AE5446AC373}
		{D7EA7E25-AE3D-3354-B34C-75BFCD39C4C6} = {D371252A-279A-4BD6-A9C1-C6E8CE544343}
		{7D2F401D-7AA0-37FD-A633-74E862D2284F} = {D371252A-279A-4BD6-A9C1-C6E8CE544343}
		{461EE012-50ED-3CB1-83AA-412309540784} = {D371252A-279A-4BD6-A9C1-C6E8CE544343}
		{94309597-D99E-39B5-B17B-495DBFB5E60C} = {D371252A-279A-4BD6-A9C1-C6E8CE544343}
		{3F931D7F-6CCC-37E1-9112-DDCD1A43640A} = {812921A2-FA06-438C-8D7C-8D018440AAA9}
		{73824CFF-F908-3094-A67F-2D0012D5460F} = {812921A2-FA06-438C-8D7C-8D018440AAA9}
		{1A97C8E3-CFED-45CC-9E67-5AEF414BAC67} = {52E0FA85-2DFC-46E8-9863-59873D7D153F}
		{056E59A9-5170-3885-99B9-E3E27C33134F} = {010AEB3B-E09C-420B-954F-1AE5446AC373}
		{F619200B-FE1E-4CC9-8D0A-3A10AA42AD90} = {047F672F-0E89-41EC-AAD2-FD783AB30AE6}
		{2618F31F-D8CE-464C-99CA-46DE12FA7F82} = {52E0FA85-2DFC-46E8-9863-59873D7D153F}
		{042C8493-BBDE-4021-9865-E9DB86E14D37} = {52E0FA85-2DFC-46E8-9863-59873D7D153F}
		{047F672F-0E89-41EC-AAD2-FD783AB30AE6} = {52E0FA85-2DFC-46E8-9863-59873D7D153F}
	EndGlobalSection
	GlobalSection(ExtensibilityGlobals) = postSolution
		SolutionGuid = {29098642-ACEA-4447-8AAA-5DDC9AF78570}
	EndGlobalSection
EndGlobal
