<?xml version="1.0" encoding="utf-8"?>
<Project ToolsVersion="4.0" xmlns="http://schemas.microsoft.com/developer/msbuild/2003">
  <ItemGroup>
    <ClCompile Include="MultLightsSpace.cpp" />
    <ClCompile Include="..\glad.c">
      <Filter>Misc</Filter>
    </ClCompile>
    <ClCompile Include="..\FreeCamera.cpp">
      <Filter>Script</Filter>
    </ClCompile>
    <ClCompile Include="Level_0.cpp">
      <Filter>Level</Filter>
    </ClCompile>
  </ItemGroup>
  <ItemGroup>
    <ClInclude Include="MultLightsSpace.h" />
    <ClInclude Include="..\FreeCamera.h">
      <Filter>Script</Filter>
    </ClInclude>
    <ClInclude Include="Level_0.h">
      <Filter>Level</Filter>
    </ClInclude>
  </ItemGroup>
  <ItemGroup>
    <Filter Include="Misc">
      <UniqueIdentifier>{59310df1-b956-4002-96fd-56e7a7761126}</UniqueIdentifier>
    </Filter>
    <Filter Include="Level">
      <UniqueIdentifier>{6da1319d-e3dd-47fe-b4a9-e6d8c76242d4}</UniqueIdentifier>
    </Filter>
    <Filter Include="Script">
      <UniqueIdentifier>{1f12176a-6e98-4365-9771-a65cf6843628}</UniqueIdentifier>
    </Filter>
  </ItemGroup>
</Project>