<?xml version="1.0" encoding="utf-8"?>
<Project ToolsVersion="4.0" xmlns="http://schemas.microsoft.com/developer/msbuild/2003">
  <ItemGroup>
    <ClCompile Include="HDRSpace.cpp" />
    <ClCompile Include="Level_0.cpp">
      <Filter>Level</Filter>
    </ClCompile>
    <ClCompile Include="..\FreeCamera.cpp">
      <Filter>Script</Filter>
    </ClCompile>
  </ItemGroup>
  <ItemGroup>
    <ClInclude Include="HDRSpace.h" />
    <ClInclude Include="Level_0.h">
      <Filter>Level</Filter>
    </ClInclude>
    <ClInclude Include="..\FreeCamera.h">
      <Filter>Script</Filter>
    </ClInclude>
  </ItemGroup>
  <ItemGroup>
    <Filter Include="Misc">
      <UniqueIdentifier>{d11917fb-db77-4ea2-bcb6-4c3489993a31}</UniqueIdentifier>
    </Filter>
    <Filter Include="Level">
      <UniqueIdentifier>{6eca14bc-fdb9-4579-b1c3-6465101b7f25}</UniqueIdentifier>
    </Filter>
    <Filter Include="Script">
      <UniqueIdentifier>{0ff5da1c-8c9c-47dd-8903-611c01ae5565}</UniqueIdentifier>
    </Filter>
  </ItemGroup>
</Project>