<?xml version="1.0" encoding="utf-8"?>
<Project ToolsVersion="4.0" xmlns="http://schemas.microsoft.com/developer/msbuild/2003">
  <ItemGroup>
    <ClCompile Include="PBRSpace.cpp" />
    <ClCompile Include="Level_0.cpp">
      <Filter>Level</Filter>
    </ClCompile>
    <ClCompile Include="..\FreeCamera.cpp">
      <Filter>Script</Filter>
    </ClCompile>
  </ItemGroup>
  <ItemGroup>
    <ClInclude Include="PBRSpace.h" />
    <ClInclude Include="Level_0.h">
      <Filter>Level</Filter>
    </ClInclude>
    <ClInclude Include="..\FreeCamera.h">
      <Filter>Script</Filter>
    </ClInclude>
  </ItemGroup>
  <ItemGroup>
    <Filter Include="Script">
      <UniqueIdentifier>{8d4295ee-ee74-41fb-80c6-01cabc176cb3}</UniqueIdentifier>
    </Filter>
    <Filter Include="Level">
      <UniqueIdentifier>{3919ba6a-896e-4033-a240-f96e760ae3d4}</UniqueIdentifier>
    </Filter>
  </ItemGroup>
</Project>