<?xml version="1.0" encoding="utf-8"?>
<Project ToolsVersion="4.0" xmlns="http://schemas.microsoft.com/developer/msbuild/2003">
  <ItemGroup>
    <Filter Include="Level">
      <UniqueIdentifier>{bebb9449-d03e-49da-a821-2170f5a2ad6c}</UniqueIdentifier>
    </Filter>
    <Filter Include="Script">
      <UniqueIdentifier>{681be725-ec72-4ccd-8f61-dfc57e130fb5}</UniqueIdentifier>
    </Filter>
    <Filter Include="Msic">
      <UniqueIdentifier>{5febbadd-9b65-48d9-ad39-29fde51c98c9}</UniqueIdentifier>
    </Filter>
  </ItemGroup>
  <ItemGroup>
    <ClCompile Include="Level_0.cpp">
      <Filter>Level</Filter>
    </ClCompile>
    <ClCompile Include="glad.c">
      <Filter>Msic</Filter>
    </ClCompile>
    <ClCompile Include="WorkSpace.cpp" />
    <ClCompile Include="FreeCamera.cpp">
      <Filter>Script</Filter>
    </ClCompile>
  </ItemGroup>
  <ItemGroup>
    <ClInclude Include="Level_0.h">
      <Filter>Level</Filter>
    </ClInclude>
    <ClInclude Include="WorkSpace.h" />
    <ClInclude Include="FreeCamera.h">
      <Filter>Script</Filter>
    </ClInclude>
  </ItemGroup>
</Project>