<?xml version="1.0" encoding="utf-8"?>
<Project ToolsVersion="4.0" xmlns="http://schemas.microsoft.com/developer/msbuild/2003">
  <ItemGroup>
    <ClCompile Include="MoreCameraSpace.cpp" />
    <ClCompile Include="..\FreeCamera.cpp">
      <Filter>Script</Filter>
    </ClCompile>
    <ClCompile Include="..\glad.c">
      <Filter>Misc</Filter>
    </ClCompile>
    <ClCompile Include="Level_0.cpp">
      <Filter>Level</Filter>
    </ClCompile>
  </ItemGroup>
  <ItemGroup>
    <ClInclude Include="MoreCameraSpace.h" />
    <ClInclude Include="..\FreeCamera.h">
      <Filter>Script</Filter>
    </ClInclude>
    <ClInclude Include="Level_0.h">
      <Filter>Level</Filter>
    </ClInclude>
  </ItemGroup>
  <ItemGroup>
    <Filter Include="Misc">
      <UniqueIdentifier>{eb6354ae-9833-4e1f-8364-00ff1d96ab84}</UniqueIdentifier>
    </Filter>
    <Filter Include="Level">
      <UniqueIdentifier>{6d4aff29-9eaa-4d88-b84f-b446e3fb1212}</UniqueIdentifier>
    </Filter>
    <Filter Include="Script">
      <UniqueIdentifier>{1fc7f4c2-36ac-4260-85c4-157f26d907c4}</UniqueIdentifier>
    </Filter>
  </ItemGroup>
</Project>