<?xml version="1.0" encoding="utf-8"?>
<Project ToolsVersion="4.0" xmlns="http://schemas.microsoft.com/developer/msbuild/2003">
  <ItemGroup>
    <Filter Include="Shaders">
      <UniqueIdentifier>{8a0bcce9-25c4-4e41-a228-f665d01e6385}</UniqueIdentifier>
    </Filter>
    <Filter Include="Shaders\PointShadow">
      <UniqueIdentifier>{35c95572-4ab6-46f3-a3b6-78a5cd1f3ffd}</UniqueIdentifier>
    </Filter>
    <Filter Include="Shaders\ShadowMapping">
      <UniqueIdentifier>{33964d92-b73c-4458-8155-c5a26618aed8}</UniqueIdentifier>
    </Filter>
    <Filter Include="Shaders\HDR">
      <UniqueIdentifier>{44df51a8-675f-4804-98de-343fd76c34c7}</UniqueIdentifier>
    </Filter>
    <Filter Include="Shaders\Bloom">
      <UniqueIdentifier>{cdc49bd7-63fe-466b-b58b-cf36499ee21a}</UniqueIdentifier>
    </Filter>
    <Filter Include="Shaders\DeferredShading">
      <UniqueIdentifier>{ea7d9ed2-0b78-4bd8-a384-51ddc8d8d9d5}</UniqueIdentifier>
    </Filter>
    <Filter Include="Shaders\SSAO">
      <UniqueIdentifier>{50020f3c-a86e-40ae-917d-972812a51479}</UniqueIdentifier>
    </Filter>
    <Filter Include="Shaders\PBR">
      <UniqueIdentifier>{23858008-47d5-4c64-a52b-a2b04e71fc6d}</UniqueIdentifier>
    </Filter>
    <Filter Include="Shaders\HDRmap">
      <UniqueIdentifier>{9dfd19f3-1cae-4b99-a928-2e451cef5b2d}</UniqueIdentifier>
    </Filter>
    <Filter Include="Shaders\SkyBox">
      <UniqueIdentifier>{2a90d86c-02f4-4fd5-933d-3cb5124aba20}</UniqueIdentifier>
    </Filter>
    <Filter Include="Shaders\Explode">
      <UniqueIdentifier>{52bed4cf-7cb2-49f5-bc92-eb2648025862}</UniqueIdentifier>
    </Filter>
    <Filter Include="Shaders\PostTreatment">
      <UniqueIdentifier>{d8549269-ae12-4dd3-9932-a527f616cd2c}</UniqueIdentifier>
    </Filter>
    <Filter Include="Source">
      <UniqueIdentifier>{5e4903b3-3238-452f-90aa-7a9470bbf424}</UniqueIdentifier>
    </Filter>
    <Filter Include="Source\RunTime">
      <UniqueIdentifier>{a22eca93-8955-44aa-8d78-72725929ee3b}</UniqueIdentifier>
    </Filter>
    <Filter Include="Source\RunTime\Utilities">
      <UniqueIdentifier>{51a116e6-9027-4a4d-89da-b8a19d4f9721}</UniqueIdentifier>
    </Filter>
    <Filter Include="Source\RunTime\Preinstall">
      <UniqueIdentifier>{e57c7b8e-5a6e-4e98-acb0-c7a66feac3cf}</UniqueIdentifier>
    </Filter>
    <Filter Include="Source\RunTime\Engine">
      <UniqueIdentifier>{4150dfc0-dbc8-4479-ba98-1e2b466f636e}</UniqueIdentifier>
    </Filter>
    <Filter Include="Source\RunTime\Math">
      <UniqueIdentifier>{2ea7626d-bd79-4e6c-9189-436d932179c7}</UniqueIdentifier>
    </Filter>
    <Filter Include="Source\RunTime\Adapter">
      <UniqueIdentifier>{27157323-731c-429e-8d07-9b1d5b4c1bae}</UniqueIdentifier>
    </Filter>
    <Filter Include="Source\RunTime\Audio">
      <UniqueIdentifier>{0ed2b5ca-e176-4acd-8bce-81a9acba00bc}</UniqueIdentifier>
    </Filter>
    <Filter Include="Source\RunTime\Audio\Component">
      <UniqueIdentifier>{9459bcf0-349c-4be7-b95e-cb2124e61d38}</UniqueIdentifier>
    </Filter>
    <Filter Include="Source\RunTime\BaseSpace">
      <UniqueIdentifier>{5d3c0017-7394-49d5-80b8-b5da9e2e3058}</UniqueIdentifier>
    </Filter>
    <Filter Include="Source\RunTime\Behavior">
      <UniqueIdentifier>{adf874be-b7a3-4c88-a38d-0dbc0d6f92aa}</UniqueIdentifier>
    </Filter>
    <Filter Include="Source\RunTime\Graphics">
      <UniqueIdentifier>{1b663dd1-be85-4cfd-a826-1ac9348d0cab}</UniqueIdentifier>
    </Filter>
    <Filter Include="Source\RunTime\Graphics\Component">
      <UniqueIdentifier>{5a1244eb-68a6-4077-b9dd-9d2de5fc767f}</UniqueIdentifier>
    </Filter>
    <Filter Include="Source\RunTime\Graphics\Component\Mesh">
      <UniqueIdentifier>{09483b16-a358-4d36-9f48-eeb95c95612f}</UniqueIdentifier>
    </Filter>
    <Filter Include="Source\RunTime\Graphics\Component\Abstract">
      <UniqueIdentifier>{19379c9f-00c0-4c1d-a36a-dee221e60cad}</UniqueIdentifier>
    </Filter>
    <Filter Include="Source\RunTime\Graphics\Component\Camera">
      <UniqueIdentifier>{a29b1769-23c4-4c1a-8d01-bc292efdc32f}</UniqueIdentifier>
    </Filter>
    <Filter Include="Source\RunTime\Graphics\Component\Camera\TempIntegrated">
      <UniqueIdentifier>{3b3f2f51-ea6f-4ed3-808a-d3e50a96cbc2}</UniqueIdentifier>
    </Filter>
    <Filter Include="Source\RunTime\Graphics\OpenGL">
      <UniqueIdentifier>{8837c247-60cf-4122-ba66-d22c7ea6836b}</UniqueIdentifier>
    </Filter>
    <Filter Include="Source\RunTime\IO">
      <UniqueIdentifier>{9e0f4c4f-a58f-457c-a0bc-8760fd1febed}</UniqueIdentifier>
    </Filter>
    <Filter Include="Source\RunTime\Physics">
      <UniqueIdentifier>{5288e7e2-2792-46c2-a149-cf7ac406e842}</UniqueIdentifier>
    </Filter>
    <Filter Include="Source\RunTime\Physics\Component">
      <UniqueIdentifier>{47d268d7-73c8-402e-bd60-8eb4795bf8c9}</UniqueIdentifier>
    </Filter>
    <Filter Include="Source\RunTime\Physics\Component\2D">
      <UniqueIdentifier>{3fb9f8bc-70d4-430c-84ac-21dccad80811}</UniqueIdentifier>
    </Filter>
    <Filter Include="Source\RunTime\Physics\Component\3D">
      <UniqueIdentifier>{e428ff78-5a13-47af-a327-5e7c842a0842}</UniqueIdentifier>
    </Filter>
    <Filter Include="Source\RunTime\Renderer">
      <UniqueIdentifier>{f40e51bf-6d41-42d2-87be-32a8118683f4}</UniqueIdentifier>
    </Filter>
    <Filter Include="Source\RunTime\Resource">
      <UniqueIdentifier>{51488be7-979a-487d-96bb-61e29a13fe90}</UniqueIdentifier>
    </Filter>
    <Filter Include="Source\RunTime\Scene">
      <UniqueIdentifier>{b2e601c5-a25a-4fca-9602-11574915ae55}</UniqueIdentifier>
    </Filter>
    <Filter Include="Source\RunTime\Script">
      <UniqueIdentifier>{bb15b15e-830e-40ad-8e32-6b8af2149580}</UniqueIdentifier>
    </Filter>
    <Filter Include="Source\RunTime\Time">
      <UniqueIdentifier>{b8872107-ade2-45c8-bc07-e932b0cf1c68}</UniqueIdentifier>
    </Filter>
    <Filter Include="Source\RunTime\UI">
      <UniqueIdentifier>{5df721f7-bd82-475a-9ff8-5a1669204527}</UniqueIdentifier>
    </Filter>
    <Filter Include="Source\RunTime\Code">
      <UniqueIdentifier>{a9fd5a6c-c5d8-4386-9a88-670ec59ae41d}</UniqueIdentifier>
    </Filter>
    <Filter Include="Source\RunTime\Resource\Temp">
      <UniqueIdentifier>{c2f6d330-a48f-4808-b3eb-f86169546498}</UniqueIdentifier>
    </Filter>
    <Filter Include="Source\RunTime\Graphics\Component\Texture">
      <UniqueIdentifier>{0af441cf-c689-40c5-8c99-d84471d9fc8e}</UniqueIdentifier>
    </Filter>
    <Filter Include="Source\RunTime\_Abandon">
      <UniqueIdentifier>{19e0e4f9-3ea5-41bf-b6d6-68fc2f47d7ca}</UniqueIdentifier>
    </Filter>
    <Filter Include="Source\RunTime\Adapter\FreeType">
      <UniqueIdentifier>{753dc89a-9394-4322-9af8-4a5d26607899}</UniqueIdentifier>
    </Filter>
    <Filter Include="Source\RunTime\FileSystem">
      <UniqueIdentifier>{5503781c-61e1-4087-b1ca-b28c8b2380b5}</UniqueIdentifier>
    </Filter>
    <Filter Include="Source\RunTime\Interface">
      <UniqueIdentifier>{1aaba6fb-4a0e-4b88-ae17-ed1a1669211c}</UniqueIdentifier>
    </Filter>
  </ItemGroup>
  <ItemGroup>
    <None Include="Shader\au_texture_transform.aufs">
      <Filter>Shaders</Filter>
    </None>
    <None Include="Shader\au_light.auvs">
      <Filter>Shaders</Filter>
    </None>
    <None Include="Shader\au_light.aufs">
      <Filter>Shaders</Filter>
    </None>
    <None Include="Shader\au_light_model_loading.auvs">
      <Filter>Shaders</Filter>
    </None>
    <None Include="Shader\au_light_model_loading.aufs">
      <Filter>Shaders</Filter>
    </None>
    <None Include="Shader\au_test_light_model_loading.aufs">
      <Filter>Shaders</Filter>
    </None>
    <None Include="Shader\au_test_light_model_loading.auvs">
      <Filter>Shaders</Filter>
    </None>
    <None Include="Shader\au_normal_mapping.aufs">
      <Filter>Shaders</Filter>
    </None>
    <None Include="Shader\au_normal_mapping.auvs">
      <Filter>Shaders</Filter>
    </None>
    <None Include="Shader\au_light_map_model_loading.auvs">
      <Filter>Shaders</Filter>
    </None>
    <None Include="Shader\au_light_map_model_loading.aufs">
      <Filter>Shaders</Filter>
    </None>
    <None Include="Shader\au_parallax_mapping.auvs">
      <Filter>Shaders</Filter>
    </None>
    <None Include="Shader\au_parallax_mapping.aufs">
      <Filter>Shaders</Filter>
    </None>
    <None Include="Shader\au_shadow_mapping_depth.auvs">
      <Filter>Shaders\ShadowMapping</Filter>
    </None>
    <None Include="Shader\au_shadow_mapping.aufs">
      <Filter>Shaders\ShadowMapping</Filter>
    </None>
    <None Include="Shader\au_shadow_mapping.auvs">
      <Filter>Shaders\ShadowMapping</Filter>
    </None>
    <None Include="Shader\au_shadow_mapping_depth.aufs">
      <Filter>Shaders\ShadowMapping</Filter>
    </None>
    <None Include="Shader\au_point_shadows_depth.auvs">
      <Filter>Shaders\PointShadow</Filter>
    </None>
    <None Include="Shader\au_point_shadows.aufs">
      <Filter>Shaders\PointShadow</Filter>
    </None>
    <None Include="Shader\au_point_shadows.auvs">
      <Filter>Shaders\PointShadow</Filter>
    </None>
    <None Include="Shader\au_point_shadows_depth.aufs">
      <Filter>Shaders\PointShadow</Filter>
    </None>
    <None Include="Shader\au_point_shadows_depth.augs">
      <Filter>Shaders\PointShadow</Filter>
    </None>
    <None Include="Shader\au_lighting.auvs">
      <Filter>Shaders\HDR</Filter>
    </None>
    <None Include="Shader\au_hdr.aufs">
      <Filter>Shaders\HDR</Filter>
    </None>
    <None Include="Shader\au_hdr.auvs">
      <Filter>Shaders\HDR</Filter>
    </None>
    <None Include="Shader\au_lighting.aufs">
      <Filter>Shaders\HDR</Filter>
    </None>
    <None Include="Shader\au_bloom.aufs">
      <Filter>Shaders\Bloom</Filter>
    </None>
    <None Include="Shader\au_bloom.auvs">
      <Filter>Shaders\Bloom</Filter>
    </None>
    <None Include="Shader\au_bloom_blur.aufs">
      <Filter>Shaders\Bloom</Filter>
    </None>
    <None Include="Shader\au_bloom_blur.auvs">
      <Filter>Shaders\Bloom</Filter>
    </None>
    <None Include="Shader\au_bloom_final.aufs">
      <Filter>Shaders\Bloom</Filter>
    </None>
    <None Include="Shader\au_bloom_final.auvs">
      <Filter>Shaders\Bloom</Filter>
    </None>
    <None Include="Shader\au_bloom_light_box.aufs">
      <Filter>Shaders\Bloom</Filter>
    </None>
    <None Include="Shader\au_deffered_light_box.aufs">
      <Filter>Shaders\DeferredShading</Filter>
    </None>
    <None Include="Shader\au_deffered_light_box.auvs">
      <Filter>Shaders\DeferredShading</Filter>
    </None>
    <None Include="Shader\au_deffered_shading.auvs">
      <Filter>Shaders\DeferredShading</Filter>
    </None>
    <None Include="Shader\au_g_buffer.auvs">
      <Filter>Shaders\DeferredShading</Filter>
    </None>
    <None Include="Shader\au_g_buffer.aufs">
      <Filter>Shaders\DeferredShading</Filter>
    </None>
    <None Include="Shader\au_ssao_lighting.aufs">
      <Filter>Shaders\SSAO</Filter>
    </None>
    <None Include="Shader\au_ssao.aufs">
      <Filter>Shaders\SSAO</Filter>
    </None>
    <None Include="Shader\au_ssao_blur.aufs">
      <Filter>Shaders\SSAO</Filter>
    </None>
    <None Include="Shader\au_ssao_geometry.aufs">
      <Filter>Shaders\SSAO</Filter>
    </None>
    <None Include="Shader\au_ssao_geometry.auvs">
      <Filter>Shaders\SSAO</Filter>
    </None>
    <None Include="Shader\au_pbr_texture.aufs">
      <Filter>Shaders\PBR</Filter>
    </None>
    <None Include="Shader\au_pbr.auvs">
      <Filter>Shaders\PBR</Filter>
    </None>
    <None Include="Shader\au_pbr.aufs">
      <Filter>Shaders\PBR</Filter>
    </None>
    <None Include="Shader\au_hdr_skybox_brdf.auvs">
      <Filter>Shaders\HDRmap</Filter>
    </None>
    <None Include="Shader\au_hdr_skybox_equirectangular_to_cubemap.aufs">
      <Filter>Shaders\HDRmap</Filter>
    </None>
    <None Include="Shader\au_hdr_skybox_background.aufs">
      <Filter>Shaders\HDRmap</Filter>
    </None>
    <None Include="Shader\au_hdr_skybox_background.auvs">
      <Filter>Shaders\HDRmap</Filter>
    </None>
    <None Include="Shader\au_hdr_skybox_brdf.aufs">
      <Filter>Shaders\HDRmap</Filter>
    </None>
    <None Include="Shader\au_hdr_skybox_cubemap.auvs">
      <Filter>Shaders\HDRmap</Filter>
    </None>
    <None Include="Shader\au_hdr_skybox_irradiance_convolution.aufs">
      <Filter>Shaders\HDRmap</Filter>
    </None>
    <None Include="Shader\au_hdr_skybox_prefilter.aufs">
      <Filter>Shaders\HDRmap</Filter>
    </None>
    <None Include="Shader\au_pbr_hdr.aufs">
      <Filter>Shaders\PBR</Filter>
    </None>
    <None Include="Shader\au_pbr_hdr_trxture.aufs">
      <Filter>Shaders\PBR</Filter>
    </None>
    <None Include="Shader\au_skybox.auvs">
      <Filter>Shaders\SkyBox</Filter>
    </None>
    <None Include="Shader\au_skybox.aufs">
      <Filter>Shaders\SkyBox</Filter>
    </None>
    <None Include="Shader\au_skybox_cube.auvs">
      <Filter>Shaders\SkyBox</Filter>
    </None>
    <None Include="Shader\au_skybox_cube.aufs">
      <Filter>Shaders\SkyBox</Filter>
    </None>
    <None Include="Shader\au_skybox_cube_refract.aufs">
      <Filter>Shaders\SkyBox</Filter>
    </None>
    <None Include="Shader\au_vertex_explode.auvs">
      <Filter>Shaders\Explode</Filter>
    </None>
    <None Include="Shader\au_vertex_explode.aufs">
      <Filter>Shaders\Explode</Filter>
    </None>
    <None Include="Shader\au_vertex_explode.augs">
      <Filter>Shaders\Explode</Filter>
    </None>
    <None Include="Shader\au_hard_point_shadows.aufs">
      <Filter>Shaders\PointShadow</Filter>
    </None>
    <None Include="Shader\au_offscreen.auvs">
      <Filter>Shaders</Filter>
    </None>
    <None Include="Shader\au_offscreen.aufs">
      <Filter>Shaders</Filter>
    </None>
    <None Include="Shader\au_offscreen_blur.aufs">
      <Filter>Shaders\PostTreatment</Filter>
    </None>
    <None Include="Shader\au_offscreen_edge_detection.aufs">
      <Filter>Shaders\PostTreatment</Filter>
    </None>
    <None Include="Shader\au_offscreen_grayscale.aufs">
      <Filter>Shaders\PostTreatment</Filter>
    </None>
    <None Include="Shader\au_offscreen_inversion.aufs">
      <Filter>Shaders\PostTreatment</Filter>
    </None>
    <None Include="Shader\au_offscreen_sharpen.aufs">
      <Filter>Shaders\PostTreatment</Filter>
    </None>
    <None Include="Shader\au_ssao.auvs">
      <Filter>Shaders\SSAO</Filter>
    </None>
    <None Include="Shader\au_deffered_shading.aufs">
      <Filter>Shaders\DeferredShading</Filter>
    </None>
    <None Include="Shader\au_texture_transform.auvs">
      <Filter>Shaders</Filter>
    </None>
    <None Include="ClassDiagram.cd" />
  </ItemGroup>
  <ItemGroup>
    <ClInclude Include="Source\RunTime\Includes\Math\Color.h">
      <Filter>Source\RunTime\Math</Filter>
    </ClInclude>
    <ClInclude Include="Source\RunTime\Includes\Math\FloatConversion.h">
      <Filter>Source\RunTime\Math</Filter>
    </ClInclude>
    <ClInclude Include="Source\RunTime\Includes\Math\Math.h">
      <Filter>Source\RunTime\Math</Filter>
    </ClInclude>
    <ClInclude Include="Source\RunTime\Includes\Math\MathBase.h">
      <Filter>Source\RunTime\Math</Filter>
    </ClInclude>
    <ClInclude Include="Source\RunTime\Includes\Math\Matrix3x3.h">
      <Filter>Source\RunTime\Math</Filter>
    </ClInclude>
    <ClInclude Include="Source\RunTime\Includes\Math\Matrix4x4.h">
      <Filter>Source\RunTime\Math</Filter>
    </ClInclude>
    <ClInclude Include="Source\RunTime\Includes\Math\Quaternion.h">
      <Filter>Source\RunTime\Math</Filter>
    </ClInclude>
    <ClInclude Include="Source\RunTime\Includes\Math\Rand.h">
      <Filter>Source\RunTime\Math</Filter>
    </ClInclude>
    <ClInclude Include="Source\RunTime\Includes\Math\Rect.h">
      <Filter>Source\RunTime\Math</Filter>
    </ClInclude>
    <ClInclude Include="Source\RunTime\Includes\Math\Vector2.h">
      <Filter>Source\RunTime\Math</Filter>
    </ClInclude>
    <ClInclude Include="Source\RunTime\Includes\Math\Vector3.h">
      <Filter>Source\RunTime\Math</Filter>
    </ClInclude>
    <ClInclude Include="Source\RunTime\Includes\Math\Vector4.h">
      <Filter>Source\RunTime\Math</Filter>
    </ClInclude>
    <ClInclude Include="Source\RunTime\Includes\Ambient.h">
      <Filter>Source\RunTime\Code</Filter>
    </ClInclude>
    <ClInclude Include="Source\RunTime\Includes\Application.h">
      <Filter>Source\RunTime</Filter>
    </ClInclude>
    <ClInclude Include="Source\RunTime\Includes\Audio.h">
      <Filter>Source\RunTime\Audio</Filter>
    </ClInclude>
    <ClInclude Include="Source\RunTime\Includes\AudioListener.h">
      <Filter>Source\RunTime\Audio\Component</Filter>
    </ClInclude>
    <ClInclude Include="Source\RunTime\Includes\AudioSource.h">
      <Filter>Source\RunTime\Audio\Component</Filter>
    </ClInclude>
    <ClInclude Include="Source\RunTime\Includes\Auto.h">
      <Filter>Source\RunTime</Filter>
    </ClInclude>
    <ClInclude Include="Source\RunTime\Includes\AutoImage.h">
      <Filter>Source\RunTime\Adapter</Filter>
    </ClInclude>
    <ClInclude Include="Source\RunTime\Includes\AutoOAL.h">
      <Filter>Source\RunTime\Adapter</Filter>
    </ClInclude>
    <ClInclude Include="Source\RunTime\Includes\AutoOGL.h">
      <Filter>Source\RunTime\Adapter</Filter>
    </ClInclude>
    <ClInclude Include="Source\RunTime\Includes\AutoPhysics2D.h">
      <Filter>Source\RunTime\Adapter</Filter>
    </ClInclude>
    <ClInclude Include="Source\RunTime\Includes\AutoSTL.h">
      <Filter>Source\RunTime\Adapter</Filter>
    </ClInclude>
    <ClInclude Include="Source\RunTime\Includes\BaseMesh.h">
      <Filter>Source\RunTime\Graphics\Component\Camera</Filter>
    </ClInclude>
    <ClInclude Include="Source\RunTime\Includes\BaseSpace.h">
      <Filter>Source\RunTime\BaseSpace</Filter>
    </ClInclude>
    <ClInclude Include="Source\RunTime\Includes\Behavior.h">
      <Filter>Source\RunTime\Behavior</Filter>
    </ClInclude>
    <ClInclude Include="Source\RunTime\Includes\BehaviorObject.h">
      <Filter>Source\RunTime\Behavior</Filter>
    </ClInclude>
    <ClInclude Include="Source\RunTime\Includes\Bloom.h">
      <Filter>Source\RunTime\Graphics\Component\Camera\TempIntegrated</Filter>
    </ClInclude>
    <ClInclude Include="Source\RunTime\Includes\Camera.h">
      <Filter>Source\RunTime\Graphics\Component\Camera</Filter>
    </ClInclude>
    <ClInclude Include="Source\RunTime\Includes\Collider2D.h">
      <Filter>Source\RunTime\Physics\Component\2D</Filter>
    </ClInclude>
    <ClInclude Include="Source\RunTime\Includes\ColliderBox2D.h">
      <Filter>Source\RunTime\Physics\Component\2D</Filter>
    </ClInclude>
    <ClInclude Include="Source\RunTime\Includes\Component.h">
      <Filter>Source\RunTime\Code</Filter>
    </ClInclude>
    <ClInclude Include="Source\RunTime\Includes\DeferredShading.h">
      <Filter>Source\RunTime\Graphics\Component\Camera\TempIntegrated</Filter>
    </ClInclude>
    <ClInclude Include="Source\RunTime\Includes\DeviceTypes.h">
      <Filter>Source\RunTime\Graphics</Filter>
    </ClInclude>
    <ClInclude Include="Source\RunTime\Includes\Engine.h">
      <Filter>Source\RunTime\Engine</Filter>
    </ClInclude>
    <ClInclude Include="Source\RunTime\Includes\GameManager.h">
      <Filter>Source\RunTime\Code</Filter>
    </ClInclude>
    <ClInclude Include="Source\RunTime\Includes\Geometry.h">
      <Filter>Source\RunTime\Graphics</Filter>
    </ClInclude>
    <ClInclude Include="Source\RunTime\Includes\GLMeshEnable.h">
      <Filter>Source\RunTime\Graphics</Filter>
    </ClInclude>
    <ClInclude Include="Source\RunTime\Includes\GLTextureEnable.h">
      <Filter>Source\RunTime\Graphics</Filter>
    </ClInclude>
    <ClInclude Include="Source\RunTime\Includes\Graphics.h">
      <Filter>Source\RunTime\Graphics</Filter>
    </ClInclude>
    <ClInclude Include="Source\RunTime\Includes\HDRSkybox.h">
      <Filter>Source\RunTime\Graphics\Component\Camera\TempIntegrated</Filter>
    </ClInclude>
    <ClInclude Include="Source\RunTime\Includes\InstanceBeltLine.h">
      <Filter>Source\RunTime\Preinstall</Filter>
    </ClInclude>
    <ClInclude Include="Source\RunTime\Includes\IO.h">
      <Filter>Source\RunTime\IO</Filter>
    </ClInclude>
    <ClInclude Include="Source\RunTime\Includes\LevelScene.h">
      <Filter>Source\RunTime\Scene</Filter>
    </ClInclude>
    <ClInclude Include="Source\RunTime\Includes\LightContainer.h">
      <Filter>Source\RunTime\Renderer</Filter>
    </ClInclude>
    <ClInclude Include="Source\RunTime\Includes\MeshLight.h">
      <Filter>Source\RunTime\Graphics\Component\Mesh</Filter>
    </ClInclude>
    <ClInclude Include="Source\RunTime\Includes\MeshPBR.h">
      <Filter>Source\RunTime\Graphics\Component\Mesh</Filter>
    </ClInclude>
    <ClInclude Include="Source\RunTime\Includes\MeshPBRTexture.h">
      <Filter>Source\RunTime\Graphics\Component\Mesh</Filter>
    </ClInclude>
    <ClInclude Include="Source\RunTime\Includes\MeshShadow.h">
      <Filter>Source\RunTime\Graphics\Component\Mesh</Filter>
    </ClInclude>
    <ClInclude Include="Source\RunTime\Includes\MeshShadowPoint.h">
      <Filter>Source\RunTime\Graphics\Component\Mesh</Filter>
    </ClInclude>
    <ClInclude Include="Source\RunTime\Includes\Monitors.h">
      <Filter>Source\RunTime\IO</Filter>
    </ClInclude>
    <ClInclude Include="Source\RunTime\Includes\MotionSpace.h">
      <Filter>Source\RunTime\Scene</Filter>
    </ClInclude>
    <ClInclude Include="Source\RunTime\Includes\Node.h">
      <Filter>Source\RunTime\Scene</Filter>
    </ClInclude>
    <ClInclude Include="Source\RunTime\Includes\Object.h">
      <Filter>Source\RunTime\Code</Filter>
    </ClInclude>
    <ClInclude Include="Source\RunTime\Includes\OffScreen.h">
      <Filter>Source\RunTime\Graphics\Component\Camera</Filter>
    </ClInclude>
    <ClInclude Include="Source\RunTime\Includes\OGLDebug.h">
      <Filter>Source\RunTime\Graphics\OpenGL</Filter>
    </ClInclude>
    <ClInclude Include="Source\RunTime\Includes\Physics.h">
      <Filter>Source\RunTime\Physics</Filter>
    </ClInclude>
    <ClInclude Include="Source\RunTime\Includes\PhysicsUtils.h">
      <Filter>Source\RunTime\Physics</Filter>
    </ClInclude>
    <ClInclude Include="Source\RunTime\Includes\PhysicsWorld2D.h">
      <Filter>Source\RunTime\Physics\Component\2D</Filter>
    </ClInclude>
    <ClInclude Include="Source\RunTime\Includes\Prefab.h">
      <Filter>Source\RunTime\Preinstall</Filter>
    </ClInclude>
    <ClInclude Include="Source\RunTime\Includes\PreLoadManager.h">
      <Filter>Source\RunTime\Preinstall</Filter>
    </ClInclude>
    <ClInclude Include="Source\RunTime\Includes\RenderComponent.h">
      <Filter>Source\RunTime\Graphics\Component\Abstract</Filter>
    </ClInclude>
    <ClInclude Include="Source\RunTime\Includes\Renderer.h">
      <Filter>Source\RunTime\Renderer</Filter>
    </ClInclude>
    <ClInclude Include="Source\RunTime\Includes\RigidBody2D.h">
      <Filter>Source\RunTime\Physics\Component\2D</Filter>
    </ClInclude>
    <ClInclude Include="Source\RunTime\Includes\RTTI.h">
      <Filter>Source\RunTime\Code</Filter>
    </ClInclude>
    <ClInclude Include="Source\RunTime\Includes\Scene.h">
      <Filter>Source\RunTime\Scene</Filter>
    </ClInclude>
    <ClInclude Include="Source\RunTime\Includes\Script.h">
      <Filter>Source\RunTime\Script</Filter>
    </ClInclude>
    <ClInclude Include="Source\RunTime\Includes\ScriptComponent.h">
      <Filter>Source\RunTime\Script</Filter>
    </ClInclude>
    <ClInclude Include="Source\RunTime\Includes\ShadowRenderer.h">
      <Filter>Source\RunTime\Renderer</Filter>
    </ClInclude>
    <ClInclude Include="Source\RunTime\Includes\Singleton.h">
      <Filter>Source\RunTime\Code</Filter>
    </ClInclude>
    <ClInclude Include="Source\RunTime\Includes\SkyBoxManager.h">
      <Filter>Source\RunTime\Graphics\Component\Camera</Filter>
    </ClInclude>
    <ClInclude Include="Source\RunTime\Includes\SkyBoxReflectMesh.h">
      <Filter>Source\RunTime\Graphics\Component\Camera\TempIntegrated</Filter>
    </ClInclude>
    <ClInclude Include="Source\RunTime\Includes\SSAO.h">
      <Filter>Source\RunTime\Graphics\Component\Camera\TempIntegrated</Filter>
    </ClInclude>
    <ClInclude Include="Source\RunTime\Includes\Texture.h">
      <Filter>Source\RunTime\Graphics\Component\Abstract</Filter>
    </ClInclude>
    <ClInclude Include="Source\RunTime\Includes\Texture2D.h">
      <Filter>Source\RunTime\Graphics\Component\Abstract</Filter>
    </ClInclude>
    <ClInclude Include="Source\RunTime\Includes\Texture3D.h">
      <Filter>Source\RunTime\Graphics\Component\Abstract</Filter>
    </ClInclude>
    <ClInclude Include="Source\RunTime\Includes\TextureMap.h">
      <Filter>Source\RunTime\Graphics\Component\Abstract</Filter>
    </ClInclude>
    <ClInclude Include="Source\RunTime\Includes\Time.h">
      <Filter>Source\RunTime\Time</Filter>
    </ClInclude>
    <ClInclude Include="Source\RunTime\Includes\Timer.h">
      <Filter>Source\RunTime\Time</Filter>
    </ClInclude>
    <ClInclude Include="Source\RunTime\Includes\UI.h">
      <Filter>Source\RunTime\UI</Filter>
    </ClInclude>
    <ClInclude Include="Source\RunTime\Includes\VertexData.h">
      <Filter>Source\RunTime\Graphics</Filter>
    </ClInclude>
    <ClInclude Include="Source\RunTime\Includes\AutoPhysics3D.h">
      <Filter>Source\RunTime\Adapter</Filter>
    </ClInclude>
    <ClInclude Include="Source\RunTime\Includes\Collider.h">
      <Filter>Source\RunTime\Physics\Component\3D</Filter>
    </ClInclude>
    <ClInclude Include="Source\RunTime\Includes\ColliderBox.h">
      <Filter>Source\RunTime\Physics\Component\3D</Filter>
    </ClInclude>
    <ClInclude Include="Source\RunTime\Includes\PhysicsWorld.h">
      <Filter>Source\RunTime\Physics\Component\3D</Filter>
    </ClInclude>
    <ClInclude Include="Source\RunTime\Includes\RigidBody.h">
      <Filter>Source\RunTime\Physics\Component\3D</Filter>
    </ClInclude>
    <ClInclude Include="Source\RunTime\Includes\ColliderSphere.h">
      <Filter>Source\RunTime\Physics\Component\3D</Filter>
    </ClInclude>
    <ClInclude Include="Source\RunTime\Includes\FileSystem.h">
      <Filter>Source\RunTime\FileSystem</Filter>
    </ClInclude>
    <ClInclude Include="Source\RunTime\Includes\File.h">
      <Filter>Source\RunTime\FileSystem</Filter>
    </ClInclude>
    <ClInclude Include="Source\RunTime\Includes\InputManager.h">
      <Filter>Source\RunTime\IO</Filter>
    </ClInclude>
    <ClInclude Include="Source\RunTime\Includes\Input.h">
      <Filter>Source\RunTime\IO</Filter>
    </ClInclude>
    <ClInclude Include="Source\RunTime\Includes\RenderComponent2D.h">
      <Filter>Source\RunTime\Graphics\Component\Abstract</Filter>
    </ClInclude>
    <ClInclude Include="Source\RunTime\Includes\Deserializer.h">
      <Filter>Source\RunTime\FileSystem</Filter>
    </ClInclude>
    <ClInclude Include="Source\RunTime\Includes\Serializer.h">
      <Filter>Source\RunTime\FileSystem</Filter>
    </ClInclude>
    <ClInclude Include="Source\RunTime\Includes\AbstractFile.h">
      <Filter>Source\RunTime\FileSystem</Filter>
    </ClInclude>
    <ClInclude Include="Source\RunTime\Includes\MemoryBuffer.h">
      <Filter>Source\RunTime\FileSystem</Filter>
    </ClInclude>
    <ClInclude Include="Source\RunTime\Includes\AutoZIP.h">
      <Filter>Source\RunTime\Adapter</Filter>
    </ClInclude>
    <ClInclude Include="Source\RunTime\Includes\Material.h">
      <Filter>Source\RunTime\Resource\Temp</Filter>
    </ClInclude>
    <ClInclude Include="Source\RunTime\Includes\SkyBox.h">
      <Filter>Source\RunTime\Resource\Temp</Filter>
    </ClInclude>
    <ClInclude Include="Source\RunTime\Includes\Resource.h">
      <Filter>Source\RunTime\Resource</Filter>
    </ClInclude>
    <ClInclude Include="Source\RunTime\Includes\ResourceSystem.h">
      <Filter>Source\RunTime\Resource</Filter>
    </ClInclude>
    <ClInclude Include="Source\RunTime\Includes\AutoThread.h">
      <Filter>Source\RunTime\Adapter</Filter>
    </ClInclude>
    <ClInclude Include="Source\RunTime\Includes\Image.h">
      <Filter>Source\RunTime\Resource</Filter>
    </ClInclude>
    <ClInclude Include="Source\RunTime\Includes\AutoString.h">
      <Filter>Source\RunTime\Adapter</Filter>
    </ClInclude>
    <ClInclude Include="Source\RunTime\Includes\ClassID.h">
      <Filter>Source\RunTime\Code</Filter>
    </ClInclude>
    <ClInclude Include="Source\RunTime\Includes\Launch.h">
      <Filter>Source\RunTime\Code</Filter>
    </ClInclude>
    <ClInclude Include="Source\RunTime\Includes\ObjectDef.h">
      <Filter>Source\RunTime\Code</Filter>
    </ClInclude>
    <ClInclude Include="Source\RunTime\Includes\LogDef.h">
      <Filter>Source\RunTime\Utilities</Filter>
    </ClInclude>
    <ClInclude Include="Source\RunTime\Includes\NewDef.h">
      <Filter>Source\RunTime\Utilities</Filter>
    </ClInclude>
    <ClInclude Include="Source\RunTime\Includes\AutoDef.h">
      <Filter>Source\RunTime</Filter>
    </ClInclude>
    <ClInclude Include="Source\RunTime\Includes\AssertDef.h">
      <Filter>Source\RunTime\Utilities</Filter>
    </ClInclude>
    <ClInclude Include="Source\RunTime\Includes\MemoryDef.h">
      <Filter>Source\RunTime\Utilities</Filter>
    </ClInclude>
    <ClInclude Include="Source\RunTime\Includes\AutoSDL.h">
      <Filter>Source\RunTime\Adapter</Filter>
    </ClInclude>
    <ClInclude Include="Source\RunTime\Includes\SpriteRenderer.h">
      <Filter>Source\RunTime\Graphics\Component</Filter>
    </ClInclude>
    <ClInclude Include="Source\RunTime\Includes\Mesh.h">
      <Filter>Source\RunTime\Resource</Filter>
    </ClInclude>
    <ClInclude Include="Source\RunTime\Includes\MeshRenderer.h">
      <Filter>Source\RunTime\Graphics\Component</Filter>
    </ClInclude>
    <ClInclude Include="Source\RunTime\Includes\TextureParallax.h">
      <Filter>Source\RunTime\Graphics\Component\Texture</Filter>
    </ClInclude>
    <ClInclude Include="Source\RunTime\Includes\TextureNormal.h">
      <Filter>Source\RunTime\Graphics\Component\Texture</Filter>
    </ClInclude>
    <ClInclude Include="Source\RunTime\Includes\Light.h">
      <Filter>Source\RunTime\Graphics\Component</Filter>
    </ClInclude>
    <ClInclude Include="Source\RunTime\Includes\NodeLayout.h">
      <Filter>Source\RunTime\Scene</Filter>
    </ClInclude>
    <ClInclude Include="Source\RunTime\Includes\NodeTag.h">
      <Filter>Source\RunTime\Scene</Filter>
    </ClInclude>
    <ClInclude Include="Source\RunTime\Includes\Shader.h">
      <Filter>Source\RunTime\Resource</Filter>
    </ClInclude>
    <ClInclude Include="Source\RunTime\Includes\ShaderVariation.h">
      <Filter>Source\RunTime\Resource</Filter>
    </ClInclude>
    <ClInclude Include="Source\RunTime\Includes\GraphicsDef.h">
      <Filter>Source\RunTime\Graphics</Filter>
    </ClInclude>
    <ClInclude Include="Source\RunTime\Includes\GPUObject.h">
      <Filter>Source\RunTime\Graphics</Filter>
    </ClInclude>
    <ClInclude Include="Source\RunTime\Includes\AudioBuffer.h">
      <Filter>Source\RunTime\Resource</Filter>
    </ClInclude>
    <ClInclude Include="Source\RunTime\Includes\Constraint.h">
      <Filter>Source\RunTime\Physics\Component\3D</Filter>
    </ClInclude>
    <ClInclude Include="Source\RunTime\Includes\Constraint2D.h">
      <Filter>Source\RunTime\Physics\Component\2D</Filter>
    </ClInclude>
    <ClInclude Include="Source\RunTime\Includes\Text.h">
      <Filter>Source\RunTime\UI</Filter>
    </ClInclude>
    <ClInclude Include="Source\RunTime\Includes\UIComponent.h">
      <Filter>Source\RunTime\Code</Filter>
    </ClInclude>
    <ClInclude Include="Source\RunTime\Includes\Font.h">
      <Filter>Source\RunTime\Resource</Filter>
    </ClInclude>
    <ClInclude Include="Source\RunTime\Includes\LevelBehaviorObject.h">
      <Filter>Source\RunTime\Behavior</Filter>
    </ClInclude>
    <ClInclude Include="Source\RunTime\Includes\Transform.h">
      <Filter>Source\RunTime\Code</Filter>
    </ClInclude>
    <ClInclude Include="Source\RunTime\Includes\ILevelBehavior.h">
      <Filter>Source\RunTime\Interface</Filter>
    </ClInclude>
  </ItemGroup>
  <ItemGroup>
    <ClCompile Include="Source\RunTime\Includes\Math\Color.cpp">
      <Filter>Source\RunTime\Math</Filter>
    </ClCompile>
    <ClCompile Include="Source\RunTime\Includes\Math\Matrix3x3.cpp">
      <Filter>Source\RunTime\Math</Filter>
    </ClCompile>
    <ClCompile Include="Source\RunTime\Includes\Math\Matrix4x4.cpp">
      <Filter>Source\RunTime\Math</Filter>
    </ClCompile>
    <ClCompile Include="Source\RunTime\Includes\Math\Quaternion.cpp">
      <Filter>Source\RunTime\Math</Filter>
    </ClCompile>
    <ClCompile Include="Source\RunTime\Includes\Math\Vector2.cpp">
      <Filter>Source\RunTime\Math</Filter>
    </ClCompile>
    <ClCompile Include="Source\RunTime\Includes\Math\Vector3.cpp">
      <Filter>Source\RunTime\Math</Filter>
    </ClCompile>
    <ClCompile Include="Source\RunTime\Includes\Math\Vector4.cpp">
      <Filter>Source\RunTime\Math</Filter>
    </ClCompile>
    <ClCompile Include="Source\RunTime\src\Ambient.cpp">
      <Filter>Source\RunTime\Code</Filter>
    </ClCompile>
    <ClCompile Include="Source\RunTime\src\Application.cpp">
      <Filter>Source\RunTime</Filter>
    </ClCompile>
    <ClCompile Include="Source\RunTime\src\Audio.cpp">
      <Filter>Source\RunTime\Audio</Filter>
    </ClCompile>
    <ClCompile Include="Source\RunTime\src\AudioListener.cpp">
      <Filter>Source\RunTime\Audio\Component</Filter>
    </ClCompile>
    <ClCompile Include="Source\RunTime\src\AudioSource.cpp">
      <Filter>Source\RunTime\Audio\Component</Filter>
    </ClCompile>
    <ClCompile Include="Source\RunTime\src\BaseMesh.cpp">
      <Filter>Source\RunTime\Graphics\Component\Camera</Filter>
    </ClCompile>
    <ClCompile Include="Source\RunTime\src\BaseSpace.cpp">
      <Filter>Source\RunTime\BaseSpace</Filter>
    </ClCompile>
    <ClCompile Include="Source\RunTime\src\Behavior.cpp">
      <Filter>Source\RunTime\Behavior</Filter>
    </ClCompile>
    <ClCompile Include="Source\RunTime\src\BehaviorObject.cpp">
      <Filter>Source\RunTime\Behavior</Filter>
    </ClCompile>
    <ClCompile Include="Source\RunTime\src\Bloom.cpp">
      <Filter>Source\RunTime\Graphics\Component\Camera\TempIntegrated</Filter>
    </ClCompile>
    <ClCompile Include="Source\RunTime\src\Camera.cpp">
      <Filter>Source\RunTime\Graphics\Component\Camera</Filter>
    </ClCompile>
    <ClCompile Include="Source\RunTime\src\Collider.cpp">
      <Filter>Source\RunTime\Physics\Component\3D</Filter>
    </ClCompile>
    <ClCompile Include="Source\RunTime\src\Collider2D.cpp">
      <Filter>Source\RunTime\Physics\Component\2D</Filter>
    </ClCompile>
    <ClCompile Include="Source\RunTime\src\ColliderBox.cpp">
      <Filter>Source\RunTime\Physics\Component\3D</Filter>
    </ClCompile>
    <ClCompile Include="Source\RunTime\src\ColliderBox2D.cpp">
      <Filter>Source\RunTime\Physics\Component\2D</Filter>
    </ClCompile>
    <ClCompile Include="Source\RunTime\src\ColliderSphere.cpp">
      <Filter>Source\RunTime\Physics\Component\3D</Filter>
    </ClCompile>
    <ClCompile Include="Source\RunTime\src\Component.cpp">
      <Filter>Source\RunTime\Code</Filter>
    </ClCompile>
    <ClCompile Include="Source\RunTime\src\DeferredShading.cpp">
      <Filter>Source\RunTime\Graphics\Component\Camera\TempIntegrated</Filter>
    </ClCompile>
    <ClCompile Include="Source\RunTime\src\Engine.cpp">
      <Filter>Source\RunTime\Engine</Filter>
    </ClCompile>
    <ClCompile Include="Source\RunTime\src\GameManager.cpp">
      <Filter>Source\RunTime\Code</Filter>
    </ClCompile>
    <ClCompile Include="Source\RunTime\src\Geometry.cpp">
      <Filter>Source\RunTime\Graphics</Filter>
    </ClCompile>
    <ClCompile Include="Source\RunTime\src\GLMeshEnable.cpp">
      <Filter>Source\RunTime\Graphics</Filter>
    </ClCompile>
    <ClCompile Include="Source\RunTime\src\GLTextureEnable.cpp">
      <Filter>Source\RunTime\Graphics</Filter>
    </ClCompile>
    <ClCompile Include="Source\RunTime\src\Graphics.cpp">
      <Filter>Source\RunTime\Graphics</Filter>
    </ClCompile>
    <ClCompile Include="Source\RunTime\src\HDRSkybox.cpp">
      <Filter>Source\RunTime\Graphics\Component\Camera\TempIntegrated</Filter>
    </ClCompile>
    <ClCompile Include="Source\RunTime\src\InstanceBeltLine.cpp">
      <Filter>Source\RunTime\Preinstall</Filter>
    </ClCompile>
    <ClCompile Include="Source\RunTime\src\IO.cpp">
      <Filter>Source\RunTime\IO</Filter>
    </ClCompile>
    <ClCompile Include="Source\RunTime\src\LevelScene.cpp">
      <Filter>Source\RunTime\Scene</Filter>
    </ClCompile>
    <ClCompile Include="Source\RunTime\src\LightContainer.cpp">
      <Filter>Source\RunTime\Renderer</Filter>
    </ClCompile>
    <ClCompile Include="Source\RunTime\src\MeshLight.cpp">
      <Filter>Source\RunTime\Graphics\Component\Mesh</Filter>
    </ClCompile>
    <ClCompile Include="Source\RunTime\src\MeshPBR.cpp">
      <Filter>Source\RunTime\Graphics\Component\Mesh</Filter>
    </ClCompile>
    <ClCompile Include="Source\RunTime\src\MeshPBRTexture.cpp">
      <Filter>Source\RunTime\Graphics\Component\Mesh</Filter>
    </ClCompile>
    <ClCompile Include="Source\RunTime\src\MeshShadow.cpp">
      <Filter>Source\RunTime\Graphics\Component\Mesh</Filter>
    </ClCompile>
    <ClCompile Include="Source\RunTime\src\MeshShadowPoint.cpp">
      <Filter>Source\RunTime\Graphics\Component\Mesh</Filter>
    </ClCompile>
    <ClCompile Include="Source\RunTime\src\Monitors.cpp">
      <Filter>Source\RunTime\IO</Filter>
    </ClCompile>
    <ClCompile Include="Source\RunTime\src\MotionSpace.cpp">
      <Filter>Source\RunTime\Scene</Filter>
    </ClCompile>
    <ClCompile Include="Source\RunTime\src\Node.cpp">
      <Filter>Source\RunTime\Scene</Filter>
    </ClCompile>
    <ClCompile Include="Source\RunTime\src\Object.cpp">
      <Filter>Source\RunTime\Code</Filter>
    </ClCompile>
    <ClCompile Include="Source\RunTime\src\OffScreen.cpp">
      <Filter>Source\RunTime\Graphics\Component\Camera</Filter>
    </ClCompile>
    <ClCompile Include="Source\RunTime\src\OGLDebug.cpp">
      <Filter>Source\RunTime\Graphics\OpenGL</Filter>
    </ClCompile>
    <ClCompile Include="Source\RunTime\src\OGLGraphics.cpp">
      <Filter>Source\RunTime\Graphics\OpenGL</Filter>
    </ClCompile>
    <ClCompile Include="Source\RunTime\src\Physics.cpp">
      <Filter>Source\RunTime\Physics</Filter>
    </ClCompile>
    <ClCompile Include="Source\RunTime\src\PhysicsWorld.cpp">
      <Filter>Source\RunTime\Physics\Component\3D</Filter>
    </ClCompile>
    <ClCompile Include="Source\RunTime\src\PhysicsWorld2D.cpp">
      <Filter>Source\RunTime\Physics\Component\2D</Filter>
    </ClCompile>
    <ClCompile Include="Source\RunTime\src\Prefab.cpp">
      <Filter>Source\RunTime\Preinstall</Filter>
    </ClCompile>
    <ClCompile Include="Source\RunTime\src\PreLoadManager.cpp">
      <Filter>Source\RunTime\Preinstall</Filter>
    </ClCompile>
    <ClCompile Include="Source\RunTime\src\Renderer.cpp">
      <Filter>Source\RunTime\Renderer</Filter>
    </ClCompile>
    <ClCompile Include="Source\RunTime\src\RigidBody.cpp">
      <Filter>Source\RunTime\Physics\Component\3D</Filter>
    </ClCompile>
    <ClCompile Include="Source\RunTime\src\RigidBody2D.cpp">
      <Filter>Source\RunTime\Physics\Component\2D</Filter>
    </ClCompile>
    <ClCompile Include="Source\RunTime\src\Scene.cpp">
      <Filter>Source\RunTime\Scene</Filter>
    </ClCompile>
    <ClCompile Include="Source\RunTime\src\Script.cpp">
      <Filter>Source\RunTime\Script</Filter>
    </ClCompile>
    <ClCompile Include="Source\RunTime\src\ScriptComponent.cpp">
      <Filter>Source\RunTime\Script</Filter>
    </ClCompile>
    <ClCompile Include="Source\RunTime\src\ShadowRenderer.cpp">
      <Filter>Source\RunTime\Renderer</Filter>
    </ClCompile>
    <ClCompile Include="Source\RunTime\src\SkyBoxManager.cpp">
      <Filter>Source\RunTime\Graphics\Component\Camera</Filter>
    </ClCompile>
    <ClCompile Include="Source\RunTime\src\SkyBoxReflectMesh.cpp">
      <Filter>Source\RunTime\Graphics\Component\Camera\TempIntegrated</Filter>
    </ClCompile>
    <ClCompile Include="Source\RunTime\src\SSAO.cpp">
      <Filter>Source\RunTime\Graphics\Component\Camera\TempIntegrated</Filter>
    </ClCompile>
    <ClCompile Include="Source\RunTime\src\Texture.cpp">
      <Filter>Source\RunTime\Graphics\Component\Abstract</Filter>
    </ClCompile>
    <ClCompile Include="Source\RunTime\src\Texture2D.cpp">
      <Filter>Source\RunTime\Graphics\Component\Abstract</Filter>
    </ClCompile>
    <ClCompile Include="Source\RunTime\src\Texture3D.cpp">
      <Filter>Source\RunTime\Graphics\Component\Abstract</Filter>
    </ClCompile>
    <ClCompile Include="Source\RunTime\src\TextureMap.cpp">
      <Filter>Source\RunTime\Graphics\Component\Abstract</Filter>
    </ClCompile>
    <ClCompile Include="Source\RunTime\src\Time.cpp">
      <Filter>Source\RunTime\Time</Filter>
    </ClCompile>
    <ClCompile Include="Source\RunTime\src\UI.cpp">
      <Filter>Source\RunTime\UI</Filter>
    </ClCompile>
    <ClCompile Include="Source\RunTime\src\FileSystem.cpp">
      <Filter>Source\RunTime\FileSystem</Filter>
    </ClCompile>
    <ClCompile Include="Source\RunTime\src\File.cpp">
      <Filter>Source\RunTime\FileSystem</Filter>
    </ClCompile>
    <ClCompile Include="Source\RunTime\src\Input.cpp">
      <Filter>Source\RunTime\IO</Filter>
    </ClCompile>
    <ClCompile Include="Source\RunTime\src\RenderComponent.cpp">
      <Filter>Source\RunTime\Graphics\Component\Abstract</Filter>
    </ClCompile>
    <ClCompile Include="Source\RunTime\src\RenderComponent2D.cpp">
      <Filter>Source\RunTime\Graphics\Component\Abstract</Filter>
    </ClCompile>
    <ClCompile Include="Source\RunTime\src\Deserializer.cpp">
      <Filter>Source\RunTime\FileSystem</Filter>
    </ClCompile>
    <ClCompile Include="Source\RunTime\src\Serializer.cpp">
      <Filter>Source\RunTime\FileSystem</Filter>
    </ClCompile>
    <ClCompile Include="Source\RunTime\src\MemoryBuffer.cpp">
      <Filter>Source\RunTime\FileSystem</Filter>
    </ClCompile>
    <ClCompile Include="Source\RunTime\src\Material.cpp">
      <Filter>Source\RunTime\Resource\Temp</Filter>
    </ClCompile>
    <ClCompile Include="Source\RunTime\src\SkyBox.cpp">
      <Filter>Source\RunTime\Resource\Temp</Filter>
    </ClCompile>
    <ClCompile Include="Source\RunTime\src\Resource.cpp">
      <Filter>Source\RunTime\Resource</Filter>
    </ClCompile>
    <ClCompile Include="Source\RunTime\src\ResourceSystem.cpp">
      <Filter>Source\RunTime\Resource</Filter>
    </ClCompile>
    <ClCompile Include="Source\RunTime\src\Image.cpp">
      <Filter>Source\RunTime\Resource</Filter>
    </ClCompile>
    <ClCompile Include="Source\RunTime\src\SpriteRenderer.cpp">
      <Filter>Source\RunTime\Graphics\Component</Filter>
    </ClCompile>
    <ClCompile Include="Source\RunTime\src\Mesh.cpp">
      <Filter>Source\RunTime\Resource</Filter>
    </ClCompile>
    <ClCompile Include="Source\RunTime\src\MeshRenderer.cpp">
      <Filter>Source\RunTime\Graphics\Component</Filter>
    </ClCompile>
    <ClCompile Include="Source\RunTime\src\TextureNormal.cpp">
      <Filter>Source\RunTime\Graphics\Component\Texture</Filter>
    </ClCompile>
    <ClCompile Include="Source\RunTime\src\TextureParallax.cpp">
      <Filter>Source\RunTime\Graphics\Component\Texture</Filter>
    </ClCompile>
    <ClCompile Include="Source\RunTime\src\Light.cpp">
      <Filter>Source\RunTime\Graphics\Component</Filter>
    </ClCompile>
    <ClCompile Include="Source\RunTime\src\ShaderVariation.cpp">
      <Filter>Source\RunTime\Resource</Filter>
    </ClCompile>
    <ClCompile Include="Source\RunTime\src\GPUObject.cpp">
      <Filter>Source\RunTime\Graphics</Filter>
    </ClCompile>
    <ClCompile Include="Source\RunTime\src\Shader.cpp">
      <Filter>Source\RunTime\Resource</Filter>
    </ClCompile>
    <ClCompile Include="Source\RunTime\src\AudioBuffer.cpp">
      <Filter>Source\RunTime\Resource</Filter>
    </ClCompile>
    <ClCompile Include="Source\RunTime\src\Constraint.cpp">
      <Filter>Source\RunTime\Physics\Component\3D</Filter>
    </ClCompile>
    <ClCompile Include="Source\RunTime\src\Constraint2D.cpp">
      <Filter>Source\RunTime\Physics\Component\2D</Filter>
    </ClCompile>
    <ClCompile Include="Source\RunTime\src\Text.cpp">
      <Filter>Source\RunTime\UI</Filter>
    </ClCompile>
    <ClCompile Include="Source\RunTime\src\UIComponent.cpp">
      <Filter>Source\RunTime\Code</Filter>
    </ClCompile>
    <ClCompile Include="Source\RunTime\src\Font.cpp">
      <Filter>Source\RunTime\Resource</Filter>
    </ClCompile>
    <ClCompile Include="Source\RunTime\src\LevelBehaviorObject.cpp">
      <Filter>Source\RunTime\Behavior</Filter>
    </ClCompile>
    <ClCompile Include="Source\RunTime\src\Transform.cpp">
      <Filter>Source\RunTime\Code</Filter>
    </ClCompile>
  </ItemGroup>
</Project>